// !$*UTF8*$!
{
	archiveVersion = 1;
	classes = {
	};
	objectVersion = 46;
	objects = {

/* Begin PBXBuildFile section */
		1AFAF8B716D35DE700DB1158 /* AppDelegate.cpp in Sources */ = {isa = PBXBuildFile; fileRef = 1AFAF8B316D35DE700DB1158 /* AppDelegate.cpp */; };
		1D60589F0D05DD5A006BFB54 /* Foundation.framework in Frameworks */ = {isa = PBXBuildFile; fileRef = 1D30AB110D05D00D00671497 /* Foundation.framework */; };
		1DF5F4E00D08C38300B7A737 /* UIKit.framework in Frameworks */ = {isa = PBXBuildFile; fileRef = 1DF5F4DF0D08C38300B7A737 /* UIKit.framework */; };
		288765A50DF7441C002DB57D /* CoreGraphics.framework in Frameworks */ = {isa = PBXBuildFile; fileRef = 288765A40DF7441C002DB57D /* CoreGraphics.framework */; };
		372B72A5CB65CB2FC1C01447 /* iphonehd in Resources */ = {isa = PBXBuildFile; fileRef = 372B7F936017D0F27C732029 /* iphonehd */; };
		372B72F3BE64A71A3F37F32C /* Security.framework in Frameworks */ = {isa = PBXBuildFile; fileRef = 372B7BF88D5B50891C41267F /* Security.framework */; };
		372B7355F98824BE43984F27 /* StoreKit.framework in Frameworks */ = {isa = PBXBuildFile; fileRef = 372B7073809A9D3EB4FA6D16 /* StoreKit.framework */; };
		372B73ECCA757ACAA5CA3755 /* GoodDog.otf in Resources */ = {isa = PBXBuildFile; fileRef = 372B76D38BFE006CA09D4A1B /* GoodDog.otf */; };
		372B76E33707970547964623 /* libsqlite3.0.dylib in Frameworks */ = {isa = PBXBuildFile; fileRef = 372B73F9AAB1F0B7BA0436CE /* libsqlite3.0.dylib */; };
		372B7B75C0B8DA7F391DEE91 /* iphone in Resources */ = {isa = PBXBuildFile; fileRef = 372B7C07A2DA9E741FB2A81F /* iphone */; };
		372B7DE56CCB57C5DF070559 /* images in Resources */ = {isa = PBXBuildFile; fileRef = 372B7C601B1E1C752DBE553A /* images */; };
		372B7EEB59BA16ECD94EC801 /* ccb in Resources */ = {isa = PBXBuildFile; fileRef = 372B7231101B16E25EE00C94 /* ccb */; };
		503AE0F817EB97AB00D1A890 /* Icon.icns in Resources */ = {isa = PBXBuildFile; fileRef = 503AE0F617EB97AB00D1A890 /* Icon.icns */; };
		503AE10017EB989F00D1A890 /* AppController.mm in Sources */ = {isa = PBXBuildFile; fileRef = 503AE0FB17EB989F00D1A890 /* AppController.mm */; };
		503AE10117EB989F00D1A890 /* main.m in Sources */ = {isa = PBXBuildFile; fileRef = 503AE0FC17EB989F00D1A890 /* main.m */; };
		503AE10217EB989F00D1A890 /* RootViewController.mm in Sources */ = {isa = PBXBuildFile; fileRef = 503AE0FF17EB989F00D1A890 /* RootViewController.mm */; };
		503AE10517EB98FF00D1A890 /* main.cpp in Sources */ = {isa = PBXBuildFile; fileRef = 503AE10317EB98FF00D1A890 /* main.cpp */; };
		503AE11217EB99EE00D1A890 /* libcurl.dylib in Frameworks */ = {isa = PBXBuildFile; fileRef = 503AE11117EB99EE00D1A890 /* libcurl.dylib */; };
		503AE11B17EB9C5A00D1A890 /* IOKit.framework in Frameworks */ = {isa = PBXBuildFile; fileRef = 503AE11A17EB9C5A00D1A890 /* IOKit.framework */; };
		5087E75717EB910900C73F5D /* AppDelegate.cpp in Sources */ = {isa = PBXBuildFile; fileRef = 1AFAF8B316D35DE700DB1158 /* AppDelegate.cpp */; };
		5087E76317EB910900C73F5D /* Foundation.framework in Frameworks */ = {isa = PBXBuildFile; fileRef = 1D30AB110D05D00D00671497 /* Foundation.framework */; };
		5087E76517EB910900C73F5D /* CoreGraphics.framework in Frameworks */ = {isa = PBXBuildFile; fileRef = 288765A40DF7441C002DB57D /* CoreGraphics.framework */; };
		5087E76717EB910900C73F5D /* libz.dylib in Frameworks */ = {isa = PBXBuildFile; fileRef = BF170DB412928DE900B8313A /* libz.dylib */; };
		5087E76817EB910900C73F5D /* QuartzCore.framework in Frameworks */ = {isa = PBXBuildFile; fileRef = BF1C47EA1293683800B63C5D /* QuartzCore.framework */; };
		5087E76917EB910900C73F5D /* OpenAL.framework in Frameworks */ = {isa = PBXBuildFile; fileRef = D44C620B132DFF330009C878 /* OpenAL.framework */; };
		5087E76A17EB910900C73F5D /* AVFoundation.framework in Frameworks */ = {isa = PBXBuildFile; fileRef = D44C620D132DFF430009C878 /* AVFoundation.framework */; };
		5087E76B17EB910900C73F5D /* AudioToolbox.framework in Frameworks */ = {isa = PBXBuildFile; fileRef = D44C620F132DFF4E0009C878 /* AudioToolbox.framework */; };
		5087E77D17EB970100C73F5D /* Default-568h@2x.png in Resources */ = {isa = PBXBuildFile; fileRef = 5087E77217EB970100C73F5D /* Default-568h@2x.png */; };
		5087E77E17EB970100C73F5D /* Default.png in Resources */ = {isa = PBXBuildFile; fileRef = 5087E77317EB970100C73F5D /* Default.png */; };
		5087E77F17EB970100C73F5D /* Default@2x.png in Resources */ = {isa = PBXBuildFile; fileRef = 5087E77417EB970100C73F5D /* Default@2x.png */; };
		5087E78017EB970100C73F5D /* Icon-114.png in Resources */ = {isa = PBXBuildFile; fileRef = 5087E77517EB970100C73F5D /* Icon-114.png */; };
		5087E78117EB970100C73F5D /* Icon-120.png in Resources */ = {isa = PBXBuildFile; fileRef = 5087E77617EB970100C73F5D /* Icon-120.png */; };
		5087E78217EB970100C73F5D /* Icon-144.png in Resources */ = {isa = PBXBuildFile; fileRef = 5087E77717EB970100C73F5D /* Icon-144.png */; };
		5087E78317EB970100C73F5D /* Icon-152.png in Resources */ = {isa = PBXBuildFile; fileRef = 5087E77817EB970100C73F5D /* Icon-152.png */; };
		5087E78417EB970100C73F5D /* Icon-57.png in Resources */ = {isa = PBXBuildFile; fileRef = 5087E77917EB970100C73F5D /* Icon-57.png */; };
		5087E78517EB970100C73F5D /* Icon-72.png in Resources */ = {isa = PBXBuildFile; fileRef = 5087E77A17EB970100C73F5D /* Icon-72.png */; };
		5087E78617EB970100C73F5D /* Icon-76.png in Resources */ = {isa = PBXBuildFile; fileRef = 5087E77B17EB970100C73F5D /* Icon-76.png */; };
		5087E78917EB974C00C73F5D /* AppKit.framework in Frameworks */ = {isa = PBXBuildFile; fileRef = 5087E78817EB974C00C73F5D /* AppKit.framework */; };
		5087E78B17EB975400C73F5D /* OpenGL.framework in Frameworks */ = {isa = PBXBuildFile; fileRef = 5087E78A17EB975400C73F5D /* OpenGL.framework */; };
		50EF629617ECD46A001EB2F8 /* Icon-40.png in Resources */ = {isa = PBXBuildFile; fileRef = 50EF629217ECD46A001EB2F8 /* Icon-40.png */; };
		50EF629717ECD46A001EB2F8 /* Icon-58.png in Resources */ = {isa = PBXBuildFile; fileRef = 50EF629317ECD46A001EB2F8 /* Icon-58.png */; };
		50EF629817ECD46A001EB2F8 /* Icon-80.png in Resources */ = {isa = PBXBuildFile; fileRef = 50EF629417ECD46A001EB2F8 /* Icon-80.png */; };
		50EF629917ECD46A001EB2F8 /* Icon-100.png in Resources */ = {isa = PBXBuildFile; fileRef = 50EF629517ECD46A001EB2F8 /* Icon-100.png */; };
		50EF62A217ECD613001EB2F8 /* Icon-29.png in Resources */ = {isa = PBXBuildFile; fileRef = 50EF62A017ECD613001EB2F8 /* Icon-29.png */; };
		50EF62A317ECD613001EB2F8 /* Icon-50.png in Resources */ = {isa = PBXBuildFile; fileRef = 50EF62A117ECD613001EB2F8 /* Icon-50.png */; };
		9DDC349D197CB71B009792E1 /* MediaPlayer.framework in Frameworks */ = {isa = PBXBuildFile; fileRef = 9DDC349C197CB71B009792E1 /* MediaPlayer.framework */; };
		BF171245129291EC00B8313A /* OpenGLES.framework in Frameworks */ = {isa = PBXBuildFile; fileRef = BF170DB012928DE900B8313A /* OpenGLES.framework */; };
		BF1712471292920000B8313A /* libz.dylib in Frameworks */ = {isa = PBXBuildFile; fileRef = BF170DB412928DE900B8313A /* libz.dylib */; };
		BF1C47F01293687400B63C5D /* QuartzCore.framework in Frameworks */ = {isa = PBXBuildFile; fileRef = BF1C47EA1293683800B63C5D /* QuartzCore.framework */; };
		D44C620C132DFF330009C878 /* OpenAL.framework in Frameworks */ = {isa = PBXBuildFile; fileRef = D44C620B132DFF330009C878 /* OpenAL.framework */; };
		D44C620E132DFF430009C878 /* AVFoundation.framework in Frameworks */ = {isa = PBXBuildFile; fileRef = D44C620D132DFF430009C878 /* AVFoundation.framework */; };
		D44C6210132DFF4E0009C878 /* AudioToolbox.framework in Frameworks */ = {isa = PBXBuildFile; fileRef = D44C620F132DFF4E0009C878 /* AudioToolbox.framework */; };
		D6B0611B1803AB670077942B /* CoreMotion.framework in Frameworks */ = {isa = PBXBuildFile; fileRef = D6B0611A1803AB670077942B /* CoreMotion.framework */; };
		F80A538C19BCA61100786DCE /* BaseTestingEventHandler.cpp in Sources */ = {isa = PBXBuildFile; fileRef = F80A538A19BCA61100786DCE /* BaseTestingEventHandler.cpp */; };
		F821042819A7759A008DB661 /* ProfileEventHandler.cpp in Sources */ = {isa = PBXBuildFile; fileRef = F821042619A7759A008DB661 /* ProfileEventHandler.cpp */; };
		F821042B19A775DF008DB661 /* ProfileScreen.cpp in Sources */ = {isa = PBXBuildFile; fileRef = F821042919A775DF008DB661 /* ProfileScreen.cpp */; };
		F82107C619A78793008DB661 /* FacebookSDK.framework in Frameworks */ = {isa = PBXBuildFile; fileRef = F82107C519A78793008DB661 /* FacebookSDK.framework */; };
		F843AAAF19AA0E3C0023AFF6 /* profile in Resources */ = {isa = PBXBuildFile; fileRef = F843AAAE19AA0E3C0023AFF6 /* profile */; };
		F8964F5519BCF9E90083FC33 /* libCocos2dxLevelUpFromSources.a in Frameworks */ = {isa = PBXBuildFile; fileRef = F8964F5419BCF9DD0083FC33 /* libCocos2dxLevelUpFromSources.a */; };
		F8964F5619BCF9EC0083FC33 /* libCocos2dxProfileFromSources.a in Frameworks */ = {isa = PBXBuildFile; fileRef = F8964F4E19BCF9D30083FC33 /* libCocos2dxProfileFromSources.a */; };
		F8964F5719BCF9F00083FC33 /* libCocos2dxStoreFromSources.a in Frameworks */ = {isa = PBXBuildFile; fileRef = F8964F4819BCF9C70083FC33 /* libCocos2dxStoreFromSources.a */; };
		F8A0EC6419AC8E65006CB3C2 /* MuffinRushAssets.cpp in Sources */ = {isa = PBXBuildFile; fileRef = F8A0EC6219AC8E65006CB3C2 /* MuffinRushAssets.cpp */; };
		F8A0EC9119ACCD46006CB3C2 /* CoreEventHandler.cpp in Sources */ = {isa = PBXBuildFile; fileRef = F8A0EC9019ACCD46006CB3C2 /* CoreEventHandler.cpp */; };
		F8ADF4C919B7448300C4FE4B /* dump.c in Sources */ = {isa = PBXBuildFile; fileRef = F8ADF4B719B7448300C4FE4B /* dump.c */; };
		F8ADF4CA19B7448300C4FE4B /* error.c in Sources */ = {isa = PBXBuildFile; fileRef = F8ADF4B819B7448300C4FE4B /* error.c */; };
		F8ADF4CB19B7448300C4FE4B /* hashtable.c in Sources */ = {isa = PBXBuildFile; fileRef = F8ADF4B919B7448300C4FE4B /* hashtable.c */; };
		F8ADF4CC19B7448300C4FE4B /* load.c in Sources */ = {isa = PBXBuildFile; fileRef = F8ADF4BE19B7448300C4FE4B /* load.c */; };
		F8ADF4CD19B7448300C4FE4B /* memory.c in Sources */ = {isa = PBXBuildFile; fileRef = F8ADF4BF19B7448300C4FE4B /* memory.c */; };
		F8ADF4CE19B7448300C4FE4B /* pack_unpack.c in Sources */ = {isa = PBXBuildFile; fileRef = F8ADF4C019B7448300C4FE4B /* pack_unpack.c */; };
		F8ADF4D019B7448300C4FE4B /* strbuffer.c in Sources */ = {isa = PBXBuildFile; fileRef = F8ADF4C219B7448300C4FE4B /* strbuffer.c */; };
		F8ADF4D119B7448300C4FE4B /* strconv.c in Sources */ = {isa = PBXBuildFile; fileRef = F8ADF4C419B7448300C4FE4B /* strconv.c */; };
		F8ADF4D219B7448300C4FE4B /* utf.c in Sources */ = {isa = PBXBuildFile; fileRef = F8ADF4C519B7448300C4FE4B /* utf.c */; };
		F8ADF4D319B7448300C4FE4B /* value.c in Sources */ = {isa = PBXBuildFile; fileRef = F8ADF4C719B7448300C4FE4B /* value.c */; };
		F8ADF50D19B744A100C4FE4B /* AssertException.cpp in Sources */ = {isa = PBXBuildFile; fileRef = F8ADF4D519B744A100C4FE4B /* AssertException.cpp */; };
		F8ADF50E19B744A100C4FE4B /* Checks.cpp in Sources */ = {isa = PBXBuildFile; fileRef = F8ADF4D819B744A100C4FE4B /* Checks.cpp */; };
		F8ADF50F19B744A100C4FE4B /* CompositeTestReporter.cpp in Sources */ = {isa = PBXBuildFile; fileRef = F8ADF4DA19B744A100C4FE4B /* CompositeTestReporter.cpp */; };
		F8ADF51019B744A100C4FE4B /* CurrentTest.cpp in Sources */ = {isa = PBXBuildFile; fileRef = F8ADF4DD19B744A100C4FE4B /* CurrentTest.cpp */; };
		F8ADF51119B744A100C4FE4B /* DeferredTestReporter.cpp in Sources */ = {isa = PBXBuildFile; fileRef = F8ADF4DF19B744A100C4FE4B /* DeferredTestReporter.cpp */; };
		F8ADF51219B744A100C4FE4B /* DeferredTestResult.cpp in Sources */ = {isa = PBXBuildFile; fileRef = F8ADF4E119B744A100C4FE4B /* DeferredTestResult.cpp */; };
		F8ADF51419B744A100C4FE4B /* MemoryOutStream.cpp in Sources */ = {isa = PBXBuildFile; fileRef = F8ADF4E719B744A100C4FE4B /* MemoryOutStream.cpp */; };
		F8ADF51519B744A100C4FE4B /* SignalTranslator.cpp in Sources */ = {isa = PBXBuildFile; fileRef = F8ADF4EA19B744A100C4FE4B /* SignalTranslator.cpp */; };
		F8ADF51619B744A100C4FE4B /* TimeHelpers.cpp in Sources */ = {isa = PBXBuildFile; fileRef = F8ADF4EC19B744A100C4FE4B /* TimeHelpers.cpp */; };
		F8ADF51719B744A100C4FE4B /* ReportAssert.cpp in Sources */ = {isa = PBXBuildFile; fileRef = F8ADF4EE19B744A100C4FE4B /* ReportAssert.cpp */; };
		F8ADF51819B744A100C4FE4B /* Test.cpp in Sources */ = {isa = PBXBuildFile; fileRef = F8ADF4F119B744A100C4FE4B /* Test.cpp */; };
		F8ADF51919B744A100C4FE4B /* TestDetails.cpp in Sources */ = {isa = PBXBuildFile; fileRef = F8ADF4F319B744A100C4FE4B /* TestDetails.cpp */; };
		F8ADF51A19B744A100C4FE4B /* TestList.cpp in Sources */ = {isa = PBXBuildFile; fileRef = F8ADF4F519B744A100C4FE4B /* TestList.cpp */; };
		F8ADF51B19B744A100C4FE4B /* TestReporter.cpp in Sources */ = {isa = PBXBuildFile; fileRef = F8ADF4F819B744A100C4FE4B /* TestReporter.cpp */; };
		F8ADF51C19B744A100C4FE4B /* TestReporterStdout.cpp in Sources */ = {isa = PBXBuildFile; fileRef = F8ADF4FA19B744A100C4FE4B /* TestReporterStdout.cpp */; };
		F8ADF51D19B744A100C4FE4B /* TestResults.cpp in Sources */ = {isa = PBXBuildFile; fileRef = F8ADF4FC19B744A100C4FE4B /* TestResults.cpp */; };
		F8ADF51E19B744A100C4FE4B /* TestRunner.cpp in Sources */ = {isa = PBXBuildFile; fileRef = F8ADF4FE19B744A100C4FE4B /* TestRunner.cpp */; };
		F8ADF51F19B744A100C4FE4B /* TimeConstraint.cpp in Sources */ = {isa = PBXBuildFile; fileRef = F8ADF50119B744A100C4FE4B /* TimeConstraint.cpp */; };
		F8ADF52319B744A100C4FE4B /* XmlTestReporter.cpp in Sources */ = {isa = PBXBuildFile; fileRef = F8ADF50B19B744A100C4FE4B /* XmlTestReporter.cpp */; };
		F8ADF52419B744C900C4FE4B /* libbox2d iOS.a in Frameworks */ = {isa = PBXBuildFile; fileRef = F8ADF4B219B7446000C4FE4B /* libbox2d iOS.a */; };
		F8ADF52519B744CC00C4FE4B /* libchipmunk iOS.a in Frameworks */ = {isa = PBXBuildFile; fileRef = F8ADF4B019B7446000C4FE4B /* libchipmunk iOS.a */; };
		F8ADF52619B744CF00C4FE4B /* libcocos2dx iOS.a in Frameworks */ = {isa = PBXBuildFile; fileRef = F8ADF4AC19B7446000C4FE4B /* libcocos2dx iOS.a */; };
		F8ADF52719B744D500C4FE4B /* libCocosDenshion iOS.a in Frameworks */ = {isa = PBXBuildFile; fileRef = F8ADF4B419B7446000C4FE4B /* libCocosDenshion iOS.a */; };
		F8ADF53019B745B400C4FE4B /* libcocos2dx-extensions iOS.a in Frameworks */ = {isa = PBXBuildFile; fileRef = F8ADF4AE19B7446000C4FE4B /* libcocos2dx-extensions iOS.a */; };
		F8ADF54F19B752D100C4FE4B /* CocosTestReporter.cpp in Sources */ = {isa = PBXBuildFile; fileRef = F8ADF54E19B752D100C4FE4B /* CocosTestReporter.cpp */; };
		F8ADF56719B774A600C4FE4B /* TestScreen.cpp in Sources */ = {isa = PBXBuildFile; fileRef = F8ADF56519B774A600C4FE4B /* TestScreen.cpp */; };
		F8BBFE3219BCA80F002D6A31 /* TestingCoreEventHandler.cpp in Sources */ = {isa = PBXBuildFile; fileRef = F8BBFE3019BCA80F002D6A31 /* TestingCoreEventHandler.cpp */; };
		F8DA3BC919B70BBB00438250 /* GameController.framework in Frameworks */ = {isa = PBXBuildFile; fileRef = F8DA3BC819B70BBB00438250 /* GameController.framework */; };
		F8DBECD219BDF26D0093252C /* TestLevelUp.cpp in Sources */ = {isa = PBXBuildFile; fileRef = F8DBECD019BDF26D0093252C /* TestLevelUp.cpp */; };
		F8DBECDC19BDF3170093252C /* InitialWorldNoInitializeFixture.cpp in Sources */ = {isa = PBXBuildFile; fileRef = F8DBECDA19BDF3170093252C /* InitialWorldNoInitializeFixture.cpp */; };
		F8F8BAB319BCF51C006880FD /* libCocos2dxCoreFromSources.a in Frameworks */ = {isa = PBXBuildFile; fileRef = F8F8BA9A19BCF449006880FD /* libCocos2dxCoreFromSources.a */; };
		F8F8E39A19B869B2000F048A /* TestWorld.cpp in Sources */ = {isa = PBXBuildFile; fileRef = F8F8E39819B869B2000F048A /* TestWorld.cpp */; };
		F8F8E39D19B86B84000F048A /* InitialWorldFixture.cpp in Sources */ = {isa = PBXBuildFile; fileRef = F8F8E39B19B86B84000F048A /* InitialWorldFixture.cpp */; };
		F8F8E3B019B8A259000F048A /* TestingLevelUpEventHandler.cpp in Sources */ = {isa = PBXBuildFile; fileRef = F8F8E3AE19B8A259000F048A /* TestingLevelUpEventHandler.cpp */; };
/* End PBXBuildFile section */

/* Begin PBXContainerItemProxy section */
		F8964F4719BCF9C70083FC33 /* PBXContainerItemProxy */ = {
			isa = PBXContainerItemProxy;
			containerPortal = F8964F4319BCF9C70083FC33 /* Cocos2dxStoreFromSources.xcodeproj */;
			proxyType = 2;
			remoteGlobalIDString = C0B3C5EF168C6D0C00161FAA;
			remoteInfo = Cocos2dxStoreFromSources;
		};
		F8964F4D19BCF9D30083FC33 /* PBXContainerItemProxy */ = {
			isa = PBXContainerItemProxy;
			containerPortal = F8964F4919BCF9D30083FC33 /* Cocos2dxProfileFromSources.xcodeproj */;
			proxyType = 2;
			remoteGlobalIDString = C0B3C5EF168C6D0C00161FAA;
			remoteInfo = Cocos2dxProfileFromSources;
		};
		F8964F5319BCF9DD0083FC33 /* PBXContainerItemProxy */ = {
			isa = PBXContainerItemProxy;
			containerPortal = F8964F4F19BCF9DD0083FC33 /* Cocos2dxLevelUpFromSources.xcodeproj */;
			proxyType = 2;
			remoteGlobalIDString = C0B3C5EF168C6D0C00161FAA;
			remoteInfo = Cocos2dxLevelUpFromSources;
		};
		F8964F5819BCF9FA0083FC33 /* PBXContainerItemProxy */ = {
			isa = PBXContainerItemProxy;
			containerPortal = F8964F4F19BCF9DD0083FC33 /* Cocos2dxLevelUpFromSources.xcodeproj */;
			proxyType = 1;
			remoteGlobalIDString = C0B3C5EE168C6D0C00161FAA;
			remoteInfo = Cocos2dxLevelUpFromSources;
		};
		F8964F5A19BCF9FD0083FC33 /* PBXContainerItemProxy */ = {
			isa = PBXContainerItemProxy;
			containerPortal = F8964F4919BCF9D30083FC33 /* Cocos2dxProfileFromSources.xcodeproj */;
			proxyType = 1;
			remoteGlobalIDString = C0B3C5EE168C6D0C00161FAA;
			remoteInfo = Cocos2dxProfileFromSources;
		};
		F8964F5C19BCF9FF0083FC33 /* PBXContainerItemProxy */ = {
			isa = PBXContainerItemProxy;
			containerPortal = F8964F4319BCF9C70083FC33 /* Cocos2dxStoreFromSources.xcodeproj */;
			proxyType = 1;
			remoteGlobalIDString = C0B3C5EE168C6D0C00161FAA;
			remoteInfo = Cocos2dxStoreFromSources;
		};
		F8ADF4A119B7446000C4FE4B /* PBXContainerItemProxy */ = {
			isa = PBXContainerItemProxy;
			containerPortal = F8ADF49219B7446000C4FE4B /* cocos2d_libs.xcodeproj */;
			proxyType = 2;
			remoteGlobalIDString = 1551A33F158F2AB200E66CFE;
			remoteInfo = "cocos2dx Mac";
		};
		F8ADF4A319B7446000C4FE4B /* PBXContainerItemProxy */ = {
			isa = PBXContainerItemProxy;
			containerPortal = F8ADF49219B7446000C4FE4B /* cocos2d_libs.xcodeproj */;
			proxyType = 2;
			remoteGlobalIDString = A03F2FD617814595006731B9;
			remoteInfo = "cocos2dx-extensions Mac";
		};
		F8ADF4A519B7446000C4FE4B /* PBXContainerItemProxy */ = {
			isa = PBXContainerItemProxy;
			containerPortal = F8ADF49219B7446000C4FE4B /* cocos2d_libs.xcodeproj */;
			proxyType = 2;
			remoteGlobalIDString = A03F2CB81780BD04006731B9;
			remoteInfo = "chipmunk Mac";
		};
		F8ADF4A719B7446000C4FE4B /* PBXContainerItemProxy */ = {
			isa = PBXContainerItemProxy;
			containerPortal = F8ADF49219B7446000C4FE4B /* cocos2d_libs.xcodeproj */;
			proxyType = 2;
			remoteGlobalIDString = A03F2D9B1780BDF7006731B9;
			remoteInfo = "box2d Mac";
		};
		F8ADF4A919B7446000C4FE4B /* PBXContainerItemProxy */ = {
			isa = PBXContainerItemProxy;
			containerPortal = F8ADF49219B7446000C4FE4B /* cocos2d_libs.xcodeproj */;
			proxyType = 2;
			remoteGlobalIDString = A03F2ED617814268006731B9;
			remoteInfo = "CocosDenshion Mac";
		};
		F8ADF4AB19B7446000C4FE4B /* PBXContainerItemProxy */ = {
			isa = PBXContainerItemProxy;
			containerPortal = F8ADF49219B7446000C4FE4B /* cocos2d_libs.xcodeproj */;
			proxyType = 2;
			remoteGlobalIDString = A07A4D641783777C0073F6A7;
			remoteInfo = "cocos2dx iOS";
		};
		F8ADF4AD19B7446000C4FE4B /* PBXContainerItemProxy */ = {
			isa = PBXContainerItemProxy;
			containerPortal = F8ADF49219B7446000C4FE4B /* cocos2d_libs.xcodeproj */;
			proxyType = 2;
			remoteGlobalIDString = A07A4EFC1783867C0073F6A7;
			remoteInfo = "cocos2dx-extensions iOS";
		};
		F8ADF4AF19B7446000C4FE4B /* PBXContainerItemProxy */ = {
			isa = PBXContainerItemProxy;
			containerPortal = F8ADF49219B7446000C4FE4B /* cocos2d_libs.xcodeproj */;
			proxyType = 2;
			remoteGlobalIDString = A07A4F3B178387670073F6A7;
			remoteInfo = "chipmunk iOS";
		};
		F8ADF4B119B7446000C4FE4B /* PBXContainerItemProxy */ = {
			isa = PBXContainerItemProxy;
			containerPortal = F8ADF49219B7446000C4FE4B /* cocos2d_libs.xcodeproj */;
			proxyType = 2;
			remoteGlobalIDString = A07A4F9E1783876B0073F6A7;
			remoteInfo = "box2d iOS";
		};
		F8ADF4B319B7446000C4FE4B /* PBXContainerItemProxy */ = {
			isa = PBXContainerItemProxy;
			containerPortal = F8ADF49219B7446000C4FE4B /* cocos2d_libs.xcodeproj */;
			proxyType = 2;
			remoteGlobalIDString = A07A4FB4178387730073F6A7;
			remoteInfo = "CocosDenshion iOS";
		};
		F8F8BA9919BCF449006880FD /* PBXContainerItemProxy */ = {
			isa = PBXContainerItemProxy;
			containerPortal = F8F8BA9519BCF449006880FD /* Cocos2dxCoreFromSources.xcodeproj */;
			proxyType = 2;
			remoteGlobalIDString = C0B3C5EF168C6D0C00161FAA;
			remoteInfo = Cocos2dxCoreFromSources;
		};
		F8F8BA9B19BCF46B006880FD /* PBXContainerItemProxy */ = {
			isa = PBXContainerItemProxy;
			containerPortal = F8F8BA9519BCF449006880FD /* Cocos2dxCoreFromSources.xcodeproj */;
			proxyType = 1;
			remoteGlobalIDString = C0B3C5EE168C6D0C00161FAA;
			remoteInfo = Cocos2dxCoreFromSources;
		};
		F8F8BAA319BCF4AB006880FD /* PBXContainerItemProxy */ = {
			isa = PBXContainerItemProxy;
			containerPortal = F8ADF49219B7446000C4FE4B /* cocos2d_libs.xcodeproj */;
			proxyType = 1;
			remoteGlobalIDString = A07A4C241783777C0073F6A7;
			remoteInfo = "cocos2dx iOS";
		};
		F8F8BAAB19BCF50A006880FD /* PBXContainerItemProxy */ = {
			isa = PBXContainerItemProxy;
			containerPortal = F8ADF49219B7446000C4FE4B /* cocos2d_libs.xcodeproj */;
			proxyType = 1;
			remoteGlobalIDString = A07A4E111783867C0073F6A7;
			remoteInfo = "cocos2dx-extensions iOS";
		};
		F8F8BAAD19BCF50F006880FD /* PBXContainerItemProxy */ = {
			isa = PBXContainerItemProxy;
			containerPortal = F8ADF49219B7446000C4FE4B /* cocos2d_libs.xcodeproj */;
			proxyType = 1;
			remoteGlobalIDString = A07A4EFD178387670073F6A7;
			remoteInfo = "chipmunk iOS";
		};
		F8F8BAAF19BCF512006880FD /* PBXContainerItemProxy */ = {
			isa = PBXContainerItemProxy;
			containerPortal = F8ADF49219B7446000C4FE4B /* cocos2d_libs.xcodeproj */;
			proxyType = 1;
			remoteGlobalIDString = A07A4F3C1783876B0073F6A7;
			remoteInfo = "box2d iOS";
		};
		F8F8BAB119BCF514006880FD /* PBXContainerItemProxy */ = {
			isa = PBXContainerItemProxy;
			containerPortal = F8ADF49219B7446000C4FE4B /* cocos2d_libs.xcodeproj */;
			proxyType = 1;
			remoteGlobalIDString = A07A4F9F178387730073F6A7;
			remoteInfo = "CocosDenshion iOS";
		};
/* End PBXContainerItemProxy section */

/* Begin PBXFileReference section */
		1ACB3243164770DE00914215 /* libcurl.a */ = {isa = PBXFileReference; lastKnownFileType = archive.ar; name = libcurl.a; path = ../../cocos2dx/platform/third_party/ios/libraries/libcurl.a; sourceTree = "<group>"; };
		1AFAF8B316D35DE700DB1158 /* AppDelegate.cpp */ = {isa = PBXFileReference; fileEncoding = 4; lastKnownFileType = sourcecode.cpp.cpp; name = AppDelegate.cpp; path = ../Classes/AppDelegate.cpp; sourceTree = "<group>"; };
		1AFAF8B416D35DE700DB1158 /* AppDelegate.h */ = {isa = PBXFileReference; fileEncoding = 4; lastKnownFileType = sourcecode.c.h; name = AppDelegate.h; path = ../Classes/AppDelegate.h; sourceTree = "<group>"; };
		1D30AB110D05D00D00671497 /* Foundation.framework */ = {isa = PBXFileReference; lastKnownFileType = wrapper.framework; name = Foundation.framework; path = System/Library/Frameworks/Foundation.framework; sourceTree = SDKROOT; };
		1D6058910D05DD3D006BFB54 /* Cocos2dxLevelUpTesting iOS.app */ = {isa = PBXFileReference; explicitFileType = wrapper.application; includeInIndex = 0; path = "Cocos2dxLevelUpTesting iOS.app"; sourceTree = BUILT_PRODUCTS_DIR; };
		1DF5F4DF0D08C38300B7A737 /* UIKit.framework */ = {isa = PBXFileReference; lastKnownFileType = wrapper.framework; name = UIKit.framework; path = System/Library/Frameworks/UIKit.framework; sourceTree = SDKROOT; };
		288765A40DF7441C002DB57D /* CoreGraphics.framework */ = {isa = PBXFileReference; lastKnownFileType = wrapper.framework; name = CoreGraphics.framework; path = System/Library/Frameworks/CoreGraphics.framework; sourceTree = SDKROOT; };
		372B7073809A9D3EB4FA6D16 /* StoreKit.framework */ = {isa = PBXFileReference; lastKnownFileType = wrapper.framework; name = StoreKit.framework; path = System/Library/Frameworks/StoreKit.framework; sourceTree = SDKROOT; };
		372B7231101B16E25EE00C94 /* ccb */ = {isa = PBXFileReference; fileEncoding = 4; lastKnownFileType = folder; path = ccb; sourceTree = "<group>"; };
		372B73F9AAB1F0B7BA0436CE /* libsqlite3.0.dylib */ = {isa = PBXFileReference; lastKnownFileType = "compiled.mach-o.dylib"; name = libsqlite3.0.dylib; path = usr/lib/libsqlite3.0.dylib; sourceTree = SDKROOT; };
		372B76D38BFE006CA09D4A1B /* GoodDog.otf */ = {isa = PBXFileReference; lastKnownFileType = file.otf; path = GoodDog.otf; sourceTree = "<group>"; };
		372B7BF88D5B50891C41267F /* Security.framework */ = {isa = PBXFileReference; lastKnownFileType = wrapper.framework; name = Security.framework; path = System/Library/Frameworks/Security.framework; sourceTree = SDKROOT; };
		372B7C07A2DA9E741FB2A81F /* iphone */ = {isa = PBXFileReference; fileEncoding = 4; lastKnownFileType = folder; path = iphone; sourceTree = "<group>"; };
		372B7C601B1E1C752DBE553A /* images */ = {isa = PBXFileReference; fileEncoding = 4; lastKnownFileType = folder; path = images; sourceTree = "<group>"; };
		372B7F936017D0F27C732029 /* iphonehd */ = {isa = PBXFileReference; fileEncoding = 4; lastKnownFileType = folder; path = iphonehd; sourceTree = "<group>"; };
		503AE0F617EB97AB00D1A890 /* Icon.icns */ = {isa = PBXFileReference; lastKnownFileType = image.icns; path = Icon.icns; sourceTree = "<group>"; };
		503AE0F717EB97AB00D1A890 /* Info.plist */ = {isa = PBXFileReference; fileEncoding = 4; lastKnownFileType = text.plist.xml; path = Info.plist; sourceTree = "<group>"; };
		503AE0FA17EB989F00D1A890 /* AppController.h */ = {isa = PBXFileReference; fileEncoding = 4; lastKnownFileType = sourcecode.c.h; name = AppController.h; path = ios/AppController.h; sourceTree = SOURCE_ROOT; };
		503AE0FB17EB989F00D1A890 /* AppController.mm */ = {isa = PBXFileReference; fileEncoding = 4; lastKnownFileType = sourcecode.cpp.objcpp; name = AppController.mm; path = ios/AppController.mm; sourceTree = SOURCE_ROOT; };
		503AE0FC17EB989F00D1A890 /* main.m */ = {isa = PBXFileReference; fileEncoding = 4; lastKnownFileType = sourcecode.c.objc; name = main.m; path = ios/main.m; sourceTree = SOURCE_ROOT; };
		503AE0FD17EB989F00D1A890 /* Prefix.pch */ = {isa = PBXFileReference; fileEncoding = 4; lastKnownFileType = sourcecode.c.h; name = Prefix.pch; path = ios/Prefix.pch; sourceTree = SOURCE_ROOT; };
		503AE0FE17EB989F00D1A890 /* RootViewController.h */ = {isa = PBXFileReference; fileEncoding = 4; lastKnownFileType = sourcecode.c.h; name = RootViewController.h; path = ios/RootViewController.h; sourceTree = SOURCE_ROOT; };
		503AE0FF17EB989F00D1A890 /* RootViewController.mm */ = {isa = PBXFileReference; fileEncoding = 4; lastKnownFileType = sourcecode.cpp.objcpp; name = RootViewController.mm; path = ios/RootViewController.mm; sourceTree = SOURCE_ROOT; };
		503AE10317EB98FF00D1A890 /* main.cpp */ = {isa = PBXFileReference; fileEncoding = 4; lastKnownFileType = sourcecode.cpp.cpp; name = main.cpp; path = mac/main.cpp; sourceTree = "<group>"; };
		503AE10417EB98FF00D1A890 /* Prefix.pch */ = {isa = PBXFileReference; fileEncoding = 4; lastKnownFileType = sourcecode.c.h; name = Prefix.pch; path = mac/Prefix.pch; sourceTree = "<group>"; };
		503AE11117EB99EE00D1A890 /* libcurl.dylib */ = {isa = PBXFileReference; lastKnownFileType = "compiled.mach-o.dylib"; name = libcurl.dylib; path = usr/lib/libcurl.dylib; sourceTree = SDKROOT; };
		503AE11A17EB9C5A00D1A890 /* IOKit.framework */ = {isa = PBXFileReference; lastKnownFileType = wrapper.framework; name = IOKit.framework; path = System/Library/Frameworks/IOKit.framework; sourceTree = SDKROOT; };
		5087E76F17EB910900C73F5D /* Cocos2dxLevelUpTesting Mac.app */ = {isa = PBXFileReference; explicitFileType = wrapper.application; includeInIndex = 0; path = "Cocos2dxLevelUpTesting Mac.app"; sourceTree = BUILT_PRODUCTS_DIR; };
		5087E77217EB970100C73F5D /* Default-568h@2x.png */ = {isa = PBXFileReference; lastKnownFileType = image.png; path = "Default-568h@2x.png"; sourceTree = "<group>"; };
		5087E77317EB970100C73F5D /* Default.png */ = {isa = PBXFileReference; lastKnownFileType = image.png; path = Default.png; sourceTree = "<group>"; };
		5087E77417EB970100C73F5D /* Default@2x.png */ = {isa = PBXFileReference; lastKnownFileType = image.png; path = "Default@2x.png"; sourceTree = "<group>"; };
		5087E77517EB970100C73F5D /* Icon-114.png */ = {isa = PBXFileReference; lastKnownFileType = image.png; path = "Icon-114.png"; sourceTree = "<group>"; };
		5087E77617EB970100C73F5D /* Icon-120.png */ = {isa = PBXFileReference; lastKnownFileType = image.png; path = "Icon-120.png"; sourceTree = "<group>"; };
		5087E77717EB970100C73F5D /* Icon-144.png */ = {isa = PBXFileReference; lastKnownFileType = image.png; path = "Icon-144.png"; sourceTree = "<group>"; };
		5087E77817EB970100C73F5D /* Icon-152.png */ = {isa = PBXFileReference; lastKnownFileType = image.png; path = "Icon-152.png"; sourceTree = "<group>"; };
		5087E77917EB970100C73F5D /* Icon-57.png */ = {isa = PBXFileReference; lastKnownFileType = image.png; path = "Icon-57.png"; sourceTree = "<group>"; };
		5087E77A17EB970100C73F5D /* Icon-72.png */ = {isa = PBXFileReference; lastKnownFileType = image.png; path = "Icon-72.png"; sourceTree = "<group>"; };
		5087E77B17EB970100C73F5D /* Icon-76.png */ = {isa = PBXFileReference; lastKnownFileType = image.png; path = "Icon-76.png"; sourceTree = "<group>"; };
		5087E77C17EB970100C73F5D /* Info.plist */ = {isa = PBXFileReference; fileEncoding = 4; lastKnownFileType = text.plist.xml; path = Info.plist; sourceTree = "<group>"; };
		5087E78817EB974C00C73F5D /* AppKit.framework */ = {isa = PBXFileReference; lastKnownFileType = wrapper.framework; name = AppKit.framework; path = System/Library/Frameworks/AppKit.framework; sourceTree = SDKROOT; };
		5087E78A17EB975400C73F5D /* OpenGL.framework */ = {isa = PBXFileReference; lastKnownFileType = wrapper.framework; name = OpenGL.framework; path = System/Library/Frameworks/OpenGL.framework; sourceTree = SDKROOT; };
		50EF629217ECD46A001EB2F8 /* Icon-40.png */ = {isa = PBXFileReference; lastKnownFileType = image.png; path = "Icon-40.png"; sourceTree = "<group>"; };
		50EF629317ECD46A001EB2F8 /* Icon-58.png */ = {isa = PBXFileReference; lastKnownFileType = image.png; path = "Icon-58.png"; sourceTree = "<group>"; };
		50EF629417ECD46A001EB2F8 /* Icon-80.png */ = {isa = PBXFileReference; lastKnownFileType = image.png; path = "Icon-80.png"; sourceTree = "<group>"; };
		50EF629517ECD46A001EB2F8 /* Icon-100.png */ = {isa = PBXFileReference; lastKnownFileType = image.png; path = "Icon-100.png"; sourceTree = "<group>"; };
		50EF62A017ECD613001EB2F8 /* Icon-29.png */ = {isa = PBXFileReference; lastKnownFileType = image.png; path = "Icon-29.png"; sourceTree = "<group>"; };
		50EF62A117ECD613001EB2F8 /* Icon-50.png */ = {isa = PBXFileReference; lastKnownFileType = image.png; path = "Icon-50.png"; sourceTree = "<group>"; };
		9DDC349C197CB71B009792E1 /* MediaPlayer.framework */ = {isa = PBXFileReference; lastKnownFileType = wrapper.framework; name = MediaPlayer.framework; path = Platforms/iPhoneOS.platform/Developer/SDKs/iPhoneOS7.1.sdk/System/Library/Frameworks/MediaPlayer.framework; sourceTree = DEVELOPER_DIR; };
		BF170DB012928DE900B8313A /* OpenGLES.framework */ = {isa = PBXFileReference; lastKnownFileType = wrapper.framework; name = OpenGLES.framework; path = System/Library/Frameworks/OpenGLES.framework; sourceTree = SDKROOT; };
		BF170DB412928DE900B8313A /* libz.dylib */ = {isa = PBXFileReference; lastKnownFileType = "compiled.mach-o.dylib"; name = libz.dylib; path = usr/lib/libz.dylib; sourceTree = SDKROOT; };
		BF1C47EA1293683800B63C5D /* QuartzCore.framework */ = {isa = PBXFileReference; lastKnownFileType = wrapper.framework; name = QuartzCore.framework; path = System/Library/Frameworks/QuartzCore.framework; sourceTree = SDKROOT; };
		D44C620B132DFF330009C878 /* OpenAL.framework */ = {isa = PBXFileReference; lastKnownFileType = wrapper.framework; name = OpenAL.framework; path = System/Library/Frameworks/OpenAL.framework; sourceTree = SDKROOT; };
		D44C620D132DFF430009C878 /* AVFoundation.framework */ = {isa = PBXFileReference; lastKnownFileType = wrapper.framework; name = AVFoundation.framework; path = System/Library/Frameworks/AVFoundation.framework; sourceTree = SDKROOT; };
		D44C620F132DFF4E0009C878 /* AudioToolbox.framework */ = {isa = PBXFileReference; lastKnownFileType = wrapper.framework; name = AudioToolbox.framework; path = System/Library/Frameworks/AudioToolbox.framework; sourceTree = SDKROOT; };
		D6B0611A1803AB670077942B /* CoreMotion.framework */ = {isa = PBXFileReference; lastKnownFileType = wrapper.framework; name = CoreMotion.framework; path = Platforms/iPhoneOS.platform/Developer/SDKs/iPhoneOS7.0.sdk/System/Library/Frameworks/CoreMotion.framework; sourceTree = DEVELOPER_DIR; };
		F80A538A19BCA61100786DCE /* BaseTestingEventHandler.cpp */ = {isa = PBXFileReference; fileEncoding = 4; lastKnownFileType = sourcecode.cpp.cpp; path = BaseTestingEventHandler.cpp; sourceTree = "<group>"; };
		F80A538B19BCA61100786DCE /* BaseTestingEventHandler.h */ = {isa = PBXFileReference; fileEncoding = 4; lastKnownFileType = sourcecode.c.h; path = BaseTestingEventHandler.h; sourceTree = "<group>"; };
		F821042619A7759A008DB661 /* ProfileEventHandler.cpp */ = {isa = PBXFileReference; fileEncoding = 4; lastKnownFileType = sourcecode.cpp.cpp; path = ProfileEventHandler.cpp; sourceTree = "<group>"; };
		F821042719A7759A008DB661 /* ProfileEventHandler.h */ = {isa = PBXFileReference; fileEncoding = 4; lastKnownFileType = sourcecode.c.h; path = ProfileEventHandler.h; sourceTree = "<group>"; };
		F821042919A775DF008DB661 /* ProfileScreen.cpp */ = {isa = PBXFileReference; fileEncoding = 4; lastKnownFileType = sourcecode.cpp.cpp; path = ProfileScreen.cpp; sourceTree = "<group>"; };
		F821042A19A775DF008DB661 /* ProfileScreen.h */ = {isa = PBXFileReference; fileEncoding = 4; lastKnownFileType = sourcecode.c.h; path = ProfileScreen.h; sourceTree = "<group>"; };
		F82107C119A785C3008DB661 /* libSoomlaiOSProfileFacebook.a */ = {isa = PBXFileReference; lastKnownFileType = archive.ar; name = libSoomlaiOSProfileFacebook.a; path = "../../../extensions/cocos2dx-profile/submodules/ios-profile/social-providers/soomla-facebook/libSoomlaiOSProfileFacebook.a"; sourceTree = "<group>"; };
		F82107C519A78793008DB661 /* FacebookSDK.framework */ = {isa = PBXFileReference; lastKnownFileType = wrapper.framework; name = FacebookSDK.framework; path = libs/FacebookSDK.framework; sourceTree = "<group>"; };
		F843AAAE19AA0E3C0023AFF6 /* profile */ = {isa = PBXFileReference; lastKnownFileType = folder; path = profile; sourceTree = "<group>"; };
		F8964F4319BCF9C70083FC33 /* Cocos2dxStoreFromSources.xcodeproj */ = {isa = PBXFileReference; lastKnownFileType = "wrapper.pb-project"; name = Cocos2dxStoreFromSources.xcodeproj; path = "../../../../cocos2dx-store/development/Cocos2dxStoreFromSources.xcodeproj"; sourceTree = "<group>"; };
		F8964F4919BCF9D30083FC33 /* Cocos2dxProfileFromSources.xcodeproj */ = {isa = PBXFileReference; lastKnownFileType = "wrapper.pb-project"; name = Cocos2dxProfileFromSources.xcodeproj; path = "../../../../cocos2dx-profile/developement/Cocos2dxProfileFromSources.xcodeproj"; sourceTree = "<group>"; };
		F8964F4F19BCF9DD0083FC33 /* Cocos2dxLevelUpFromSources.xcodeproj */ = {isa = PBXFileReference; lastKnownFileType = "wrapper.pb-project"; name = Cocos2dxLevelUpFromSources.xcodeproj; path = ../../Cocos2dxLevelUpFromSources.xcodeproj; sourceTree = "<group>"; };
		F8A0EC6219AC8E65006CB3C2 /* MuffinRushAssets.cpp */ = {isa = PBXFileReference; fileEncoding = 4; lastKnownFileType = sourcecode.cpp.cpp; path = MuffinRushAssets.cpp; sourceTree = "<group>"; };
		F8A0EC6319AC8E65006CB3C2 /* MuffinRushAssets.h */ = {isa = PBXFileReference; fileEncoding = 4; lastKnownFileType = sourcecode.c.h; path = MuffinRushAssets.h; sourceTree = "<group>"; };
		F8A0EC8F19ACCD37006CB3C2 /* CoreEventHandler.h */ = {isa = PBXFileReference; fileEncoding = 4; lastKnownFileType = sourcecode.c.h; path = CoreEventHandler.h; sourceTree = "<group>"; };
		F8A0EC9019ACCD46006CB3C2 /* CoreEventHandler.cpp */ = {isa = PBXFileReference; fileEncoding = 4; lastKnownFileType = sourcecode.cpp.cpp; path = CoreEventHandler.cpp; sourceTree = "<group>"; };
		F8ADF49219B7446000C4FE4B /* cocos2d_libs.xcodeproj */ = {isa = PBXFileReference; lastKnownFileType = "wrapper.pb-project"; name = cocos2d_libs.xcodeproj; path = ../../../../../build/cocos2d_libs.xcodeproj; sourceTree = "<group>"; };
		F8ADF4B719B7448300C4FE4B /* dump.c */ = {isa = PBXFileReference; fileEncoding = 4; lastKnownFileType = sourcecode.c.c; path = dump.c; sourceTree = "<group>"; };
		F8ADF4B819B7448300C4FE4B /* error.c */ = {isa = PBXFileReference; fileEncoding = 4; lastKnownFileType = sourcecode.c.c; path = error.c; sourceTree = "<group>"; };
		F8ADF4B919B7448300C4FE4B /* hashtable.c */ = {isa = PBXFileReference; fileEncoding = 4; lastKnownFileType = sourcecode.c.c; path = hashtable.c; sourceTree = "<group>"; };
		F8ADF4BA19B7448300C4FE4B /* hashtable.h */ = {isa = PBXFileReference; fileEncoding = 4; lastKnownFileType = sourcecode.c.h; path = hashtable.h; sourceTree = "<group>"; };
		F8ADF4BB19B7448300C4FE4B /* jansson.h */ = {isa = PBXFileReference; fileEncoding = 4; lastKnownFileType = sourcecode.c.h; path = jansson.h; sourceTree = "<group>"; };
		F8ADF4BC19B7448300C4FE4B /* jansson_config.h */ = {isa = PBXFileReference; fileEncoding = 4; lastKnownFileType = sourcecode.c.h; path = jansson_config.h; sourceTree = "<group>"; };
		F8ADF4BD19B7448300C4FE4B /* jansson_private.h */ = {isa = PBXFileReference; fileEncoding = 4; lastKnownFileType = sourcecode.c.h; path = jansson_private.h; sourceTree = "<group>"; };
		F8ADF4BE19B7448300C4FE4B /* load.c */ = {isa = PBXFileReference; fileEncoding = 4; lastKnownFileType = sourcecode.c.c; path = load.c; sourceTree = "<group>"; };
		F8ADF4BF19B7448300C4FE4B /* memory.c */ = {isa = PBXFileReference; fileEncoding = 4; lastKnownFileType = sourcecode.c.c; path = memory.c; sourceTree = "<group>"; };
		F8ADF4C019B7448300C4FE4B /* pack_unpack.c */ = {isa = PBXFileReference; fileEncoding = 4; lastKnownFileType = sourcecode.c.c; path = pack_unpack.c; sourceTree = "<group>"; };
		F8ADF4C219B7448300C4FE4B /* strbuffer.c */ = {isa = PBXFileReference; fileEncoding = 4; lastKnownFileType = sourcecode.c.c; path = strbuffer.c; sourceTree = "<group>"; };
		F8ADF4C319B7448300C4FE4B /* strbuffer.h */ = {isa = PBXFileReference; fileEncoding = 4; lastKnownFileType = sourcecode.c.h; path = strbuffer.h; sourceTree = "<group>"; };
		F8ADF4C419B7448300C4FE4B /* strconv.c */ = {isa = PBXFileReference; fileEncoding = 4; lastKnownFileType = sourcecode.c.c; path = strconv.c; sourceTree = "<group>"; };
		F8ADF4C519B7448300C4FE4B /* utf.c */ = {isa = PBXFileReference; fileEncoding = 4; lastKnownFileType = sourcecode.c.c; path = utf.c; sourceTree = "<group>"; };
		F8ADF4C619B7448300C4FE4B /* utf.h */ = {isa = PBXFileReference; fileEncoding = 4; lastKnownFileType = sourcecode.c.h; path = utf.h; sourceTree = "<group>"; };
		F8ADF4C719B7448300C4FE4B /* value.c */ = {isa = PBXFileReference; fileEncoding = 4; lastKnownFileType = sourcecode.c.c; path = value.c; sourceTree = "<group>"; };
		F8ADF4D519B744A100C4FE4B /* AssertException.cpp */ = {isa = PBXFileReference; fileEncoding = 4; lastKnownFileType = sourcecode.cpp.cpp; path = AssertException.cpp; sourceTree = "<group>"; };
		F8ADF4D619B744A100C4FE4B /* AssertException.h */ = {isa = PBXFileReference; fileEncoding = 4; lastKnownFileType = sourcecode.c.h; path = AssertException.h; sourceTree = "<group>"; };
		F8ADF4D719B744A100C4FE4B /* CheckMacros.h */ = {isa = PBXFileReference; fileEncoding = 4; lastKnownFileType = sourcecode.c.h; path = CheckMacros.h; sourceTree = "<group>"; };
		F8ADF4D819B744A100C4FE4B /* Checks.cpp */ = {isa = PBXFileReference; fileEncoding = 4; lastKnownFileType = sourcecode.cpp.cpp; path = Checks.cpp; sourceTree = "<group>"; };
		F8ADF4D919B744A100C4FE4B /* Checks.h */ = {isa = PBXFileReference; fileEncoding = 4; lastKnownFileType = sourcecode.c.h; path = Checks.h; sourceTree = "<group>"; };
		F8ADF4DA19B744A100C4FE4B /* CompositeTestReporter.cpp */ = {isa = PBXFileReference; fileEncoding = 4; lastKnownFileType = sourcecode.cpp.cpp; path = CompositeTestReporter.cpp; sourceTree = "<group>"; };
		F8ADF4DB19B744A100C4FE4B /* CompositeTestReporter.h */ = {isa = PBXFileReference; fileEncoding = 4; lastKnownFileType = sourcecode.c.h; path = CompositeTestReporter.h; sourceTree = "<group>"; };
		F8ADF4DC19B744A100C4FE4B /* Config.h */ = {isa = PBXFileReference; fileEncoding = 4; lastKnownFileType = sourcecode.c.h; path = Config.h; sourceTree = "<group>"; };
		F8ADF4DD19B744A100C4FE4B /* CurrentTest.cpp */ = {isa = PBXFileReference; fileEncoding = 4; lastKnownFileType = sourcecode.cpp.cpp; path = CurrentTest.cpp; sourceTree = "<group>"; };
		F8ADF4DE19B744A100C4FE4B /* CurrentTest.h */ = {isa = PBXFileReference; fileEncoding = 4; lastKnownFileType = sourcecode.c.h; path = CurrentTest.h; sourceTree = "<group>"; };
		F8ADF4DF19B744A100C4FE4B /* DeferredTestReporter.cpp */ = {isa = PBXFileReference; fileEncoding = 4; lastKnownFileType = sourcecode.cpp.cpp; path = DeferredTestReporter.cpp; sourceTree = "<group>"; };
		F8ADF4E019B744A100C4FE4B /* DeferredTestReporter.h */ = {isa = PBXFileReference; fileEncoding = 4; lastKnownFileType = sourcecode.c.h; path = DeferredTestReporter.h; sourceTree = "<group>"; };
		F8ADF4E119B744A100C4FE4B /* DeferredTestResult.cpp */ = {isa = PBXFileReference; fileEncoding = 4; lastKnownFileType = sourcecode.cpp.cpp; path = DeferredTestResult.cpp; sourceTree = "<group>"; };
		F8ADF4E219B744A100C4FE4B /* DeferredTestResult.h */ = {isa = PBXFileReference; fileEncoding = 4; lastKnownFileType = sourcecode.c.h; path = DeferredTestResult.h; sourceTree = "<group>"; };
		F8ADF4E319B744A100C4FE4B /* ExceptionMacros.h */ = {isa = PBXFileReference; fileEncoding = 4; lastKnownFileType = sourcecode.c.h; path = ExceptionMacros.h; sourceTree = "<group>"; };
		F8ADF4E419B744A100C4FE4B /* ExecuteTest.h */ = {isa = PBXFileReference; fileEncoding = 4; lastKnownFileType = sourcecode.c.h; path = ExecuteTest.h; sourceTree = "<group>"; };
		F8ADF4E519B744A100C4FE4B /* HelperMacros.h */ = {isa = PBXFileReference; fileEncoding = 4; lastKnownFileType = sourcecode.c.h; path = HelperMacros.h; sourceTree = "<group>"; };
		F8ADF4E719B744A100C4FE4B /* MemoryOutStream.cpp */ = {isa = PBXFileReference; fileEncoding = 4; lastKnownFileType = sourcecode.cpp.cpp; path = MemoryOutStream.cpp; sourceTree = "<group>"; };
		F8ADF4E819B744A100C4FE4B /* MemoryOutStream.h */ = {isa = PBXFileReference; fileEncoding = 4; lastKnownFileType = sourcecode.c.h; path = MemoryOutStream.h; sourceTree = "<group>"; };
		F8ADF4EA19B744A100C4FE4B /* SignalTranslator.cpp */ = {isa = PBXFileReference; fileEncoding = 4; lastKnownFileType = sourcecode.cpp.cpp; path = SignalTranslator.cpp; sourceTree = "<group>"; };
		F8ADF4EB19B744A100C4FE4B /* SignalTranslator.h */ = {isa = PBXFileReference; fileEncoding = 4; lastKnownFileType = sourcecode.c.h; path = SignalTranslator.h; sourceTree = "<group>"; };
		F8ADF4EC19B744A100C4FE4B /* TimeHelpers.cpp */ = {isa = PBXFileReference; fileEncoding = 4; lastKnownFileType = sourcecode.cpp.cpp; path = TimeHelpers.cpp; sourceTree = "<group>"; };
		F8ADF4ED19B744A100C4FE4B /* TimeHelpers.h */ = {isa = PBXFileReference; fileEncoding = 4; lastKnownFileType = sourcecode.c.h; path = TimeHelpers.h; sourceTree = "<group>"; };
		F8ADF4EE19B744A100C4FE4B /* ReportAssert.cpp */ = {isa = PBXFileReference; fileEncoding = 4; lastKnownFileType = sourcecode.cpp.cpp; path = ReportAssert.cpp; sourceTree = "<group>"; };
		F8ADF4EF19B744A100C4FE4B /* ReportAssert.h */ = {isa = PBXFileReference; fileEncoding = 4; lastKnownFileType = sourcecode.c.h; path = ReportAssert.h; sourceTree = "<group>"; };
		F8ADF4F019B744A100C4FE4B /* ReportAssertImpl.h */ = {isa = PBXFileReference; fileEncoding = 4; lastKnownFileType = sourcecode.c.h; path = ReportAssertImpl.h; sourceTree = "<group>"; };
		F8ADF4F119B744A100C4FE4B /* Test.cpp */ = {isa = PBXFileReference; fileEncoding = 4; lastKnownFileType = sourcecode.cpp.cpp; path = Test.cpp; sourceTree = "<group>"; };
		F8ADF4F219B744A100C4FE4B /* Test.h */ = {isa = PBXFileReference; fileEncoding = 4; lastKnownFileType = sourcecode.c.h; path = Test.h; sourceTree = "<group>"; };
		F8ADF4F319B744A100C4FE4B /* TestDetails.cpp */ = {isa = PBXFileReference; fileEncoding = 4; lastKnownFileType = sourcecode.cpp.cpp; path = TestDetails.cpp; sourceTree = "<group>"; };
		F8ADF4F419B744A100C4FE4B /* TestDetails.h */ = {isa = PBXFileReference; fileEncoding = 4; lastKnownFileType = sourcecode.c.h; path = TestDetails.h; sourceTree = "<group>"; };
		F8ADF4F519B744A100C4FE4B /* TestList.cpp */ = {isa = PBXFileReference; fileEncoding = 4; lastKnownFileType = sourcecode.cpp.cpp; path = TestList.cpp; sourceTree = "<group>"; };
		F8ADF4F619B744A100C4FE4B /* TestList.h */ = {isa = PBXFileReference; fileEncoding = 4; lastKnownFileType = sourcecode.c.h; path = TestList.h; sourceTree = "<group>"; };
		F8ADF4F719B744A100C4FE4B /* TestMacros.h */ = {isa = PBXFileReference; fileEncoding = 4; lastKnownFileType = sourcecode.c.h; path = TestMacros.h; sourceTree = "<group>"; };
		F8ADF4F819B744A100C4FE4B /* TestReporter.cpp */ = {isa = PBXFileReference; fileEncoding = 4; lastKnownFileType = sourcecode.cpp.cpp; path = TestReporter.cpp; sourceTree = "<group>"; };
		F8ADF4F919B744A100C4FE4B /* TestReporter.h */ = {isa = PBXFileReference; fileEncoding = 4; lastKnownFileType = sourcecode.c.h; path = TestReporter.h; sourceTree = "<group>"; };
		F8ADF4FA19B744A100C4FE4B /* TestReporterStdout.cpp */ = {isa = PBXFileReference; fileEncoding = 4; lastKnownFileType = sourcecode.cpp.cpp; path = TestReporterStdout.cpp; sourceTree = "<group>"; };
		F8ADF4FB19B744A100C4FE4B /* TestReporterStdout.h */ = {isa = PBXFileReference; fileEncoding = 4; lastKnownFileType = sourcecode.c.h; path = TestReporterStdout.h; sourceTree = "<group>"; };
		F8ADF4FC19B744A100C4FE4B /* TestResults.cpp */ = {isa = PBXFileReference; fileEncoding = 4; lastKnownFileType = sourcecode.cpp.cpp; path = TestResults.cpp; sourceTree = "<group>"; };
		F8ADF4FD19B744A100C4FE4B /* TestResults.h */ = {isa = PBXFileReference; fileEncoding = 4; lastKnownFileType = sourcecode.c.h; path = TestResults.h; sourceTree = "<group>"; };
		F8ADF4FE19B744A100C4FE4B /* TestRunner.cpp */ = {isa = PBXFileReference; fileEncoding = 4; lastKnownFileType = sourcecode.cpp.cpp; path = TestRunner.cpp; sourceTree = "<group>"; };
		F8ADF4FF19B744A100C4FE4B /* TestRunner.h */ = {isa = PBXFileReference; fileEncoding = 4; lastKnownFileType = sourcecode.c.h; path = TestRunner.h; sourceTree = "<group>"; };
		F8ADF50019B744A100C4FE4B /* TestSuite.h */ = {isa = PBXFileReference; fileEncoding = 4; lastKnownFileType = sourcecode.c.h; path = TestSuite.h; sourceTree = "<group>"; };
		F8ADF50119B744A100C4FE4B /* TimeConstraint.cpp */ = {isa = PBXFileReference; fileEncoding = 4; lastKnownFileType = sourcecode.cpp.cpp; path = TimeConstraint.cpp; sourceTree = "<group>"; };
		F8ADF50219B744A100C4FE4B /* TimeConstraint.h */ = {isa = PBXFileReference; fileEncoding = 4; lastKnownFileType = sourcecode.c.h; path = TimeConstraint.h; sourceTree = "<group>"; };
		F8ADF50319B744A100C4FE4B /* TimeHelpers.h */ = {isa = PBXFileReference; fileEncoding = 4; lastKnownFileType = sourcecode.c.h; path = TimeHelpers.h; sourceTree = "<group>"; };
		F8ADF50419B744A100C4FE4B /* UnitTest++.h */ = {isa = PBXFileReference; fileEncoding = 4; lastKnownFileType = sourcecode.c.h; path = "UnitTest++.h"; sourceTree = "<group>"; };
		F8ADF50519B744A100C4FE4B /* UnitTestPP.h */ = {isa = PBXFileReference; fileEncoding = 4; lastKnownFileType = sourcecode.c.h; path = UnitTestPP.h; sourceTree = "<group>"; };
		F8ADF50B19B744A100C4FE4B /* XmlTestReporter.cpp */ = {isa = PBXFileReference; fileEncoding = 4; lastKnownFileType = sourcecode.cpp.cpp; path = XmlTestReporter.cpp; sourceTree = "<group>"; };
		F8ADF50C19B744A100C4FE4B /* XmlTestReporter.h */ = {isa = PBXFileReference; fileEncoding = 4; lastKnownFileType = sourcecode.c.h; path = XmlTestReporter.h; sourceTree = "<group>"; };
		F8ADF53119B74F3500C4FE4B /* CocosTestReporter.h */ = {isa = PBXFileReference; lastKnownFileType = sourcecode.c.h; path = CocosTestReporter.h; sourceTree = "<group>"; };
		F8ADF54E19B752D100C4FE4B /* CocosTestReporter.cpp */ = {isa = PBXFileReference; fileEncoding = 4; lastKnownFileType = sourcecode.cpp.cpp; path = CocosTestReporter.cpp; sourceTree = "<group>"; };
		F8ADF56519B774A600C4FE4B /* TestScreen.cpp */ = {isa = PBXFileReference; fileEncoding = 4; lastKnownFileType = sourcecode.cpp.cpp; path = TestScreen.cpp; sourceTree = "<group>"; };
		F8ADF56619B774A600C4FE4B /* TestScreen.h */ = {isa = PBXFileReference; fileEncoding = 4; lastKnownFileType = sourcecode.c.h; path = TestScreen.h; sourceTree = "<group>"; };
		F8BBFE3019BCA80F002D6A31 /* TestingCoreEventHandler.cpp */ = {isa = PBXFileReference; fileEncoding = 4; lastKnownFileType = sourcecode.cpp.cpp; path = TestingCoreEventHandler.cpp; sourceTree = "<group>"; };
		F8BBFE3119BCA80F002D6A31 /* TestingCoreEventHandler.h */ = {isa = PBXFileReference; fileEncoding = 4; lastKnownFileType = sourcecode.c.h; path = TestingCoreEventHandler.h; sourceTree = "<group>"; };
		F8DA3BC819B70BBB00438250 /* GameController.framework */ = {isa = PBXFileReference; lastKnownFileType = wrapper.framework; name = GameController.framework; path = Platforms/iPhoneOS.platform/Developer/SDKs/iPhoneOS7.1.sdk/System/Library/Frameworks/GameController.framework; sourceTree = DEVELOPER_DIR; };
		F8DBECD019BDF26D0093252C /* TestLevelUp.cpp */ = {isa = PBXFileReference; fileEncoding = 4; lastKnownFileType = sourcecode.cpp.cpp; path = TestLevelUp.cpp; sourceTree = "<group>"; };
		F8DBECDA19BDF3170093252C /* InitialWorldNoInitializeFixture.cpp */ = {isa = PBXFileReference; fileEncoding = 4; lastKnownFileType = sourcecode.cpp.cpp; path = InitialWorldNoInitializeFixture.cpp; sourceTree = "<group>"; };
		F8DBECDB19BDF3170093252C /* InitialWorldNoInitializeFixture.h */ = {isa = PBXFileReference; fileEncoding = 4; lastKnownFileType = sourcecode.c.h; path = InitialWorldNoInitializeFixture.h; sourceTree = "<group>"; };
		F8F8BA9519BCF449006880FD /* Cocos2dxCoreFromSources.xcodeproj */ = {isa = PBXFileReference; lastKnownFileType = "wrapper.pb-project"; name = Cocos2dxCoreFromSources.xcodeproj; path = "../../../../soomla-cocos2dx-core/development/Cocos2dxCoreFromSources.xcodeproj"; sourceTree = "<group>"; };
		F8F8E39819B869B2000F048A /* TestWorld.cpp */ = {isa = PBXFileReference; fileEncoding = 4; lastKnownFileType = sourcecode.cpp.cpp; path = TestWorld.cpp; sourceTree = "<group>"; };
		F8F8E39B19B86B84000F048A /* InitialWorldFixture.cpp */ = {isa = PBXFileReference; fileEncoding = 4; lastKnownFileType = sourcecode.cpp.cpp; path = InitialWorldFixture.cpp; sourceTree = "<group>"; };
		F8F8E39C19B86B84000F048A /* InitialWorldFixture.h */ = {isa = PBXFileReference; fileEncoding = 4; lastKnownFileType = sourcecode.c.h; path = InitialWorldFixture.h; sourceTree = "<group>"; };
		F8F8E3AE19B8A259000F048A /* TestingLevelUpEventHandler.cpp */ = {isa = PBXFileReference; fileEncoding = 4; lastKnownFileType = sourcecode.cpp.cpp; path = TestingLevelUpEventHandler.cpp; sourceTree = "<group>"; };
		F8F8E3AF19B8A259000F048A /* TestingLevelUpEventHandler.h */ = {isa = PBXFileReference; fileEncoding = 4; lastKnownFileType = sourcecode.c.h; path = TestingLevelUpEventHandler.h; sourceTree = "<group>"; };
/* End PBXFileReference section */

/* Begin PBXFrameworksBuildPhase section */
		1D60588F0D05DD3D006BFB54 /* Frameworks */ = {
			isa = PBXFrameworksBuildPhase;
			buildActionMask = 2147483647;
			files = (
				F8964F5719BCF9F00083FC33 /* libCocos2dxStoreFromSources.a in Frameworks */,
				F8964F5619BCF9EC0083FC33 /* libCocos2dxProfileFromSources.a in Frameworks */,
				F8964F5519BCF9E90083FC33 /* libCocos2dxLevelUpFromSources.a in Frameworks */,
				F8F8BAB319BCF51C006880FD /* libCocos2dxCoreFromSources.a in Frameworks */,
				F8ADF52719B744D500C4FE4B /* libCocosDenshion iOS.a in Frameworks */,
				F8ADF53019B745B400C4FE4B /* libcocos2dx-extensions iOS.a in Frameworks */,
				F8ADF52619B744CF00C4FE4B /* libcocos2dx iOS.a in Frameworks */,
				F8ADF52519B744CC00C4FE4B /* libchipmunk iOS.a in Frameworks */,
				F8ADF52419B744C900C4FE4B /* libbox2d iOS.a in Frameworks */,
				F8DA3BC919B70BBB00438250 /* GameController.framework in Frameworks */,
				9DDC349D197CB71B009792E1 /* MediaPlayer.framework in Frameworks */,
				D6B0611B1803AB670077942B /* CoreMotion.framework in Frameworks */,
				1D60589F0D05DD5A006BFB54 /* Foundation.framework in Frameworks */,
				1DF5F4E00D08C38300B7A737 /* UIKit.framework in Frameworks */,
				F82107C619A78793008DB661 /* FacebookSDK.framework in Frameworks */,
				288765A50DF7441C002DB57D /* CoreGraphics.framework in Frameworks */,
				BF171245129291EC00B8313A /* OpenGLES.framework in Frameworks */,
				BF1712471292920000B8313A /* libz.dylib in Frameworks */,
				BF1C47F01293687400B63C5D /* QuartzCore.framework in Frameworks */,
				D44C620C132DFF330009C878 /* OpenAL.framework in Frameworks */,
				D44C620E132DFF430009C878 /* AVFoundation.framework in Frameworks */,
				D44C6210132DFF4E0009C878 /* AudioToolbox.framework in Frameworks */,
				372B72F3BE64A71A3F37F32C /* Security.framework in Frameworks */,
				372B76E33707970547964623 /* libsqlite3.0.dylib in Frameworks */,
				372B7355F98824BE43984F27 /* StoreKit.framework in Frameworks */,
			);
			runOnlyForDeploymentPostprocessing = 0;
		};
		5087E75C17EB910900C73F5D /* Frameworks */ = {
			isa = PBXFrameworksBuildPhase;
			buildActionMask = 2147483647;
			files = (
				503AE11217EB99EE00D1A890 /* libcurl.dylib in Frameworks */,
				5087E76717EB910900C73F5D /* libz.dylib in Frameworks */,
				503AE11B17EB9C5A00D1A890 /* IOKit.framework in Frameworks */,
				5087E78B17EB975400C73F5D /* OpenGL.framework in Frameworks */,
				5087E78917EB974C00C73F5D /* AppKit.framework in Frameworks */,
				5087E76317EB910900C73F5D /* Foundation.framework in Frameworks */,
				5087E76517EB910900C73F5D /* CoreGraphics.framework in Frameworks */,
				5087E76817EB910900C73F5D /* QuartzCore.framework in Frameworks */,
				5087E76917EB910900C73F5D /* OpenAL.framework in Frameworks */,
				5087E76A17EB910900C73F5D /* AVFoundation.framework in Frameworks */,
				5087E76B17EB910900C73F5D /* AudioToolbox.framework in Frameworks */,
			);
			runOnlyForDeploymentPostprocessing = 0;
		};
/* End PBXFrameworksBuildPhase section */

/* Begin PBXGroup section */
		080E96DDFE201D6D7F000001 /* ios */ = {
			isa = PBXGroup;
			children = (
				5087E77117EB970100C73F5D /* Icons */,
				503AE0FA17EB989F00D1A890 /* AppController.h */,
				503AE0FB17EB989F00D1A890 /* AppController.mm */,
				503AE0FC17EB989F00D1A890 /* main.m */,
				503AE0FD17EB989F00D1A890 /* Prefix.pch */,
				503AE0FE17EB989F00D1A890 /* RootViewController.h */,
				503AE0FF17EB989F00D1A890 /* RootViewController.mm */,
			);
			name = ios;
			path = Classes;
			sourceTree = "<group>";
		};
		15AA9C4015B7EC450033D6C2 /* Classes */ = {
			isa = PBXGroup;
			children = (
				F8ADF56519B774A600C4FE4B /* TestScreen.cpp */,
				F8ADF56619B774A600C4FE4B /* TestScreen.h */,
				F8A0EC6219AC8E65006CB3C2 /* MuffinRushAssets.cpp */,
				F8A0EC6319AC8E65006CB3C2 /* MuffinRushAssets.h */,
				F821042919A775DF008DB661 /* ProfileScreen.cpp */,
				F821042A19A775DF008DB661 /* ProfileScreen.h */,
				F821042619A7759A008DB661 /* ProfileEventHandler.cpp */,
				F821042719A7759A008DB661 /* ProfileEventHandler.h */,
				1AFAF8B316D35DE700DB1158 /* AppDelegate.cpp */,
				1AFAF8B416D35DE700DB1158 /* AppDelegate.h */,
				F8A0EC8F19ACCD37006CB3C2 /* CoreEventHandler.h */,
				F8A0EC9019ACCD46006CB3C2 /* CoreEventHandler.cpp */,
				F8ADF53119B74F3500C4FE4B /* CocosTestReporter.h */,
				F8ADF54E19B752D100C4FE4B /* CocosTestReporter.cpp */,
				F8F8E39819B869B2000F048A /* TestWorld.cpp */,
				F8F8E39B19B86B84000F048A /* InitialWorldFixture.cpp */,
				F8F8E39C19B86B84000F048A /* InitialWorldFixture.h */,
				F8F8E3AE19B8A259000F048A /* TestingLevelUpEventHandler.cpp */,
				F8F8E3AF19B8A259000F048A /* TestingLevelUpEventHandler.h */,
				F80A538A19BCA61100786DCE /* BaseTestingEventHandler.cpp */,
				F80A538B19BCA61100786DCE /* BaseTestingEventHandler.h */,
				F8BBFE3019BCA80F002D6A31 /* TestingCoreEventHandler.cpp */,
				F8BBFE3119BCA80F002D6A31 /* TestingCoreEventHandler.h */,
				F8DBECD019BDF26D0093252C /* TestLevelUp.cpp */,
				F8DBECDA19BDF3170093252C /* InitialWorldNoInitializeFixture.cpp */,
				F8DBECDB19BDF3170093252C /* InitialWorldNoInitializeFixture.h */,
			);
			name = Classes;
			path = ../Classes;
			sourceTree = "<group>";
		};
		19C28FACFE9D520D11CA2CBB /* Products */ = {
			isa = PBXGroup;
			children = (
				1D6058910D05DD3D006BFB54 /* Cocos2dxLevelUpTesting iOS.app */,
				5087E76F17EB910900C73F5D /* Cocos2dxLevelUpTesting Mac.app */,
			);
			name = Products;
			sourceTree = "<group>";
		};
		29B97314FDCFA39411CA2CEA /* CustomTemplate */ = {
			isa = PBXGroup;
			children = (
				F8964F4F19BCF9DD0083FC33 /* Cocos2dxLevelUpFromSources.xcodeproj */,
				F8964F4919BCF9D30083FC33 /* Cocos2dxProfileFromSources.xcodeproj */,
				F8964F4319BCF9C70083FC33 /* Cocos2dxStoreFromSources.xcodeproj */,
				F8F8BA9519BCF449006880FD /* Cocos2dxCoreFromSources.xcodeproj */,
				F8ADF49219B7446000C4FE4B /* cocos2d_libs.xcodeproj */,
				15AA9C4015B7EC450033D6C2 /* Classes */,
				29B97323FDCFA39411CA2CEA /* Frameworks */,
				080E96DDFE201D6D7F000001 /* ios */,
				503AE10617EB990700D1A890 /* mac */,
				19C28FACFE9D520D11CA2CBB /* Products */,
				F8ADF4B519B7448200C4FE4B /* jansson */,
				F8ADF4D419B744A100C4FE4B /* UnitTest++ */,
				78C7DDAA14EBA5050085D0C2 /* Resources */,
			);
			name = CustomTemplate;
			sourceTree = "<group>";
		};
		29B97323FDCFA39411CA2CEA /* Frameworks */ = {
			isa = PBXGroup;
			children = (
				F8DA3BC819B70BBB00438250 /* GameController.framework */,
				F82107C519A78793008DB661 /* FacebookSDK.framework */,
				F82107C119A785C3008DB661 /* libSoomlaiOSProfileFacebook.a */,
				9DDC349C197CB71B009792E1 /* MediaPlayer.framework */,
				D6B0611A1803AB670077942B /* CoreMotion.framework */,
				503AE11A17EB9C5A00D1A890 /* IOKit.framework */,
				503AE11117EB99EE00D1A890 /* libcurl.dylib */,
				5087E78A17EB975400C73F5D /* OpenGL.framework */,
				5087E78817EB974C00C73F5D /* AppKit.framework */,
				1ACB3243164770DE00914215 /* libcurl.a */,
				BF170DB412928DE900B8313A /* libz.dylib */,
				D44C620F132DFF4E0009C878 /* AudioToolbox.framework */,
				D44C620D132DFF430009C878 /* AVFoundation.framework */,
				288765A40DF7441C002DB57D /* CoreGraphics.framework */,
				1D30AB110D05D00D00671497 /* Foundation.framework */,
				D44C620B132DFF330009C878 /* OpenAL.framework */,
				BF170DB012928DE900B8313A /* OpenGLES.framework */,
				BF1C47EA1293683800B63C5D /* QuartzCore.framework */,
				1DF5F4DF0D08C38300B7A737 /* UIKit.framework */,
				372B7BF88D5B50891C41267F /* Security.framework */,
				372B73F9AAB1F0B7BA0436CE /* libsqlite3.0.dylib */,
				372B7073809A9D3EB4FA6D16 /* StoreKit.framework */,
			);
			name = Frameworks;
			sourceTree = "<group>";
		};
		503AE0F517EB97AB00D1A890 /* Icons */ = {
			isa = PBXGroup;
			children = (
				503AE0F617EB97AB00D1A890 /* Icon.icns */,
				503AE0F717EB97AB00D1A890 /* Info.plist */,
			);
			name = Icons;
			path = mac;
			sourceTree = SOURCE_ROOT;
		};
		503AE10617EB990700D1A890 /* mac */ = {
			isa = PBXGroup;
			children = (
				503AE0F517EB97AB00D1A890 /* Icons */,
				503AE10317EB98FF00D1A890 /* main.cpp */,
				503AE10417EB98FF00D1A890 /* Prefix.pch */,
			);
			name = mac;
			sourceTree = "<group>";
		};
		5087E77117EB970100C73F5D /* Icons */ = {
			isa = PBXGroup;
			children = (
				5087E77217EB970100C73F5D /* Default-568h@2x.png */,
				5087E77317EB970100C73F5D /* Default.png */,
				5087E77417EB970100C73F5D /* Default@2x.png */,
				50EF62A017ECD613001EB2F8 /* Icon-29.png */,
				50EF62A117ECD613001EB2F8 /* Icon-50.png */,
				50EF629217ECD46A001EB2F8 /* Icon-40.png */,
				50EF629317ECD46A001EB2F8 /* Icon-58.png */,
				50EF629417ECD46A001EB2F8 /* Icon-80.png */,
				50EF629517ECD46A001EB2F8 /* Icon-100.png */,
				5087E77517EB970100C73F5D /* Icon-114.png */,
				5087E77617EB970100C73F5D /* Icon-120.png */,
				5087E77717EB970100C73F5D /* Icon-144.png */,
				5087E77817EB970100C73F5D /* Icon-152.png */,
				5087E77917EB970100C73F5D /* Icon-57.png */,
				5087E77A17EB970100C73F5D /* Icon-72.png */,
				5087E77B17EB970100C73F5D /* Icon-76.png */,
				5087E77C17EB970100C73F5D /* Info.plist */,
			);
			name = Icons;
			path = ios;
			sourceTree = SOURCE_ROOT;
		};
		78C7DDAA14EBA5050085D0C2 /* Resources */ = {
			isa = PBXGroup;
			children = (
				F843AAAE19AA0E3C0023AFF6 /* profile */,
				372B7231101B16E25EE00C94 /* ccb */,
				372B7C601B1E1C752DBE553A /* images */,
				372B7C07A2DA9E741FB2A81F /* iphone */,
				372B7F936017D0F27C732029 /* iphonehd */,
				372B76D38BFE006CA09D4A1B /* GoodDog.otf */,
			);
			name = Resources;
			path = ../Resources;
			sourceTree = "<group>";
		};
		F8964F4419BCF9C70083FC33 /* Products */ = {
			isa = PBXGroup;
			children = (
				F8964F4819BCF9C70083FC33 /* libCocos2dxStoreFromSources.a */,
			);
			name = Products;
			sourceTree = "<group>";
		};
		F8964F4A19BCF9D30083FC33 /* Products */ = {
			isa = PBXGroup;
			children = (
				F8964F4E19BCF9D30083FC33 /* libCocos2dxProfileFromSources.a */,
			);
			name = Products;
			sourceTree = "<group>";
		};
		F8964F5019BCF9DD0083FC33 /* Products */ = {
			isa = PBXGroup;
			children = (
				F8964F5419BCF9DD0083FC33 /* libCocos2dxLevelUpFromSources.a */,
			);
			name = Products;
			sourceTree = "<group>";
		};
		F8ADF49319B7446000C4FE4B /* Products */ = {
			isa = PBXGroup;
			children = (
				F8ADF4A219B7446000C4FE4B /* libcocos2dx Mac.a */,
				F8ADF4A419B7446000C4FE4B /* libcocos2dx-extensions Mac.a */,
				F8ADF4A619B7446000C4FE4B /* libchipmunk Mac.a */,
				F8ADF4A819B7446000C4FE4B /* libbox2d Mac.a */,
				F8ADF4AA19B7446000C4FE4B /* libCocosDenshion Mac.a */,
				F8ADF4AC19B7446000C4FE4B /* libcocos2dx iOS.a */,
				F8ADF4AE19B7446000C4FE4B /* libcocos2dx-extensions iOS.a */,
				F8ADF4B019B7446000C4FE4B /* libchipmunk iOS.a */,
				F8ADF4B219B7446000C4FE4B /* libbox2d iOS.a */,
				F8ADF4B419B7446000C4FE4B /* libCocosDenshion iOS.a */,
			);
			name = Products;
			sourceTree = "<group>";
		};
		F8ADF4B519B7448200C4FE4B /* jansson */ = {
			isa = PBXGroup;
			children = (
				F8ADF4B719B7448300C4FE4B /* dump.c */,
				F8ADF4B819B7448300C4FE4B /* error.c */,
				F8ADF4B919B7448300C4FE4B /* hashtable.c */,
				F8ADF4BA19B7448300C4FE4B /* hashtable.h */,
				F8ADF4BB19B7448300C4FE4B /* jansson.h */,
				F8ADF4BC19B7448300C4FE4B /* jansson_config.h */,
				F8ADF4BD19B7448300C4FE4B /* jansson_private.h */,
				F8ADF4BE19B7448300C4FE4B /* load.c */,
				F8ADF4BF19B7448300C4FE4B /* memory.c */,
				F8ADF4C019B7448300C4FE4B /* pack_unpack.c */,
				F8ADF4C219B7448300C4FE4B /* strbuffer.c */,
				F8ADF4C319B7448300C4FE4B /* strbuffer.h */,
				F8ADF4C419B7448300C4FE4B /* strconv.c */,
				F8ADF4C519B7448300C4FE4B /* utf.c */,
				F8ADF4C619B7448300C4FE4B /* utf.h */,
				F8ADF4C719B7448300C4FE4B /* value.c */,
			);
			name = jansson;
			path = ../../../../../external/jansson;
			sourceTree = "<group>";
		};
		F8ADF4D419B744A100C4FE4B /* UnitTest++ */ = {
			isa = PBXGroup;
			children = (
				F8ADF4D519B744A100C4FE4B /* AssertException.cpp */,
				F8ADF4D619B744A100C4FE4B /* AssertException.h */,
				F8ADF4D719B744A100C4FE4B /* CheckMacros.h */,
				F8ADF4D819B744A100C4FE4B /* Checks.cpp */,
				F8ADF4D919B744A100C4FE4B /* Checks.h */,
				F8ADF4DA19B744A100C4FE4B /* CompositeTestReporter.cpp */,
				F8ADF4DB19B744A100C4FE4B /* CompositeTestReporter.h */,
				F8ADF4DC19B744A100C4FE4B /* Config.h */,
				F8ADF4DD19B744A100C4FE4B /* CurrentTest.cpp */,
				F8ADF4DE19B744A100C4FE4B /* CurrentTest.h */,
				F8ADF4DF19B744A100C4FE4B /* DeferredTestReporter.cpp */,
				F8ADF4E019B744A100C4FE4B /* DeferredTestReporter.h */,
				F8ADF4E119B744A100C4FE4B /* DeferredTestResult.cpp */,
				F8ADF4E219B744A100C4FE4B /* DeferredTestResult.h */,
				F8ADF4E319B744A100C4FE4B /* ExceptionMacros.h */,
				F8ADF4E419B744A100C4FE4B /* ExecuteTest.h */,
				F8ADF4E519B744A100C4FE4B /* HelperMacros.h */,
				F8ADF4E719B744A100C4FE4B /* MemoryOutStream.cpp */,
				F8ADF4E819B744A100C4FE4B /* MemoryOutStream.h */,
				F8ADF4E919B744A100C4FE4B /* Posix */,
				F8ADF4EE19B744A100C4FE4B /* ReportAssert.cpp */,
				F8ADF4EF19B744A100C4FE4B /* ReportAssert.h */,
				F8ADF4F019B744A100C4FE4B /* ReportAssertImpl.h */,
				F8ADF4F119B744A100C4FE4B /* Test.cpp */,
				F8ADF4F219B744A100C4FE4B /* Test.h */,
				F8ADF4F319B744A100C4FE4B /* TestDetails.cpp */,
				F8ADF4F419B744A100C4FE4B /* TestDetails.h */,
				F8ADF4F519B744A100C4FE4B /* TestList.cpp */,
				F8ADF4F619B744A100C4FE4B /* TestList.h */,
				F8ADF4F719B744A100C4FE4B /* TestMacros.h */,
				F8ADF4F819B744A100C4FE4B /* TestReporter.cpp */,
				F8ADF4F919B744A100C4FE4B /* TestReporter.h */,
				F8ADF4FA19B744A100C4FE4B /* TestReporterStdout.cpp */,
				F8ADF4FB19B744A100C4FE4B /* TestReporterStdout.h */,
				F8ADF4FC19B744A100C4FE4B /* TestResults.cpp */,
				F8ADF4FD19B744A100C4FE4B /* TestResults.h */,
				F8ADF4FE19B744A100C4FE4B /* TestRunner.cpp */,
				F8ADF4FF19B744A100C4FE4B /* TestRunner.h */,
				F8ADF50019B744A100C4FE4B /* TestSuite.h */,
				F8ADF50119B744A100C4FE4B /* TimeConstraint.cpp */,
				F8ADF50219B744A100C4FE4B /* TimeConstraint.h */,
				F8ADF50319B744A100C4FE4B /* TimeHelpers.h */,
				F8ADF50419B744A100C4FE4B /* UnitTest++.h */,
				F8ADF50519B744A100C4FE4B /* UnitTestPP.h */,
				F8ADF50B19B744A100C4FE4B /* XmlTestReporter.cpp */,
				F8ADF50C19B744A100C4FE4B /* XmlTestReporter.h */,
			);
			name = "UnitTest++";
			path = "../../../../../external/unittest-cpp/UnitTest++";
			sourceTree = "<group>";
		};
		F8ADF4E919B744A100C4FE4B /* Posix */ = {
			isa = PBXGroup;
			children = (
				F8ADF4EA19B744A100C4FE4B /* SignalTranslator.cpp */,
				F8ADF4EB19B744A100C4FE4B /* SignalTranslator.h */,
				F8ADF4EC19B744A100C4FE4B /* TimeHelpers.cpp */,
				F8ADF4ED19B744A100C4FE4B /* TimeHelpers.h */,
			);
			path = Posix;
			sourceTree = "<group>";
		};
		F8F8BA9619BCF449006880FD /* Products */ = {
			isa = PBXGroup;
			children = (
				F8F8BA9A19BCF449006880FD /* libCocos2dxCoreFromSources.a */,
			);
			name = Products;
			sourceTree = "<group>";
		};
/* End PBXGroup section */

/* Begin PBXNativeTarget section */
		1D6058900D05DD3D006BFB54 /* Cocos2dxLevelUpTesting iOS */ = {
			isa = PBXNativeTarget;
			buildConfigurationList = 1D6058960D05DD3E006BFB54 /* Build configuration list for PBXNativeTarget "Cocos2dxLevelUpTesting iOS" */;
			buildPhases = (
				1D60588D0D05DD3D006BFB54 /* Resources */,
				1D60588E0D05DD3D006BFB54 /* Sources */,
				1D60588F0D05DD3D006BFB54 /* Frameworks */,
			);
			buildRules = (
			);
			dependencies = (
				F8964F5D19BCF9FF0083FC33 /* PBXTargetDependency */,
				F8964F5B19BCF9FD0083FC33 /* PBXTargetDependency */,
				F8964F5919BCF9FA0083FC33 /* PBXTargetDependency */,
				F8F8BAB219BCF514006880FD /* PBXTargetDependency */,
				F8F8BAB019BCF512006880FD /* PBXTargetDependency */,
				F8F8BAAE19BCF50F006880FD /* PBXTargetDependency */,
				F8F8BAAC19BCF50A006880FD /* PBXTargetDependency */,
				F8F8BAA419BCF4AB006880FD /* PBXTargetDependency */,
				F8F8BA9C19BCF46B006880FD /* PBXTargetDependency */,
			);
			name = "Cocos2dxLevelUpTesting iOS";
			productName = iphone;
			productReference = 1D6058910D05DD3D006BFB54 /* Cocos2dxLevelUpTesting iOS.app */;
			productType = "com.apple.product-type.application";
		};
		5087E73D17EB910900C73F5D /* Cocos2dxLevelUpTesting Mac */ = {
			isa = PBXNativeTarget;
			buildConfigurationList = 5087E76C17EB910900C73F5D /* Build configuration list for PBXNativeTarget "Cocos2dxLevelUpTesting Mac" */;
			buildPhases = (
				5087E74817EB910900C73F5D /* Resources */,
				5087E75617EB910900C73F5D /* Sources */,
				5087E75C17EB910900C73F5D /* Frameworks */,
			);
			buildRules = (
			);
			dependencies = (
			);
			name = "Cocos2dxLevelUpTesting Mac";
			productName = iphone;
			productReference = 5087E76F17EB910900C73F5D /* Cocos2dxLevelUpTesting Mac.app */;
			productType = "com.apple.product-type.application";
		};
/* End PBXNativeTarget section */

/* Begin PBXProject section */
		29B97313FDCFA39411CA2CEA /* Project object */ = {
			isa = PBXProject;
			attributes = {
				LastUpgradeCheck = 0510;
				TargetAttributes = {
					1D6058900D05DD3D006BFB54 = {
						DevelopmentTeam = DS7QA8Y758;
					};
				};
			};
			buildConfigurationList = C01FCF4E08A954540054247B /* Build configuration list for PBXProject "Cocos2dxLevelUpTesting" */;
			compatibilityVersion = "Xcode 3.2";
			developmentRegion = English;
			hasScannedForEncodings = 1;
			knownRegions = (
				English,
				Japanese,
				French,
				German,
				en,
				Base,
			);
			mainGroup = 29B97314FDCFA39411CA2CEA /* CustomTemplate */;
			projectDirPath = "";
			projectReferences = (
				{
					ProductGroup = F8ADF49319B7446000C4FE4B /* Products */;
					ProjectRef = F8ADF49219B7446000C4FE4B /* cocos2d_libs.xcodeproj */;
				},
				{
					ProductGroup = F8F8BA9619BCF449006880FD /* Products */;
					ProjectRef = F8F8BA9519BCF449006880FD /* Cocos2dxCoreFromSources.xcodeproj */;
				},
				{
					ProductGroup = F8964F5019BCF9DD0083FC33 /* Products */;
					ProjectRef = F8964F4F19BCF9DD0083FC33 /* Cocos2dxLevelUpFromSources.xcodeproj */;
				},
				{
					ProductGroup = F8964F4A19BCF9D30083FC33 /* Products */;
					ProjectRef = F8964F4919BCF9D30083FC33 /* Cocos2dxProfileFromSources.xcodeproj */;
				},
				{
					ProductGroup = F8964F4419BCF9C70083FC33 /* Products */;
					ProjectRef = F8964F4319BCF9C70083FC33 /* Cocos2dxStoreFromSources.xcodeproj */;
				},
			);
			projectRoot = "";
			targets = (
				1D6058900D05DD3D006BFB54 /* Cocos2dxLevelUpTesting iOS */,
				5087E73D17EB910900C73F5D /* Cocos2dxLevelUpTesting Mac */,
			);
		};
/* End PBXProject section */

/* Begin PBXReferenceProxy section */
		F8964F4819BCF9C70083FC33 /* libCocos2dxStoreFromSources.a */ = {
			isa = PBXReferenceProxy;
			fileType = archive.ar;
			path = libCocos2dxStoreFromSources.a;
			remoteRef = F8964F4719BCF9C70083FC33 /* PBXContainerItemProxy */;
			sourceTree = BUILT_PRODUCTS_DIR;
		};
		F8964F4E19BCF9D30083FC33 /* libCocos2dxProfileFromSources.a */ = {
			isa = PBXReferenceProxy;
			fileType = archive.ar;
			path = libCocos2dxProfileFromSources.a;
			remoteRef = F8964F4D19BCF9D30083FC33 /* PBXContainerItemProxy */;
			sourceTree = BUILT_PRODUCTS_DIR;
		};
		F8964F5419BCF9DD0083FC33 /* libCocos2dxLevelUpFromSources.a */ = {
			isa = PBXReferenceProxy;
			fileType = archive.ar;
			path = libCocos2dxLevelUpFromSources.a;
			remoteRef = F8964F5319BCF9DD0083FC33 /* PBXContainerItemProxy */;
			sourceTree = BUILT_PRODUCTS_DIR;
		};
		F8ADF4A219B7446000C4FE4B /* libcocos2dx Mac.a */ = {
			isa = PBXReferenceProxy;
			fileType = archive.ar;
			path = "libcocos2dx Mac.a";
			remoteRef = F8ADF4A119B7446000C4FE4B /* PBXContainerItemProxy */;
			sourceTree = BUILT_PRODUCTS_DIR;
		};
		F8ADF4A419B7446000C4FE4B /* libcocos2dx-extensions Mac.a */ = {
			isa = PBXReferenceProxy;
			fileType = archive.ar;
			path = "libcocos2dx-extensions Mac.a";
			remoteRef = F8ADF4A319B7446000C4FE4B /* PBXContainerItemProxy */;
			sourceTree = BUILT_PRODUCTS_DIR;
		};
		F8ADF4A619B7446000C4FE4B /* libchipmunk Mac.a */ = {
			isa = PBXReferenceProxy;
			fileType = archive.ar;
			path = "libchipmunk Mac.a";
			remoteRef = F8ADF4A519B7446000C4FE4B /* PBXContainerItemProxy */;
			sourceTree = BUILT_PRODUCTS_DIR;
		};
		F8ADF4A819B7446000C4FE4B /* libbox2d Mac.a */ = {
			isa = PBXReferenceProxy;
			fileType = archive.ar;
			path = "libbox2d Mac.a";
			remoteRef = F8ADF4A719B7446000C4FE4B /* PBXContainerItemProxy */;
			sourceTree = BUILT_PRODUCTS_DIR;
		};
		F8ADF4AA19B7446000C4FE4B /* libCocosDenshion Mac.a */ = {
			isa = PBXReferenceProxy;
			fileType = archive.ar;
			path = "libCocosDenshion Mac.a";
			remoteRef = F8ADF4A919B7446000C4FE4B /* PBXContainerItemProxy */;
			sourceTree = BUILT_PRODUCTS_DIR;
		};
		F8ADF4AC19B7446000C4FE4B /* libcocos2dx iOS.a */ = {
			isa = PBXReferenceProxy;
			fileType = archive.ar;
			path = "libcocos2dx iOS.a";
			remoteRef = F8ADF4AB19B7446000C4FE4B /* PBXContainerItemProxy */;
			sourceTree = BUILT_PRODUCTS_DIR;
		};
		F8ADF4AE19B7446000C4FE4B /* libcocos2dx-extensions iOS.a */ = {
			isa = PBXReferenceProxy;
			fileType = archive.ar;
			path = "libcocos2dx-extensions iOS.a";
			remoteRef = F8ADF4AD19B7446000C4FE4B /* PBXContainerItemProxy */;
			sourceTree = BUILT_PRODUCTS_DIR;
		};
		F8ADF4B019B7446000C4FE4B /* libchipmunk iOS.a */ = {
			isa = PBXReferenceProxy;
			fileType = archive.ar;
			path = "libchipmunk iOS.a";
			remoteRef = F8ADF4AF19B7446000C4FE4B /* PBXContainerItemProxy */;
			sourceTree = BUILT_PRODUCTS_DIR;
		};
		F8ADF4B219B7446000C4FE4B /* libbox2d iOS.a */ = {
			isa = PBXReferenceProxy;
			fileType = archive.ar;
			path = "libbox2d iOS.a";
			remoteRef = F8ADF4B119B7446000C4FE4B /* PBXContainerItemProxy */;
			sourceTree = BUILT_PRODUCTS_DIR;
		};
		F8ADF4B419B7446000C4FE4B /* libCocosDenshion iOS.a */ = {
			isa = PBXReferenceProxy;
			fileType = archive.ar;
			path = "libCocosDenshion iOS.a";
			remoteRef = F8ADF4B319B7446000C4FE4B /* PBXContainerItemProxy */;
			sourceTree = BUILT_PRODUCTS_DIR;
		};
		F8F8BA9A19BCF449006880FD /* libCocos2dxCoreFromSources.a */ = {
			isa = PBXReferenceProxy;
			fileType = archive.ar;
			path = libCocos2dxCoreFromSources.a;
			remoteRef = F8F8BA9919BCF449006880FD /* PBXContainerItemProxy */;
			sourceTree = BUILT_PRODUCTS_DIR;
		};
/* End PBXReferenceProxy section */

/* Begin PBXResourcesBuildPhase section */
		1D60588D0D05DD3D006BFB54 /* Resources */ = {
			isa = PBXResourcesBuildPhase;
			buildActionMask = 2147483647;
			files = (
				5087E78117EB970100C73F5D /* Icon-120.png in Resources */,
				5087E78617EB970100C73F5D /* Icon-76.png in Resources */,
				F843AAAF19AA0E3C0023AFF6 /* profile in Resources */,
				5087E77F17EB970100C73F5D /* Default@2x.png in Resources */,
				50EF629917ECD46A001EB2F8 /* Icon-100.png in Resources */,
				5087E78317EB970100C73F5D /* Icon-152.png in Resources */,
				5087E77D17EB970100C73F5D /* Default-568h@2x.png in Resources */,
				5087E78517EB970100C73F5D /* Icon-72.png in Resources */,
				50EF62A317ECD613001EB2F8 /* Icon-50.png in Resources */,
				5087E78017EB970100C73F5D /* Icon-114.png in Resources */,
				50EF62A217ECD613001EB2F8 /* Icon-29.png in Resources */,
				50EF629617ECD46A001EB2F8 /* Icon-40.png in Resources */,
				5087E78217EB970100C73F5D /* Icon-144.png in Resources */,
				50EF629817ECD46A001EB2F8 /* Icon-80.png in Resources */,
				5087E78417EB970100C73F5D /* Icon-57.png in Resources */,
				5087E77E17EB970100C73F5D /* Default.png in Resources */,
				50EF629717ECD46A001EB2F8 /* Icon-58.png in Resources */,
				372B7EEB59BA16ECD94EC801 /* ccb in Resources */,
				372B7DE56CCB57C5DF070559 /* images in Resources */,
				372B7B75C0B8DA7F391DEE91 /* iphone in Resources */,
				372B72A5CB65CB2FC1C01447 /* iphonehd in Resources */,
				372B73ECCA757ACAA5CA3755 /* GoodDog.otf in Resources */,
			);
			runOnlyForDeploymentPostprocessing = 0;
		};
		5087E74817EB910900C73F5D /* Resources */ = {
			isa = PBXResourcesBuildPhase;
			buildActionMask = 2147483647;
			files = (
				503AE0F817EB97AB00D1A890 /* Icon.icns in Resources */,
			);
			runOnlyForDeploymentPostprocessing = 0;
		};
/* End PBXResourcesBuildPhase section */

/* Begin PBXSourcesBuildPhase section */
		1D60588E0D05DD3D006BFB54 /* Sources */ = {
			isa = PBXSourcesBuildPhase;
			buildActionMask = 2147483647;
			files = (
				F8A0EC6419AC8E65006CB3C2 /* MuffinRushAssets.cpp in Sources */,
				F8ADF51819B744A100C4FE4B /* Test.cpp in Sources */,
				503AE10017EB989F00D1A890 /* AppController.mm in Sources */,
				503AE10217EB989F00D1A890 /* RootViewController.mm in Sources */,
				F8F8E39D19B86B84000F048A /* InitialWorldFixture.cpp in Sources */,
				F8ADF51719B744A100C4FE4B /* ReportAssert.cpp in Sources */,
				F8ADF4D319B7448300C4FE4B /* value.c in Sources */,
				F8ADF51D19B744A100C4FE4B /* TestResults.cpp in Sources */,
				F8ADF51F19B744A100C4FE4B /* TimeConstraint.cpp in Sources */,
				1AFAF8B716D35DE700DB1158 /* AppDelegate.cpp in Sources */,
				F8DBECD219BDF26D0093252C /* TestLevelUp.cpp in Sources */,
				F8ADF4D219B7448300C4FE4B /* utf.c in Sources */,
				F8ADF4CA19B7448300C4FE4B /* error.c in Sources */,
				F8ADF51A19B744A100C4FE4B /* TestList.cpp in Sources */,
				F8A0EC9119ACCD46006CB3C2 /* CoreEventHandler.cpp in Sources */,
				F8ADF50E19B744A100C4FE4B /* Checks.cpp in Sources */,
				F8ADF51019B744A100C4FE4B /* CurrentTest.cpp in Sources */,
				F80A538C19BCA61100786DCE /* BaseTestingEventHandler.cpp in Sources */,
				F8ADF51E19B744A100C4FE4B /* TestRunner.cpp in Sources */,
				F8ADF4C919B7448300C4FE4B /* dump.c in Sources */,
				F8F8E3B019B8A259000F048A /* TestingLevelUpEventHandler.cpp in Sources */,
				F8ADF52319B744A100C4FE4B /* XmlTestReporter.cpp in Sources */,
				F8DBECDC19BDF3170093252C /* InitialWorldNoInitializeFixture.cpp in Sources */,
				F8ADF51519B744A100C4FE4B /* SignalTranslator.cpp in Sources */,
				F8ADF51119B744A100C4FE4B /* DeferredTestReporter.cpp in Sources */,
				F8ADF4CC19B7448300C4FE4B /* load.c in Sources */,
				F8ADF4CE19B7448300C4FE4B /* pack_unpack.c in Sources */,
				F8ADF51619B744A100C4FE4B /* TimeHelpers.cpp in Sources */,
				F8ADF54F19B752D100C4FE4B /* CocosTestReporter.cpp in Sources */,
				F8ADF4D119B7448300C4FE4B /* strconv.c in Sources */,
				F8ADF51B19B744A100C4FE4B /* TestReporter.cpp in Sources */,
				F8ADF51219B744A100C4FE4B /* DeferredTestResult.cpp in Sources */,
				F8ADF56719B774A600C4FE4B /* TestScreen.cpp in Sources */,
				F8ADF50D19B744A100C4FE4B /* AssertException.cpp in Sources */,
				503AE10117EB989F00D1A890 /* main.m in Sources */,
				F8F8E39A19B869B2000F048A /* TestWorld.cpp in Sources */,
				F8ADF4CD19B7448300C4FE4B /* memory.c in Sources */,
				F8ADF51419B744A100C4FE4B /* MemoryOutStream.cpp in Sources */,
				F8ADF51C19B744A100C4FE4B /* TestReporterStdout.cpp in Sources */,
				F8ADF51919B744A100C4FE4B /* TestDetails.cpp in Sources */,
				F8ADF4CB19B7448300C4FE4B /* hashtable.c in Sources */,
				F8BBFE3219BCA80F002D6A31 /* TestingCoreEventHandler.cpp in Sources */,
				F8ADF4D019B7448300C4FE4B /* strbuffer.c in Sources */,
				F821042B19A775DF008DB661 /* ProfileScreen.cpp in Sources */,
				F821042819A7759A008DB661 /* ProfileEventHandler.cpp in Sources */,
				F8ADF50F19B744A100C4FE4B /* CompositeTestReporter.cpp in Sources */,
			);
			runOnlyForDeploymentPostprocessing = 0;
		};
		5087E75617EB910900C73F5D /* Sources */ = {
			isa = PBXSourcesBuildPhase;
			buildActionMask = 2147483647;
			files = (
				5087E75717EB910900C73F5D /* AppDelegate.cpp in Sources */,
				503AE10517EB98FF00D1A890 /* main.cpp in Sources */,
			);
			runOnlyForDeploymentPostprocessing = 0;
		};
/* End PBXSourcesBuildPhase section */

/* Begin PBXTargetDependency section */
		F8964F5919BCF9FA0083FC33 /* PBXTargetDependency */ = {
			isa = PBXTargetDependency;
			name = Cocos2dxLevelUpFromSources;
			targetProxy = F8964F5819BCF9FA0083FC33 /* PBXContainerItemProxy */;
		};
		F8964F5B19BCF9FD0083FC33 /* PBXTargetDependency */ = {
			isa = PBXTargetDependency;
			name = Cocos2dxProfileFromSources;
			targetProxy = F8964F5A19BCF9FD0083FC33 /* PBXContainerItemProxy */;
		};
		F8964F5D19BCF9FF0083FC33 /* PBXTargetDependency */ = {
			isa = PBXTargetDependency;
			name = Cocos2dxStoreFromSources;
			targetProxy = F8964F5C19BCF9FF0083FC33 /* PBXContainerItemProxy */;
		};
		F8F8BA9C19BCF46B006880FD /* PBXTargetDependency */ = {
			isa = PBXTargetDependency;
			name = Cocos2dxCoreFromSources;
			targetProxy = F8F8BA9B19BCF46B006880FD /* PBXContainerItemProxy */;
		};
		F8F8BAA419BCF4AB006880FD /* PBXTargetDependency */ = {
			isa = PBXTargetDependency;
			name = "cocos2dx iOS";
			targetProxy = F8F8BAA319BCF4AB006880FD /* PBXContainerItemProxy */;
		};
		F8F8BAAC19BCF50A006880FD /* PBXTargetDependency */ = {
			isa = PBXTargetDependency;
			name = "cocos2dx-extensions iOS";
			targetProxy = F8F8BAAB19BCF50A006880FD /* PBXContainerItemProxy */;
		};
		F8F8BAAE19BCF50F006880FD /* PBXTargetDependency */ = {
			isa = PBXTargetDependency;
			name = "chipmunk iOS";
			targetProxy = F8F8BAAD19BCF50F006880FD /* PBXContainerItemProxy */;
		};
		F8F8BAB019BCF512006880FD /* PBXTargetDependency */ = {
			isa = PBXTargetDependency;
			name = "box2d iOS";
			targetProxy = F8F8BAAF19BCF512006880FD /* PBXContainerItemProxy */;
		};
		F8F8BAB219BCF514006880FD /* PBXTargetDependency */ = {
			isa = PBXTargetDependency;
			name = "CocosDenshion iOS";
			targetProxy = F8F8BAB119BCF514006880FD /* PBXContainerItemProxy */;
		};
/* End PBXTargetDependency section */

/* Begin XCBuildConfiguration section */
		1D6058940D05DD3E006BFB54 /* Debug */ = {
			isa = XCBuildConfiguration;
			buildSettings = {
				ALWAYS_SEARCH_USER_PATHS = YES;
				CODE_SIGN_IDENTITY = "iPhone Developer";
				"CODE_SIGN_IDENTITY[sdk=iphoneos*]" = "iPhone Developer";
				COMPRESS_PNG_FILES = NO;
				FRAMEWORK_SEARCH_PATHS = (
					"$(inherited)",
					"$(PROJECT_DIR)/libs",
				);
				GCC_DYNAMIC_NO_PIC = NO;
				GCC_INLINES_ARE_PRIVATE_EXTERN = NO;
				GCC_PRECOMPILE_PREFIX_HEADER = YES;
				GCC_PREFIX_HEADER = ios/Prefix.pch;
				GCC_PREPROCESSOR_DEFINITIONS = (
					USE_FILE32API,
					CC_TARGET_OS_IPHONE,
					"COCOS2D_DEBUG=1",
					"CC_ENABLE_CHIPMUNK_INTEGRATION=1",
				);
				GCC_SYMBOLS_PRIVATE_EXTERN = NO;
				HEADER_SEARCH_PATHS = (
					"$(inherited)",
					"$(SRCROOT)/../cocos2d",
					"$(SRCROOT)/../cocos2d/cocos/platform/ios",
					"$(SRCROOT)/../cocos2d/extensions",
					"$(SRCROOT)/../cocos2d/extensions/cocos2dx-profile/Soomla/**",
					"$(SRCROOT)/../cocos2d/extensions/cocos2dx-profile/build/ios/headers/**",
					"$(SRCROOT)/../cocos2d/extensions/soomla-cocos2dx-core/Soomla/**",
					"$(SRCROOT)/../cocos2d/extensions/soomla-cocos2dx-core/build/ios/headers/**",
					"$(SRCROOT)/../cocos2d/extensions/cocos2dx-store/Soomla/**",
					"$(SRCROOT)/../cocos2d/extensions/cocos2dx-store/build/ios/headers/**",
					"$(SRCROOT)/../cocos2d/extensions/cocos2dx-levelup/Soomla/**",
					"$(SRCROOT)/../cocos2d/extensions/cocos2dx-levelup/build/ios/headers/**",
					"$(SRCROOT)/../cocos2d/external/unittest-cpp/UnitTest++/**",
				);
				INFOPLIST_FILE = ios/Info.plist;
				IPHONEOS_DEPLOYMENT_TARGET = 5.0;
				LIBRARY_SEARCH_PATHS = "";
				OTHER_LDFLAGS = "-ObjC";
				PRODUCT_NAME = "Cocos2dxLevelUpTesting iOS";
				PROVISIONING_PROFILE = "";
				SDKROOT = iphoneos;
				TARGETED_DEVICE_FAMILY = "1,2";
				USER_HEADER_SEARCH_PATHS = "";
			};
			name = Debug;
		};
		1D6058950D05DD3E006BFB54 /* Release */ = {
			isa = XCBuildConfiguration;
			buildSettings = {
				ALWAYS_SEARCH_USER_PATHS = YES;
				CODE_SIGN_IDENTITY = "iPhone Developer";
				"CODE_SIGN_IDENTITY[sdk=iphoneos*]" = "iPhone Developer";
				COMPRESS_PNG_FILES = NO;
				FRAMEWORK_SEARCH_PATHS = (
					"$(inherited)",
					"$(PROJECT_DIR)/libs",
				);
				GCC_INLINES_ARE_PRIVATE_EXTERN = NO;
				GCC_PRECOMPILE_PREFIX_HEADER = YES;
				GCC_PREFIX_HEADER = ios/Prefix.pch;
				GCC_PREPROCESSOR_DEFINITIONS = (
					USE_FILE32API,
					CC_TARGET_OS_IPHONE,
					"CC_ENABLE_CHIPMUNK_INTEGRATION=1",
				);
				GCC_SYMBOLS_PRIVATE_EXTERN = NO;
				HEADER_SEARCH_PATHS = (
					"$(inherited)",
					"$(SRCROOT)/../cocos2d",
					"$(SRCROOT)/../cocos2d/cocos/platform/ios",
					"$(SRCROOT)/../cocos2d/extensions",
					"$(SRCROOT)/../cocos2d/extensions/cocos2dx-profile/Soomla/**",
					"$(SRCROOT)/../cocos2d/extensions/cocos2dx-profile/build/ios/headers/**",
					"$(SRCROOT)/../cocos2d/extensions/soomla-cocos2dx-core/Soomla/**",
					"$(SRCROOT)/../cocos2d/extensions/soomla-cocos2dx-core/build/ios/headers/**",
					"$(SRCROOT)/../cocos2d/extensions/cocos2dx-store/Soomla/**",
					"$(SRCROOT)/../cocos2d/extensions/cocos2dx-store/build/ios/headers/**",
					"$(SRCROOT)/../cocos2d/extensions/cocos2dx-levelup/Soomla/**",
					"$(SRCROOT)/../cocos2d/extensions/cocos2dx-levelup/build/ios/headers/**",
					"$(SRCROOT)/../cocos2d/external/unittest-cpp/UnitTest++/**",
				);
				INFOPLIST_FILE = ios/Info.plist;
				IPHONEOS_DEPLOYMENT_TARGET = 5.0;
				LIBRARY_SEARCH_PATHS = "";
				OTHER_LDFLAGS = "-ObjC";
				PRODUCT_NAME = "Cocos2dxLevelUpTesting iOS";
				PROVISIONING_PROFILE = "";
				SDKROOT = iphoneos;
				TARGETED_DEVICE_FAMILY = "1,2";
				USER_HEADER_SEARCH_PATHS = "";
			};
			name = Release;
		};
		5087E76D17EB910900C73F5D /* Debug */ = {
			isa = XCBuildConfiguration;
			buildSettings = {
				ALWAYS_SEARCH_USER_PATHS = YES;
				CLANG_CXX_LANGUAGE_STANDARD = "c++0x";
				CLANG_CXX_LIBRARY = "libc++";
				COMBINE_HIDPI_IMAGES = YES;
				GCC_DYNAMIC_NO_PIC = NO;
				GCC_INLINES_ARE_PRIVATE_EXTERN = NO;
				GCC_PRECOMPILE_PREFIX_HEADER = YES;
				GCC_PREFIX_HEADER = mac/Prefix.pch;
				GCC_PREPROCESSOR_DEFINITIONS = (
					USE_FILE32API,
					CC_TARGET_OS_MAC,
					"COCOS2D_DEBUG=1",
					"CC_ENABLE_CHIPMUNK_INTEGRATION=1",
				);
				GCC_SYMBOLS_PRIVATE_EXTERN = NO;
				HEADER_SEARCH_PATHS = (
					"$(inherited)",
					"$(SRCROOT)/../cocos2d/cocos/platform/mac",
					"$(SRCROOT)/../cocos2d/external/glfw3/include/mac",
				);
				INFOPLIST_FILE = mac/Info.plist;
				LIBRARY_SEARCH_PATHS = "";
				PRODUCT_NAME = "Cocos2dxLevelUpTesting Mac";
				USER_HEADER_SEARCH_PATHS = "";
			};
			name = Debug;
		};
		5087E76E17EB910900C73F5D /* Release */ = {
			isa = XCBuildConfiguration;
			buildSettings = {
				ALWAYS_SEARCH_USER_PATHS = YES;
				CLANG_CXX_LANGUAGE_STANDARD = "c++0x";
				CLANG_CXX_LIBRARY = "libc++";
				COMBINE_HIDPI_IMAGES = YES;
				GCC_INLINES_ARE_PRIVATE_EXTERN = NO;
				GCC_PRECOMPILE_PREFIX_HEADER = YES;
				GCC_PREFIX_HEADER = mac/Prefix.pch;
				GCC_PREPROCESSOR_DEFINITIONS = (
					USE_FILE32API,
					CC_TARGET_OS_MAC,
					"CC_ENABLE_CHIPMUNK_INTEGRATION=1",
				);
				GCC_SYMBOLS_PRIVATE_EXTERN = NO;
				HEADER_SEARCH_PATHS = (
					"$(inherited)",
					"$(SRCROOT)/../cocos2d/cocos/platform/mac",
					"$(SRCROOT)/../cocos2d/external/glfw3/include/mac",
				);
				INFOPLIST_FILE = mac/Info.plist;
				LIBRARY_SEARCH_PATHS = "";
				PRODUCT_NAME = "Cocos2dxLevelUpTesting Mac";
				USER_HEADER_SEARCH_PATHS = "";
			};
			name = Release;
		};
		C01FCF4F08A954540054247B /* Debug */ = {
			isa = XCBuildConfiguration;
			buildSettings = {
				CLANG_CXX_LANGUAGE_STANDARD = "c++0x";
				CLANG_CXX_LIBRARY = "libc++";
				COPY_PHASE_STRIP = NO;
				GCC_OPTIMIZATION_LEVEL = 0;
				GCC_WARN_ABOUT_RETURN_TYPE = YES;
				GCC_WARN_UNUSED_VARIABLE = YES;
				HEADER_SEARCH_PATHS = (
					"$(SRCROOT)/../cocos2d",
					"$(SRCROOT)/../cocos2d/cocos",
					"$(SRCROOT)/../cocos2d/cocos/base",
					"$(SRCROOT)/../cocos2d/cocos/physics",
					"$(SRCROOT)/../cocos2d/cocos/math",
					"$(SRCROOT)/../cocos2d/cocos/2d",
					"$(SRCROOT)/../cocos2d/cocos/ui",
					"$(SRCROOT)/../cocos2d/cocos/network",
					"$(SRCROOT)/../cocos2d/cocos/audio/include",
					"$(SRCROOT)/../cocos2d/cocos/editor-support",
				);
				ONLY_ACTIVE_ARCH = YES;
				PRODUCT_NAME = "$(TARGET_NAME)";
				SDKROOT = macosx;
			};
			name = Debug;
		};
		C01FCF5008A954540054247B /* Release */ = {
			isa = XCBuildConfiguration;
			buildSettings = {
				CLANG_CXX_LANGUAGE_STANDARD = "c++0x";
				CLANG_CXX_LIBRARY = "libc++";
				GCC_WARN_ABOUT_RETURN_TYPE = YES;
				GCC_WARN_UNUSED_VARIABLE = YES;
				HEADER_SEARCH_PATHS = (
					"$(SRCROOT)/../cocos2d",
					"$(SRCROOT)/../cocos2d/cocos",
					"$(SRCROOT)/../cocos2d/cocos/base",
					"$(SRCROOT)/../cocos2d/cocos/physics",
					"$(SRCROOT)/../cocos2d/cocos/math",
					"$(SRCROOT)/../cocos2d/cocos/2d",
					"$(SRCROOT)/../cocos2d/cocos/ui",
					"$(SRCROOT)/../cocos2d/cocos/network",
					"$(SRCROOT)/../cocos2d/cocos/audio/include",
					"$(SRCROOT)/../cocos2d/cocos/editor-support",
				);
				OTHER_CFLAGS = "-DNS_BLOCK_ASSERTIONS=1";
				PRODUCT_NAME = "$(TARGET_NAME)";
				SDKROOT = macosx;
				VALIDATE_PRODUCT = YES;
			};
			name = Release;
		};
/* End XCBuildConfiguration section */

/* Begin XCConfigurationList section */
		1D6058960D05DD3E006BFB54 /* Build configuration list for PBXNativeTarget "Cocos2dxLevelUpTesting iOS" */ = {
			isa = XCConfigurationList;
			buildConfigurations = (
				1D6058940D05DD3E006BFB54 /* Debug */,
				1D6058950D05DD3E006BFB54 /* Release */,
			);
			defaultConfigurationIsVisible = 0;
			defaultConfigurationName = Debug;
		};
		5087E76C17EB910900C73F5D /* Build configuration list for PBXNativeTarget "Cocos2dxLevelUpTesting Mac" */ = {
			isa = XCConfigurationList;
			buildConfigurations = (
				5087E76D17EB910900C73F5D /* Debug */,
				5087E76E17EB910900C73F5D /* Release */,
			);
			defaultConfigurationIsVisible = 0;
			defaultConfigurationName = Debug;
		};
		C01FCF4E08A954540054247B /* Build configuration list for PBXProject "Cocos2dxLevelUpTesting" */ = {
			isa = XCConfigurationList;
			buildConfigurations = (
				C01FCF4F08A954540054247B /* Debug */,
				C01FCF5008A954540054247B /* Release */,
			);
			defaultConfigurationIsVisible = 0;
			defaultConfigurationName = Debug;
		};
/* End XCConfigurationList section */
	};
	rootObject = 29B97313FDCFA39411CA2CEA /* Project object */;
}
