// !$*UTF8*$!
{
	archiveVersion = 1;
	classes = {
	};
	objectVersion = 46;
	objects = {

/* Begin PBXBuildFile section */
		372B708B429A9C876C985737 /* CCSocialUploadMission.h in Headers */ = {isa = PBXBuildFile; fileRef = 372B7DAB0B0BB3000F871947 /* CCSocialUploadMission.h */; };
		372B7224D275BB1333F39035 /* CCSocialStatusMission.cpp in Sources */ = {isa = PBXBuildFile; fileRef = 372B7D2BA240C40973AE804C /* CCSocialStatusMission.cpp */; };
		372B7282359B2973C58305F2 /* CCSocialStatusMission.h in Headers */ = {isa = PBXBuildFile; fileRef = 372B73E5BFD797259A982C20 /* CCSocialStatusMission.h */; };
		372B7367CE943BCDCB7624D2 /* CCPurchasingMission.cpp in Sources */ = {isa = PBXBuildFile; fileRef = 372B76B105E532FCD11DAC53 /* CCPurchasingMission.cpp */; };
		372B754965BCFD96AFD35F84 /* CCSocialStoryMission.cpp in Sources */ = {isa = PBXBuildFile; fileRef = 372B7ADC3890E5E65AAD3270 /* CCSocialStoryMission.cpp */; };
		372B758D02AC07D2B8099E25 /* CCBalanceGate.cpp in Sources */ = {isa = PBXBuildFile; fileRef = 372B715770A556EC7DFEFC31 /* CCBalanceGate.cpp */; };
		372B75EEB950F5BFEF2C9A7F /* CCPurchasableGate.h in Headers */ = {isa = PBXBuildFile; fileRef = 372B7D4B20FB6BD4B373D48E /* CCPurchasableGate.h */; };
		372B760372DB09EFAEEB5096 /* CCSocialLikeGate.h in Headers */ = {isa = PBXBuildFile; fileRef = 372B783C7524AE4ED2F0AEF6 /* CCSocialLikeGate.h */; };
		372B76811CEE5655EC58B9D2 /* CCSocialLikeGate.cpp in Sources */ = {isa = PBXBuildFile; fileRef = 372B7D8AE02BB5D9882D1F9C /* CCSocialLikeGate.cpp */; };
		372B7710524099C25AF37854 /* CCSocialLikeMission.cpp in Sources */ = {isa = PBXBuildFile; fileRef = 372B743F24555580F824689A /* CCSocialLikeMission.cpp */; };
		372B773321C4BA21CB6BE9B7 /* CCSocialActionGate.cpp in Sources */ = {isa = PBXBuildFile; fileRef = 372B77581EE07D32E4F89699 /* CCSocialActionGate.cpp */; };
		372B7794EC1929BA9D119B67 /* CCSocialActionGate.h in Headers */ = {isa = PBXBuildFile; fileRef = 372B77DE3F0116EB6EFA5302 /* CCSocialActionGate.h */; };
		372B7798C254C9553F3DFE2F /* CCPurchasableGate.cpp in Sources */ = {isa = PBXBuildFile; fileRef = 372B705BBBE5B6A051E0F89C /* CCPurchasableGate.cpp */; };
		372B77C3ADB395756E8E4353 /* CCSocialUploadGate.h in Headers */ = {isa = PBXBuildFile; fileRef = 372B71AD7AB18C2A61092D8D /* CCSocialUploadGate.h */; };
		372B782EBD5CE3D5D964CF62 /* CCPurchasingMission.h in Headers */ = {isa = PBXBuildFile; fileRef = 372B7FC77EFAF8E67893D93B /* CCPurchasingMission.h */; };
		372B7834621FA2C1BE848F99 /* CCSocialStoryGate.h in Headers */ = {isa = PBXBuildFile; fileRef = 372B765597CFDE758D5D88C3 /* CCSocialStoryGate.h */; };
		372B7847572612AF904DE437 /* CCSocialUploadMission.cpp in Sources */ = {isa = PBXBuildFile; fileRef = 372B72C31C6DCA9CB63ED4A5 /* CCSocialUploadMission.cpp */; };
		372B7890B055B97012CDA491 /* CCSocialStoryGate.cpp in Sources */ = {isa = PBXBuildFile; fileRef = 372B7C7B0B584670E1E8CEBA /* CCSocialStoryGate.cpp */; };
		372B79BE643F4A24F177E325 /* CCSocialStatusGate.h in Headers */ = {isa = PBXBuildFile; fileRef = 372B7254FE9DC2EC64E9BF5C /* CCSocialStatusGate.h */; };
		372B7BAD7CA78A9111FF627E /* CCBalanceMission.h in Headers */ = {isa = PBXBuildFile; fileRef = 372B7B8066E37591EAE5D589 /* CCBalanceMission.h */; };
		372B7BC9FD9BF81C5276D44B /* CCSocialStatusGate.cpp in Sources */ = {isa = PBXBuildFile; fileRef = 372B743D533226019FFE1D4B /* CCSocialStatusGate.cpp */; };
		372B7CF8AF8D38EDA9E3D388 /* CCBalanceGate.h in Headers */ = {isa = PBXBuildFile; fileRef = 372B7F87FEBB8A75F41E7353 /* CCBalanceGate.h */; };
		372B7D3695651BB929947B7B /* CCSocialUploadGate.cpp in Sources */ = {isa = PBXBuildFile; fileRef = 372B78C040DEC89087F8BD40 /* CCSocialUploadGate.cpp */; };
		372B7E6E164EBD909AB45D29 /* CCSocialLikeMission.h in Headers */ = {isa = PBXBuildFile; fileRef = 372B76E3A8B8B30A20CBC79D /* CCSocialLikeMission.h */; };
		372B7EA72AD78519E217FE1D /* CCBalanceMission.cpp in Sources */ = {isa = PBXBuildFile; fileRef = 372B7EAB5EE3DFF8F2E6E030 /* CCBalanceMission.cpp */; };
		372B7F77C4042EC2997A7EF2 /* CCSocialStoryMission.h in Headers */ = {isa = PBXBuildFile; fileRef = 372B7EB19C08B6A9B8FA34E7 /* CCSocialStoryMission.h */; };
		9DEA543019B4A5F00093D5D9 /* CCLevel.cpp in Sources */ = {isa = PBXBuildFile; fileRef = 9DEA53ED19B4A5F00093D5D9 /* CCLevel.cpp */; };
		9DEA543119B4A5F00093D5D9 /* CCLevel.h in Headers */ = {isa = PBXBuildFile; fileRef = 9DEA53EE19B4A5F00093D5D9 /* CCLevel.h */; };
		9DEA543219B4A5F00093D5D9 /* CCLevelUp.cpp in Sources */ = {isa = PBXBuildFile; fileRef = 9DEA53EF19B4A5F00093D5D9 /* CCLevelUp.cpp */; };
		9DEA543319B4A5F00093D5D9 /* CCLevelUp.h in Headers */ = {isa = PBXBuildFile; fileRef = 9DEA53F019B4A5F00093D5D9 /* CCLevelUp.h */; };
		9DEA543419B4A5F00093D5D9 /* CCLevelUpConsts.cpp in Sources */ = {isa = PBXBuildFile; fileRef = 9DEA53F119B4A5F00093D5D9 /* CCLevelUpConsts.cpp */; };
		9DEA543519B4A5F00093D5D9 /* CCLevelUpConsts.h in Headers */ = {isa = PBXBuildFile; fileRef = 9DEA53F219B4A5F00093D5D9 /* CCLevelUpConsts.h */; };
		9DEA543619B4A5F00093D5D9 /* CCLevelUpEventDispatcher.cpp in Sources */ = {isa = PBXBuildFile; fileRef = 9DEA53F319B4A5F00093D5D9 /* CCLevelUpEventDispatcher.cpp */; };
		9DEA543719B4A5F00093D5D9 /* CCLevelUpEventDispatcher.h in Headers */ = {isa = PBXBuildFile; fileRef = 9DEA53F419B4A5F00093D5D9 /* CCLevelUpEventDispatcher.h */; };
		9DEA543819B4A5F00093D5D9 /* CCLevelUpEventHandler.h in Headers */ = {isa = PBXBuildFile; fileRef = 9DEA53F519B4A5F00093D5D9 /* CCLevelUpEventHandler.h */; };
		9DEA543919B4A5F00093D5D9 /* CCLevelUpService.cpp in Sources */ = {isa = PBXBuildFile; fileRef = 9DEA53F619B4A5F00093D5D9 /* CCLevelUpService.cpp */; };
		9DEA543A19B4A5F00093D5D9 /* CCLevelUpService.h in Headers */ = {isa = PBXBuildFile; fileRef = 9DEA53F719B4A5F00093D5D9 /* CCLevelUpService.h */; };
		9DEA543B19B4A5F00093D5D9 /* CCSimpleLevelUpEventHandler.cpp in Sources */ = {isa = PBXBuildFile; fileRef = 9DEA53F819B4A5F00093D5D9 /* CCSimpleLevelUpEventHandler.cpp */; };
		9DEA543C19B4A5F00093D5D9 /* CCSimpleLevelUpEventHandler.h in Headers */ = {isa = PBXBuildFile; fileRef = 9DEA53F919B4A5F00093D5D9 /* CCSimpleLevelUpEventHandler.h */; };
		9DEA543D19B4A5F00093D5D9 /* CCWorld.cpp in Sources */ = {isa = PBXBuildFile; fileRef = 9DEA53FA19B4A5F00093D5D9 /* CCWorld.cpp */; };
		9DEA543E19B4A5F00093D5D9 /* CCWorld.h in Headers */ = {isa = PBXBuildFile; fileRef = 9DEA53FB19B4A5F00093D5D9 /* CCWorld.h */; };
		9DEA544119B4A5F00093D5D9 /* CCChallenge.cpp in Sources */ = {isa = PBXBuildFile; fileRef = 9DEA53FF19B4A5F00093D5D9 /* CCChallenge.cpp */; };
		9DEA544219B4A5F00093D5D9 /* CCChallenge.h in Headers */ = {isa = PBXBuildFile; fileRef = 9DEA540019B4A5F00093D5D9 /* CCChallenge.h */; };
		9DEA544319B4A5F00093D5D9 /* CCMission.cpp in Sources */ = {isa = PBXBuildFile; fileRef = 9DEA540119B4A5F00093D5D9 /* CCMission.cpp */; };
		9DEA544419B4A5F00093D5D9 /* CCMission.h in Headers */ = {isa = PBXBuildFile; fileRef = 9DEA540219B4A5F00093D5D9 /* CCMission.h */; };
		9DEA544719B4A5F00093D5D9 /* CCRecordMission.cpp in Sources */ = {isa = PBXBuildFile; fileRef = 9DEA540519B4A5F00093D5D9 /* CCRecordMission.cpp */; };
		9DEA544819B4A5F00093D5D9 /* CCRecordMission.h in Headers */ = {isa = PBXBuildFile; fileRef = 9DEA540619B4A5F00093D5D9 /* CCRecordMission.h */; };
		9DEA544919B4A5F00093D5D9 /* CCWorldCompletionMission.cpp in Sources */ = {isa = PBXBuildFile; fileRef = 9DEA540719B4A5F00093D5D9 /* CCWorldCompletionMission.cpp */; };
		9DEA544A19B4A5F00093D5D9 /* CCWorldCompletionMission.h in Headers */ = {isa = PBXBuildFile; fileRef = 9DEA540819B4A5F00093D5D9 /* CCWorldCompletionMission.h */; };
		9DEA544B19B4A5F00093D5D9 /* Cocos2dxLevelUp.h in Headers */ = {isa = PBXBuildFile; fileRef = 9DEA540919B4A5F00093D5D9 /* Cocos2dxLevelUp.h */; };
		9DEA544C19B4A5F00093D5D9 /* CCGateStorage.cpp in Sources */ = {isa = PBXBuildFile; fileRef = 9DEA540B19B4A5F00093D5D9 /* CCGateStorage.cpp */; };
		9DEA544D19B4A5F00093D5D9 /* CCGateStorage.h in Headers */ = {isa = PBXBuildFile; fileRef = 9DEA540C19B4A5F00093D5D9 /* CCGateStorage.h */; };
		9DEA544E19B4A5F00093D5D9 /* CCLevelStorage.cpp in Sources */ = {isa = PBXBuildFile; fileRef = 9DEA540D19B4A5F00093D5D9 /* CCLevelStorage.cpp */; };
		9DEA544F19B4A5F00093D5D9 /* CCLevelStorage.h in Headers */ = {isa = PBXBuildFile; fileRef = 9DEA540E19B4A5F00093D5D9 /* CCLevelStorage.h */; };
		9DEA545019B4A5F00093D5D9 /* CCMissionStorage.cpp in Sources */ = {isa = PBXBuildFile; fileRef = 9DEA540F19B4A5F00093D5D9 /* CCMissionStorage.cpp */; };
		9DEA545119B4A5F00093D5D9 /* CCMissionStorage.h in Headers */ = {isa = PBXBuildFile; fileRef = 9DEA541019B4A5F00093D5D9 /* CCMissionStorage.h */; };
		9DEA545219B4A5F00093D5D9 /* CCScoreStorage.cpp in Sources */ = {isa = PBXBuildFile; fileRef = 9DEA541119B4A5F00093D5D9 /* CCScoreStorage.cpp */; };
		9DEA545319B4A5F00093D5D9 /* CCScoreStorage.h in Headers */ = {isa = PBXBuildFile; fileRef = 9DEA541219B4A5F00093D5D9 /* CCScoreStorage.h */; };
		9DEA545419B4A5F00093D5D9 /* CCWorldStorage.cpp in Sources */ = {isa = PBXBuildFile; fileRef = 9DEA541319B4A5F00093D5D9 /* CCWorldStorage.cpp */; };
		9DEA545519B4A5F00093D5D9 /* CCWorldStorage.h in Headers */ = {isa = PBXBuildFile; fileRef = 9DEA541419B4A5F00093D5D9 /* CCWorldStorage.h */; };
		9DEA545819B4A5F00093D5D9 /* CCGate.cpp in Sources */ = {isa = PBXBuildFile; fileRef = 9DEA541819B4A5F00093D5D9 /* CCGate.cpp */; };
		9DEA545919B4A5F00093D5D9 /* CCGate.h in Headers */ = {isa = PBXBuildFile; fileRef = 9DEA541919B4A5F00093D5D9 /* CCGate.h */; };
		9DEA545A19B4A5F00093D5D9 /* CCGatesList.cpp in Sources */ = {isa = PBXBuildFile; fileRef = 9DEA541A19B4A5F00093D5D9 /* CCGatesList.cpp */; };
		9DEA545B19B4A5F00093D5D9 /* CCGatesList.h in Headers */ = {isa = PBXBuildFile; fileRef = 9DEA541B19B4A5F00093D5D9 /* CCGatesList.h */; };
		9DEA545C19B4A5F00093D5D9 /* CCGatesListAND.cpp in Sources */ = {isa = PBXBuildFile; fileRef = 9DEA541C19B4A5F00093D5D9 /* CCGatesListAND.cpp */; };
		9DEA545D19B4A5F00093D5D9 /* CCGatesListAND.h in Headers */ = {isa = PBXBuildFile; fileRef = 9DEA541D19B4A5F00093D5D9 /* CCGatesListAND.h */; };
		9DEA545E19B4A5F00093D5D9 /* CCGatesListOr.cpp in Sources */ = {isa = PBXBuildFile; fileRef = 9DEA541E19B4A5F00093D5D9 /* CCGatesListOr.cpp */; };
		9DEA545F19B4A5F00093D5D9 /* CCGatesListOr.h in Headers */ = {isa = PBXBuildFile; fileRef = 9DEA541F19B4A5F00093D5D9 /* CCGatesListOr.h */; };
		9DEA546219B4A5F00093D5D9 /* CCRecordGate.cpp in Sources */ = {isa = PBXBuildFile; fileRef = 9DEA542219B4A5F00093D5D9 /* CCRecordGate.cpp */; };
		9DEA546319B4A5F00093D5D9 /* CCRecordGate.h in Headers */ = {isa = PBXBuildFile; fileRef = 9DEA542319B4A5F00093D5D9 /* CCRecordGate.h */; };
		9DEA546419B4A5F00093D5D9 /* CCScheduleGate.cpp in Sources */ = {isa = PBXBuildFile; fileRef = 9DEA542419B4A5F00093D5D9 /* CCScheduleGate.cpp */; };
		9DEA546519B4A5F00093D5D9 /* CCScheduleGate.h in Headers */ = {isa = PBXBuildFile; fileRef = 9DEA542519B4A5F00093D5D9 /* CCScheduleGate.h */; };
		9DEA546619B4A5F00093D5D9 /* CCWorldCompletionGate.cpp in Sources */ = {isa = PBXBuildFile; fileRef = 9DEA542619B4A5F00093D5D9 /* CCWorldCompletionGate.cpp */; };
		9DEA546719B4A5F00093D5D9 /* CCWorldCompletionGate.h in Headers */ = {isa = PBXBuildFile; fileRef = 9DEA542719B4A5F00093D5D9 /* CCWorldCompletionGate.h */; };
		9DEA546819B4A5F00093D5D9 /* CCRangeScore.cpp in Sources */ = {isa = PBXBuildFile; fileRef = 9DEA542A19B4A5F00093D5D9 /* CCRangeScore.cpp */; };
		9DEA546919B4A5F00093D5D9 /* CCRangeScore.h in Headers */ = {isa = PBXBuildFile; fileRef = 9DEA542B19B4A5F00093D5D9 /* CCRangeScore.h */; };
		9DEA546A19B4A5F00093D5D9 /* CCScore.cpp in Sources */ = {isa = PBXBuildFile; fileRef = 9DEA542C19B4A5F00093D5D9 /* CCScore.cpp */; };
		9DEA546B19B4A5F00093D5D9 /* CCScore.h in Headers */ = {isa = PBXBuildFile; fileRef = 9DEA542D19B4A5F00093D5D9 /* CCScore.h */; };
		9DEA546C19B4A5F00093D5D9 /* CCVirtualItemScore.cpp in Sources */ = {isa = PBXBuildFile; fileRef = 9DEA542E19B4A5F00093D5D9 /* CCVirtualItemScore.cpp */; };
		9DEA546D19B4A5F00093D5D9 /* CCVirtualItemScore.h in Headers */ = {isa = PBXBuildFile; fileRef = 9DEA542F19B4A5F00093D5D9 /* CCVirtualItemScore.h */; };
		9DEA547219B4A6010093D5D9 /* LevelUpService.h in Headers */ = {isa = PBXBuildFile; fileRef = 9DEA547019B4A6010093D5D9 /* LevelUpService.h */; };
		9DEA547319B4A6010093D5D9 /* LevelUpService.mm in Sources */ = {isa = PBXBuildFile; fileRef = 9DEA547119B4A6010093D5D9 /* LevelUpService.mm */; };
		9DEA548619B4A6350093D5D9 /* GateStorage.h in Headers */ = {isa = PBXBuildFile; fileRef = 9DEA547619B4A6350093D5D9 /* GateStorage.h */; };
		9DEA548719B4A6350093D5D9 /* GateStorage.m in Sources */ = {isa = PBXBuildFile; fileRef = 9DEA547719B4A6350093D5D9 /* GateStorage.m */; };
		9DEA548819B4A6350093D5D9 /* LevelStorage.h in Headers */ = {isa = PBXBuildFile; fileRef = 9DEA547819B4A6350093D5D9 /* LevelStorage.h */; };
		9DEA548919B4A6350093D5D9 /* LevelStorage.m in Sources */ = {isa = PBXBuildFile; fileRef = 9DEA547919B4A6350093D5D9 /* LevelStorage.m */; };
		9DEA548A19B4A6350093D5D9 /* LUJSONConsts.h in Headers */ = {isa = PBXBuildFile; fileRef = 9DEA547A19B4A6350093D5D9 /* LUJSONConsts.h */; };
		9DEA548B19B4A6350093D5D9 /* LUJSONConsts.m in Sources */ = {isa = PBXBuildFile; fileRef = 9DEA547B19B4A6350093D5D9 /* LUJSONConsts.m */; };
		9DEA548C19B4A6350093D5D9 /* MissionStorage.h in Headers */ = {isa = PBXBuildFile; fileRef = 9DEA547C19B4A6350093D5D9 /* MissionStorage.h */; };
		9DEA548D19B4A6350093D5D9 /* MissionStorage.m in Sources */ = {isa = PBXBuildFile; fileRef = 9DEA547D19B4A6350093D5D9 /* MissionStorage.m */; };
		9DEA548E19B4A6350093D5D9 /* ScoreStorage.h in Headers */ = {isa = PBXBuildFile; fileRef = 9DEA547E19B4A6350093D5D9 /* ScoreStorage.h */; };
		9DEA548F19B4A6350093D5D9 /* ScoreStorage.m in Sources */ = {isa = PBXBuildFile; fileRef = 9DEA547F19B4A6350093D5D9 /* ScoreStorage.m */; };
		9DEA549019B4A6350093D5D9 /* WorldStorage.h in Headers */ = {isa = PBXBuildFile; fileRef = 9DEA548019B4A6350093D5D9 /* WorldStorage.h */; };
		9DEA549119B4A6350093D5D9 /* WorldStorage.m in Sources */ = {isa = PBXBuildFile; fileRef = 9DEA548119B4A6350093D5D9 /* WorldStorage.m */; };
		9DEA549219B4A6350093D5D9 /* LevelUp.h in Headers */ = {isa = PBXBuildFile; fileRef = 9DEA548219B4A6350093D5D9 /* LevelUp.h */; };
		9DEA549319B4A6350093D5D9 /* LevelUpEventHandling.h in Headers */ = {isa = PBXBuildFile; fileRef = 9DEA548319B4A6350093D5D9 /* LevelUpEventHandling.h */; };
		9DEA549419B4A6350093D5D9 /* LevelUpEventHandling.m in Sources */ = {isa = PBXBuildFile; fileRef = 9DEA548419B4A6350093D5D9 /* LevelUpEventHandling.m */; };
		9DEA549519B4A6350093D5D9 /* SoomlaiOSLevelUp-Prefix.pch in Headers */ = {isa = PBXBuildFile; fileRef = 9DEA548519B4A6350093D5D9 /* SoomlaiOSLevelUp-Prefix.pch */; };
		C0B3C5F3168C6D0C00161FAA /* Foundation.framework in Frameworks */ = {isa = PBXBuildFile; fileRef = C0B3C5F2168C6D0C00161FAA /* Foundation.framework */; };
/* End PBXBuildFile section */

/* Begin PBXFileReference section */
		372B705BBBE5B6A051E0F89C /* CCPurchasableGate.cpp */ = {isa = PBXFileReference; fileEncoding = 4; lastKnownFileType = sourcecode.cpp.cpp; path = CCPurchasableGate.cpp; sourceTree = "<group>"; };
		372B715770A556EC7DFEFC31 /* CCBalanceGate.cpp */ = {isa = PBXFileReference; fileEncoding = 4; lastKnownFileType = sourcecode.cpp.cpp; path = CCBalanceGate.cpp; sourceTree = "<group>"; };
		372B71AD7AB18C2A61092D8D /* CCSocialUploadGate.h */ = {isa = PBXFileReference; fileEncoding = 4; lastKnownFileType = sourcecode.c.h; path = CCSocialUploadGate.h; sourceTree = "<group>"; };
		372B7254FE9DC2EC64E9BF5C /* CCSocialStatusGate.h */ = {isa = PBXFileReference; fileEncoding = 4; lastKnownFileType = sourcecode.c.h; path = CCSocialStatusGate.h; sourceTree = "<group>"; };
		372B72C31C6DCA9CB63ED4A5 /* CCSocialUploadMission.cpp */ = {isa = PBXFileReference; fileEncoding = 4; lastKnownFileType = sourcecode.cpp.cpp; path = CCSocialUploadMission.cpp; sourceTree = "<group>"; };
		372B73E5BFD797259A982C20 /* CCSocialStatusMission.h */ = {isa = PBXFileReference; fileEncoding = 4; lastKnownFileType = sourcecode.c.h; path = CCSocialStatusMission.h; sourceTree = "<group>"; };
		372B743D533226019FFE1D4B /* CCSocialStatusGate.cpp */ = {isa = PBXFileReference; fileEncoding = 4; lastKnownFileType = sourcecode.cpp.cpp; path = CCSocialStatusGate.cpp; sourceTree = "<group>"; };
		372B743F24555580F824689A /* CCSocialLikeMission.cpp */ = {isa = PBXFileReference; fileEncoding = 4; lastKnownFileType = sourcecode.cpp.cpp; path = CCSocialLikeMission.cpp; sourceTree = "<group>"; };
		372B765597CFDE758D5D88C3 /* CCSocialStoryGate.h */ = {isa = PBXFileReference; fileEncoding = 4; lastKnownFileType = sourcecode.c.h; path = CCSocialStoryGate.h; sourceTree = "<group>"; };
		372B76B105E532FCD11DAC53 /* CCPurchasingMission.cpp */ = {isa = PBXFileReference; fileEncoding = 4; lastKnownFileType = sourcecode.cpp.cpp; path = CCPurchasingMission.cpp; sourceTree = "<group>"; };
		372B76E3A8B8B30A20CBC79D /* CCSocialLikeMission.h */ = {isa = PBXFileReference; fileEncoding = 4; lastKnownFileType = sourcecode.c.h; path = CCSocialLikeMission.h; sourceTree = "<group>"; };
		372B77581EE07D32E4F89699 /* CCSocialActionGate.cpp */ = {isa = PBXFileReference; fileEncoding = 4; lastKnownFileType = sourcecode.cpp.cpp; path = CCSocialActionGate.cpp; sourceTree = "<group>"; };
		372B77DE3F0116EB6EFA5302 /* CCSocialActionGate.h */ = {isa = PBXFileReference; fileEncoding = 4; lastKnownFileType = sourcecode.c.h; path = CCSocialActionGate.h; sourceTree = "<group>"; };
		372B783C7524AE4ED2F0AEF6 /* CCSocialLikeGate.h */ = {isa = PBXFileReference; fileEncoding = 4; lastKnownFileType = sourcecode.c.h; path = CCSocialLikeGate.h; sourceTree = "<group>"; };
		372B78C040DEC89087F8BD40 /* CCSocialUploadGate.cpp */ = {isa = PBXFileReference; fileEncoding = 4; lastKnownFileType = sourcecode.cpp.cpp; path = CCSocialUploadGate.cpp; sourceTree = "<group>"; };
		372B7ADC3890E5E65AAD3270 /* CCSocialStoryMission.cpp */ = {isa = PBXFileReference; fileEncoding = 4; lastKnownFileType = sourcecode.cpp.cpp; path = CCSocialStoryMission.cpp; sourceTree = "<group>"; };
		372B7B8066E37591EAE5D589 /* CCBalanceMission.h */ = {isa = PBXFileReference; fileEncoding = 4; lastKnownFileType = sourcecode.c.h; path = CCBalanceMission.h; sourceTree = "<group>"; };
		372B7C7B0B584670E1E8CEBA /* CCSocialStoryGate.cpp */ = {isa = PBXFileReference; fileEncoding = 4; lastKnownFileType = sourcecode.cpp.cpp; path = CCSocialStoryGate.cpp; sourceTree = "<group>"; };
		372B7D2BA240C40973AE804C /* CCSocialStatusMission.cpp */ = {isa = PBXFileReference; fileEncoding = 4; lastKnownFileType = sourcecode.cpp.cpp; path = CCSocialStatusMission.cpp; sourceTree = "<group>"; };
		372B7D4B20FB6BD4B373D48E /* CCPurchasableGate.h */ = {isa = PBXFileReference; fileEncoding = 4; lastKnownFileType = sourcecode.c.h; path = CCPurchasableGate.h; sourceTree = "<group>"; };
		372B7D8AE02BB5D9882D1F9C /* CCSocialLikeGate.cpp */ = {isa = PBXFileReference; fileEncoding = 4; lastKnownFileType = sourcecode.cpp.cpp; path = CCSocialLikeGate.cpp; sourceTree = "<group>"; };
		372B7DAB0B0BB3000F871947 /* CCSocialUploadMission.h */ = {isa = PBXFileReference; fileEncoding = 4; lastKnownFileType = sourcecode.c.h; path = CCSocialUploadMission.h; sourceTree = "<group>"; };
		372B7EAB5EE3DFF8F2E6E030 /* CCBalanceMission.cpp */ = {isa = PBXFileReference; fileEncoding = 4; lastKnownFileType = sourcecode.cpp.cpp; path = CCBalanceMission.cpp; sourceTree = "<group>"; };
		372B7EB19C08B6A9B8FA34E7 /* CCSocialStoryMission.h */ = {isa = PBXFileReference; fileEncoding = 4; lastKnownFileType = sourcecode.c.h; path = CCSocialStoryMission.h; sourceTree = "<group>"; };
		372B7F87FEBB8A75F41E7353 /* CCBalanceGate.h */ = {isa = PBXFileReference; fileEncoding = 4; lastKnownFileType = sourcecode.c.h; path = CCBalanceGate.h; sourceTree = "<group>"; };
		372B7FC77EFAF8E67893D93B /* CCPurchasingMission.h */ = {isa = PBXFileReference; fileEncoding = 4; lastKnownFileType = sourcecode.c.h; path = CCPurchasingMission.h; sourceTree = "<group>"; };
		9D41016D1978D35200907FA8 /* libCocos2dXiOSCore.a */ = {isa = PBXFileReference; lastKnownFileType = archive.ar; name = libCocos2dXiOSCore.a; path = "soomla-native/compilations/ios/libCocos2dXiOSCore.a"; sourceTree = "<group>"; };
		9D41016E1978D35200907FA8 /* libSoomlaiOSCore.a */ = {isa = PBXFileReference; lastKnownFileType = archive.ar; name = libSoomlaiOSCore.a; path = "soomla-native/compilations/ios/libSoomlaiOSCore.a"; sourceTree = "<group>"; };
		9DEA53ED19B4A5F00093D5D9 /* CCLevel.cpp */ = {isa = PBXFileReference; fileEncoding = 4; lastKnownFileType = sourcecode.cpp.cpp; path = CCLevel.cpp; sourceTree = "<group>"; };
		9DEA53EE19B4A5F00093D5D9 /* CCLevel.h */ = {isa = PBXFileReference; fileEncoding = 4; lastKnownFileType = sourcecode.c.h; path = CCLevel.h; sourceTree = "<group>"; };
		9DEA53EF19B4A5F00093D5D9 /* CCLevelUp.cpp */ = {isa = PBXFileReference; fileEncoding = 4; lastKnownFileType = sourcecode.cpp.cpp; path = CCLevelUp.cpp; sourceTree = "<group>"; };
		9DEA53F019B4A5F00093D5D9 /* CCLevelUp.h */ = {isa = PBXFileReference; fileEncoding = 4; lastKnownFileType = sourcecode.c.h; path = CCLevelUp.h; sourceTree = "<group>"; };
		9DEA53F119B4A5F00093D5D9 /* CCLevelUpConsts.cpp */ = {isa = PBXFileReference; fileEncoding = 4; lastKnownFileType = sourcecode.cpp.cpp; path = CCLevelUpConsts.cpp; sourceTree = "<group>"; };
		9DEA53F219B4A5F00093D5D9 /* CCLevelUpConsts.h */ = {isa = PBXFileReference; fileEncoding = 4; lastKnownFileType = sourcecode.c.h; path = CCLevelUpConsts.h; sourceTree = "<group>"; };
		9DEA53F319B4A5F00093D5D9 /* CCLevelUpEventDispatcher.cpp */ = {isa = PBXFileReference; fileEncoding = 4; lastKnownFileType = sourcecode.cpp.cpp; path = CCLevelUpEventDispatcher.cpp; sourceTree = "<group>"; };
		9DEA53F419B4A5F00093D5D9 /* CCLevelUpEventDispatcher.h */ = {isa = PBXFileReference; fileEncoding = 4; lastKnownFileType = sourcecode.c.h; path = CCLevelUpEventDispatcher.h; sourceTree = "<group>"; };
		9DEA53F519B4A5F00093D5D9 /* CCLevelUpEventHandler.h */ = {isa = PBXFileReference; fileEncoding = 4; lastKnownFileType = sourcecode.c.h; path = CCLevelUpEventHandler.h; sourceTree = "<group>"; };
		9DEA53F619B4A5F00093D5D9 /* CCLevelUpService.cpp */ = {isa = PBXFileReference; fileEncoding = 4; lastKnownFileType = sourcecode.cpp.cpp; path = CCLevelUpService.cpp; sourceTree = "<group>"; };
		9DEA53F719B4A5F00093D5D9 /* CCLevelUpService.h */ = {isa = PBXFileReference; fileEncoding = 4; lastKnownFileType = sourcecode.c.h; path = CCLevelUpService.h; sourceTree = "<group>"; };
		9DEA53F819B4A5F00093D5D9 /* CCSimpleLevelUpEventHandler.cpp */ = {isa = PBXFileReference; fileEncoding = 4; lastKnownFileType = sourcecode.cpp.cpp; path = CCSimpleLevelUpEventHandler.cpp; sourceTree = "<group>"; };
		9DEA53F919B4A5F00093D5D9 /* CCSimpleLevelUpEventHandler.h */ = {isa = PBXFileReference; fileEncoding = 4; lastKnownFileType = sourcecode.c.h; path = CCSimpleLevelUpEventHandler.h; sourceTree = "<group>"; };
		9DEA53FA19B4A5F00093D5D9 /* CCWorld.cpp */ = {isa = PBXFileReference; fileEncoding = 4; lastKnownFileType = sourcecode.cpp.cpp; path = CCWorld.cpp; sourceTree = "<group>"; };
		9DEA53FB19B4A5F00093D5D9 /* CCWorld.h */ = {isa = PBXFileReference; fileEncoding = 4; lastKnownFileType = sourcecode.c.h; path = CCWorld.h; sourceTree = "<group>"; };
		9DEA53FF19B4A5F00093D5D9 /* CCChallenge.cpp */ = {isa = PBXFileReference; fileEncoding = 4; lastKnownFileType = sourcecode.cpp.cpp; path = CCChallenge.cpp; sourceTree = "<group>"; };
		9DEA540019B4A5F00093D5D9 /* CCChallenge.h */ = {isa = PBXFileReference; fileEncoding = 4; lastKnownFileType = sourcecode.c.h; path = CCChallenge.h; sourceTree = "<group>"; };
		9DEA540119B4A5F00093D5D9 /* CCMission.cpp */ = {isa = PBXFileReference; fileEncoding = 4; lastKnownFileType = sourcecode.cpp.cpp; path = CCMission.cpp; sourceTree = "<group>"; };
		9DEA540219B4A5F00093D5D9 /* CCMission.h */ = {isa = PBXFileReference; fileEncoding = 4; lastKnownFileType = sourcecode.c.h; path = CCMission.h; sourceTree = "<group>"; };
		9DEA540519B4A5F00093D5D9 /* CCRecordMission.cpp */ = {isa = PBXFileReference; fileEncoding = 4; lastKnownFileType = sourcecode.cpp.cpp; path = CCRecordMission.cpp; sourceTree = "<group>"; };
		9DEA540619B4A5F00093D5D9 /* CCRecordMission.h */ = {isa = PBXFileReference; fileEncoding = 4; lastKnownFileType = sourcecode.c.h; path = CCRecordMission.h; sourceTree = "<group>"; };
		9DEA540719B4A5F00093D5D9 /* CCWorldCompletionMission.cpp */ = {isa = PBXFileReference; fileEncoding = 4; lastKnownFileType = sourcecode.cpp.cpp; path = CCWorldCompletionMission.cpp; sourceTree = "<group>"; };
		9DEA540819B4A5F00093D5D9 /* CCWorldCompletionMission.h */ = {isa = PBXFileReference; fileEncoding = 4; lastKnownFileType = sourcecode.c.h; path = CCWorldCompletionMission.h; sourceTree = "<group>"; };
		9DEA540919B4A5F00093D5D9 /* Cocos2dxLevelUp.h */ = {isa = PBXFileReference; fileEncoding = 4; lastKnownFileType = sourcecode.c.h; path = Cocos2dxLevelUp.h; sourceTree = "<group>"; };
		9DEA540B19B4A5F00093D5D9 /* CCGateStorage.cpp */ = {isa = PBXFileReference; fileEncoding = 4; lastKnownFileType = sourcecode.cpp.cpp; path = CCGateStorage.cpp; sourceTree = "<group>"; };
		9DEA540C19B4A5F00093D5D9 /* CCGateStorage.h */ = {isa = PBXFileReference; fileEncoding = 4; lastKnownFileType = sourcecode.c.h; path = CCGateStorage.h; sourceTree = "<group>"; };
		9DEA540D19B4A5F00093D5D9 /* CCLevelStorage.cpp */ = {isa = PBXFileReference; fileEncoding = 4; lastKnownFileType = sourcecode.cpp.cpp; path = CCLevelStorage.cpp; sourceTree = "<group>"; };
		9DEA540E19B4A5F00093D5D9 /* CCLevelStorage.h */ = {isa = PBXFileReference; fileEncoding = 4; lastKnownFileType = sourcecode.c.h; path = CCLevelStorage.h; sourceTree = "<group>"; };
		9DEA540F19B4A5F00093D5D9 /* CCMissionStorage.cpp */ = {isa = PBXFileReference; fileEncoding = 4; lastKnownFileType = sourcecode.cpp.cpp; path = CCMissionStorage.cpp; sourceTree = "<group>"; };
		9DEA541019B4A5F00093D5D9 /* CCMissionStorage.h */ = {isa = PBXFileReference; fileEncoding = 4; lastKnownFileType = sourcecode.c.h; path = CCMissionStorage.h; sourceTree = "<group>"; };
		9DEA541119B4A5F00093D5D9 /* CCScoreStorage.cpp */ = {isa = PBXFileReference; fileEncoding = 4; lastKnownFileType = sourcecode.cpp.cpp; path = CCScoreStorage.cpp; sourceTree = "<group>"; };
		9DEA541219B4A5F00093D5D9 /* CCScoreStorage.h */ = {isa = PBXFileReference; fileEncoding = 4; lastKnownFileType = sourcecode.c.h; path = CCScoreStorage.h; sourceTree = "<group>"; };
		9DEA541319B4A5F00093D5D9 /* CCWorldStorage.cpp */ = {isa = PBXFileReference; fileEncoding = 4; lastKnownFileType = sourcecode.cpp.cpp; path = CCWorldStorage.cpp; sourceTree = "<group>"; };
		9DEA541419B4A5F00093D5D9 /* CCWorldStorage.h */ = {isa = PBXFileReference; fileEncoding = 4; lastKnownFileType = sourcecode.c.h; path = CCWorldStorage.h; sourceTree = "<group>"; };
		9DEA541819B4A5F00093D5D9 /* CCGate.cpp */ = {isa = PBXFileReference; fileEncoding = 4; lastKnownFileType = sourcecode.cpp.cpp; path = CCGate.cpp; sourceTree = "<group>"; };
		9DEA541919B4A5F00093D5D9 /* CCGate.h */ = {isa = PBXFileReference; fileEncoding = 4; lastKnownFileType = sourcecode.c.h; path = CCGate.h; sourceTree = "<group>"; };
		9DEA541A19B4A5F00093D5D9 /* CCGatesList.cpp */ = {isa = PBXFileReference; fileEncoding = 4; lastKnownFileType = sourcecode.cpp.cpp; path = CCGatesList.cpp; sourceTree = "<group>"; };
		9DEA541B19B4A5F00093D5D9 /* CCGatesList.h */ = {isa = PBXFileReference; fileEncoding = 4; lastKnownFileType = sourcecode.c.h; path = CCGatesList.h; sourceTree = "<group>"; };
		9DEA541C19B4A5F00093D5D9 /* CCGatesListAND.cpp */ = {isa = PBXFileReference; fileEncoding = 4; lastKnownFileType = sourcecode.cpp.cpp; path = CCGatesListAND.cpp; sourceTree = "<group>"; };
		9DEA541D19B4A5F00093D5D9 /* CCGatesListAND.h */ = {isa = PBXFileReference; fileEncoding = 4; lastKnownFileType = sourcecode.c.h; path = CCGatesListAND.h; sourceTree = "<group>"; };
		9DEA541E19B4A5F00093D5D9 /* CCGatesListOr.cpp */ = {isa = PBXFileReference; fileEncoding = 4; lastKnownFileType = sourcecode.cpp.cpp; path = CCGatesListOr.cpp; sourceTree = "<group>"; };
		9DEA541F19B4A5F00093D5D9 /* CCGatesListOr.h */ = {isa = PBXFileReference; fileEncoding = 4; lastKnownFileType = sourcecode.c.h; path = CCGatesListOr.h; sourceTree = "<group>"; };
		9DEA542219B4A5F00093D5D9 /* CCRecordGate.cpp */ = {isa = PBXFileReference; fileEncoding = 4; lastKnownFileType = sourcecode.cpp.cpp; path = CCRecordGate.cpp; sourceTree = "<group>"; };
		9DEA542319B4A5F00093D5D9 /* CCRecordGate.h */ = {isa = PBXFileReference; fileEncoding = 4; lastKnownFileType = sourcecode.c.h; path = CCRecordGate.h; sourceTree = "<group>"; };
		9DEA542419B4A5F00093D5D9 /* CCScheduleGate.cpp */ = {isa = PBXFileReference; fileEncoding = 4; lastKnownFileType = sourcecode.cpp.cpp; path = CCScheduleGate.cpp; sourceTree = "<group>"; };
		9DEA542519B4A5F00093D5D9 /* CCScheduleGate.h */ = {isa = PBXFileReference; fileEncoding = 4; lastKnownFileType = sourcecode.c.h; path = CCScheduleGate.h; sourceTree = "<group>"; };
		9DEA542619B4A5F00093D5D9 /* CCWorldCompletionGate.cpp */ = {isa = PBXFileReference; fileEncoding = 4; lastKnownFileType = sourcecode.cpp.cpp; path = CCWorldCompletionGate.cpp; sourceTree = "<group>"; };
		9DEA542719B4A5F00093D5D9 /* CCWorldCompletionGate.h */ = {isa = PBXFileReference; fileEncoding = 4; lastKnownFileType = sourcecode.c.h; path = CCWorldCompletionGate.h; sourceTree = "<group>"; };
		9DEA542A19B4A5F00093D5D9 /* CCRangeScore.cpp */ = {isa = PBXFileReference; fileEncoding = 4; lastKnownFileType = sourcecode.cpp.cpp; path = CCRangeScore.cpp; sourceTree = "<group>"; };
		9DEA542B19B4A5F00093D5D9 /* CCRangeScore.h */ = {isa = PBXFileReference; fileEncoding = 4; lastKnownFileType = sourcecode.c.h; path = CCRangeScore.h; sourceTree = "<group>"; };
		9DEA542C19B4A5F00093D5D9 /* CCScore.cpp */ = {isa = PBXFileReference; fileEncoding = 4; lastKnownFileType = sourcecode.cpp.cpp; path = CCScore.cpp; sourceTree = "<group>"; };
		9DEA542D19B4A5F00093D5D9 /* CCScore.h */ = {isa = PBXFileReference; fileEncoding = 4; lastKnownFileType = sourcecode.c.h; path = CCScore.h; sourceTree = "<group>"; };
		9DEA542E19B4A5F00093D5D9 /* CCVirtualItemScore.cpp */ = {isa = PBXFileReference; fileEncoding = 4; lastKnownFileType = sourcecode.cpp.cpp; path = CCVirtualItemScore.cpp; sourceTree = "<group>"; };
		9DEA542F19B4A5F00093D5D9 /* CCVirtualItemScore.h */ = {isa = PBXFileReference; fileEncoding = 4; lastKnownFileType = sourcecode.c.h; path = CCVirtualItemScore.h; sourceTree = "<group>"; };
		9DEA547019B4A6010093D5D9 /* LevelUpService.h */ = {isa = PBXFileReference; fileEncoding = 4; lastKnownFileType = sourcecode.c.h; path = LevelUpService.h; sourceTree = "<group>"; };
		9DEA547119B4A6010093D5D9 /* LevelUpService.mm */ = {isa = PBXFileReference; fileEncoding = 4; lastKnownFileType = sourcecode.cpp.objcpp; path = LevelUpService.mm; sourceTree = "<group>"; };
		9DEA547619B4A6350093D5D9 /* GateStorage.h */ = {isa = PBXFileReference; fileEncoding = 4; lastKnownFileType = sourcecode.c.h; path = GateStorage.h; sourceTree = "<group>"; };
		9DEA547719B4A6350093D5D9 /* GateStorage.m */ = {isa = PBXFileReference; fileEncoding = 4; lastKnownFileType = sourcecode.c.objc; path = GateStorage.m; sourceTree = "<group>"; };
		9DEA547819B4A6350093D5D9 /* LevelStorage.h */ = {isa = PBXFileReference; fileEncoding = 4; lastKnownFileType = sourcecode.c.h; path = LevelStorage.h; sourceTree = "<group>"; };
		9DEA547919B4A6350093D5D9 /* LevelStorage.m */ = {isa = PBXFileReference; fileEncoding = 4; lastKnownFileType = sourcecode.c.objc; path = LevelStorage.m; sourceTree = "<group>"; };
		9DEA547A19B4A6350093D5D9 /* LUJSONConsts.h */ = {isa = PBXFileReference; fileEncoding = 4; lastKnownFileType = sourcecode.c.h; path = LUJSONConsts.h; sourceTree = "<group>"; };
		9DEA547B19B4A6350093D5D9 /* LUJSONConsts.m */ = {isa = PBXFileReference; fileEncoding = 4; lastKnownFileType = sourcecode.c.objc; path = LUJSONConsts.m; sourceTree = "<group>"; };
		9DEA547C19B4A6350093D5D9 /* MissionStorage.h */ = {isa = PBXFileReference; fileEncoding = 4; lastKnownFileType = sourcecode.c.h; path = MissionStorage.h; sourceTree = "<group>"; };
		9DEA547D19B4A6350093D5D9 /* MissionStorage.m */ = {isa = PBXFileReference; fileEncoding = 4; lastKnownFileType = sourcecode.c.objc; path = MissionStorage.m; sourceTree = "<group>"; };
		9DEA547E19B4A6350093D5D9 /* ScoreStorage.h */ = {isa = PBXFileReference; fileEncoding = 4; lastKnownFileType = sourcecode.c.h; path = ScoreStorage.h; sourceTree = "<group>"; };
		9DEA547F19B4A6350093D5D9 /* ScoreStorage.m */ = {isa = PBXFileReference; fileEncoding = 4; lastKnownFileType = sourcecode.c.objc; path = ScoreStorage.m; sourceTree = "<group>"; };
		9DEA548019B4A6350093D5D9 /* WorldStorage.h */ = {isa = PBXFileReference; fileEncoding = 4; lastKnownFileType = sourcecode.c.h; path = WorldStorage.h; sourceTree = "<group>"; };
		9DEA548119B4A6350093D5D9 /* WorldStorage.m */ = {isa = PBXFileReference; fileEncoding = 4; lastKnownFileType = sourcecode.c.objc; path = WorldStorage.m; sourceTree = "<group>"; };
		9DEA548219B4A6350093D5D9 /* LevelUp.h */ = {isa = PBXFileReference; fileEncoding = 4; lastKnownFileType = sourcecode.c.h; path = LevelUp.h; sourceTree = "<group>"; };
		9DEA548319B4A6350093D5D9 /* LevelUpEventHandling.h */ = {isa = PBXFileReference; fileEncoding = 4; lastKnownFileType = sourcecode.c.h; path = LevelUpEventHandling.h; sourceTree = "<group>"; };
		9DEA548419B4A6350093D5D9 /* LevelUpEventHandling.m */ = {isa = PBXFileReference; fileEncoding = 4; lastKnownFileType = sourcecode.c.objc; path = LevelUpEventHandling.m; sourceTree = "<group>"; };
		9DEA548519B4A6350093D5D9 /* SoomlaiOSLevelUp-Prefix.pch */ = {isa = PBXFileReference; fileEncoding = 4; lastKnownFileType = sourcecode.c.h; path = "SoomlaiOSLevelUp-Prefix.pch"; sourceTree = "<group>"; };
		C0B3C5EF168C6D0C00161FAA /* libCocos2dxLevelUpFromSources.a */ = {isa = PBXFileReference; explicitFileType = archive.ar; includeInIndex = 0; path = libCocos2dxLevelUpFromSources.a; sourceTree = BUILT_PRODUCTS_DIR; };
		C0B3C5F2168C6D0C00161FAA /* Foundation.framework */ = {isa = PBXFileReference; lastKnownFileType = wrapper.framework; name = Foundation.framework; path = System/Library/Frameworks/Foundation.framework; sourceTree = SDKROOT; };
/* End PBXFileReference section */

/* Begin PBXFrameworksBuildPhase section */
		C0B3C5EC168C6D0C00161FAA /* Frameworks */ = {
			isa = PBXFrameworksBuildPhase;
			buildActionMask = 2147483647;
			files = (
				C0B3C5F3168C6D0C00161FAA /* Foundation.framework in Frameworks */,
			);
			runOnlyForDeploymentPostprocessing = 0;
		};
/* End PBXFrameworksBuildPhase section */

/* Begin PBXGroup section */
		372B725A5274E2D33F940599 /* store */ = {
			isa = PBXGroup;
			children = (
				372B7FC77EFAF8E67893D93B /* CCPurchasingMission.h */,
				372B7EAB5EE3DFF8F2E6E030 /* CCBalanceMission.cpp */,
				372B76B105E532FCD11DAC53 /* CCPurchasingMission.cpp */,
				372B7B8066E37591EAE5D589 /* CCBalanceMission.h */,
			);
			path = store;
			sourceTree = "<group>";
		};
		372B7A18701A932A22BDF0D6 /* profile */ = {
			isa = PBXGroup;
			children = (
				372B77DE3F0116EB6EFA5302 /* CCSocialActionGate.h */,
				372B77581EE07D32E4F89699 /* CCSocialActionGate.cpp */,
				372B7D8AE02BB5D9882D1F9C /* CCSocialLikeGate.cpp */,
				372B783C7524AE4ED2F0AEF6 /* CCSocialLikeGate.h */,
				372B7254FE9DC2EC64E9BF5C /* CCSocialStatusGate.h */,
				372B743D533226019FFE1D4B /* CCSocialStatusGate.cpp */,
				372B765597CFDE758D5D88C3 /* CCSocialStoryGate.h */,
				372B7C7B0B584670E1E8CEBA /* CCSocialStoryGate.cpp */,
				372B78C040DEC89087F8BD40 /* CCSocialUploadGate.cpp */,
				372B71AD7AB18C2A61092D8D /* CCSocialUploadGate.h */,
			);
			path = profile;
			sourceTree = "<group>";
		};
		372B7BA4B4C5059C0EE9E5A3 /* profile */ = {
			isa = PBXGroup;
			children = (
				372B743F24555580F824689A /* CCSocialLikeMission.cpp */,
				372B76E3A8B8B30A20CBC79D /* CCSocialLikeMission.h */,
				372B73E5BFD797259A982C20 /* CCSocialStatusMission.h */,
				372B7D2BA240C40973AE804C /* CCSocialStatusMission.cpp */,
				372B7ADC3890E5E65AAD3270 /* CCSocialStoryMission.cpp */,
				372B7EB19C08B6A9B8FA34E7 /* CCSocialStoryMission.h */,
				372B72C31C6DCA9CB63ED4A5 /* CCSocialUploadMission.cpp */,
				372B7DAB0B0BB3000F871947 /* CCSocialUploadMission.h */,
			);
			path = profile;
			sourceTree = "<group>";
		};
		372B7FBCFF99F47BD973C0DC /* store */ = {
			isa = PBXGroup;
			children = (
				372B715770A556EC7DFEFC31 /* CCBalanceGate.cpp */,
				372B705BBBE5B6A051E0F89C /* CCPurchasableGate.cpp */,
				372B7F87FEBB8A75F41E7353 /* CCBalanceGate.h */,
				372B7D4B20FB6BD4B373D48E /* CCPurchasableGate.h */,
			);
			path = store;
			sourceTree = "<group>";
		};
		9DEA53EC19B4A5F00093D5D9 /* Soomla */ = {
			isa = PBXGroup;
			children = (
				9DEA53ED19B4A5F00093D5D9 /* CCLevel.cpp */,
				9DEA53EE19B4A5F00093D5D9 /* CCLevel.h */,
				9DEA53EF19B4A5F00093D5D9 /* CCLevelUp.cpp */,
				9DEA53F019B4A5F00093D5D9 /* CCLevelUp.h */,
				9DEA53F119B4A5F00093D5D9 /* CCLevelUpConsts.cpp */,
				9DEA53F219B4A5F00093D5D9 /* CCLevelUpConsts.h */,
				9DEA53F319B4A5F00093D5D9 /* CCLevelUpEventDispatcher.cpp */,
				9DEA53F419B4A5F00093D5D9 /* CCLevelUpEventDispatcher.h */,
				9DEA53F519B4A5F00093D5D9 /* CCLevelUpEventHandler.h */,
				9DEA53F619B4A5F00093D5D9 /* CCLevelUpService.cpp */,
				9DEA53F719B4A5F00093D5D9 /* CCLevelUpService.h */,
				9DEA53F819B4A5F00093D5D9 /* CCSimpleLevelUpEventHandler.cpp */,
				9DEA53F919B4A5F00093D5D9 /* CCSimpleLevelUpEventHandler.h */,
				9DEA53FA19B4A5F00093D5D9 /* CCWorld.cpp */,
				9DEA53FB19B4A5F00093D5D9 /* CCWorld.h */,
				9DEA53FC19B4A5F00093D5D9 /* challenges */,
				9DEA540919B4A5F00093D5D9 /* Cocos2dxLevelUp.h */,
				9DEA540A19B4A5F00093D5D9 /* data */,
				9DEA541519B4A5F00093D5D9 /* gates */,
				9DEA542819B4A5F00093D5D9 /* jsb */,
				9DEA542919B4A5F00093D5D9 /* scoring */,
			);
			name = Soomla;
			path = ../Soomla;
			sourceTree = "<group>";
		};
		9DEA53FC19B4A5F00093D5D9 /* challenges */ = {
			isa = PBXGroup;
			children = (
				9DEA53FF19B4A5F00093D5D9 /* CCChallenge.cpp */,
				9DEA540019B4A5F00093D5D9 /* CCChallenge.h */,
				9DEA540119B4A5F00093D5D9 /* CCMission.cpp */,
				9DEA540219B4A5F00093D5D9 /* CCMission.h */,
				9DEA540519B4A5F00093D5D9 /* CCRecordMission.cpp */,
				9DEA540619B4A5F00093D5D9 /* CCRecordMission.h */,
				9DEA540719B4A5F00093D5D9 /* CCWorldCompletionMission.cpp */,
				9DEA540819B4A5F00093D5D9 /* CCWorldCompletionMission.h */,
				372B725A5274E2D33F940599 /* store */,
				372B7BA4B4C5059C0EE9E5A3 /* profile */,
			);
			path = challenges;
			sourceTree = "<group>";
		};
		9DEA540A19B4A5F00093D5D9 /* data */ = {
			isa = PBXGroup;
			children = (
				9DEA540B19B4A5F00093D5D9 /* CCGateStorage.cpp */,
				9DEA540C19B4A5F00093D5D9 /* CCGateStorage.h */,
				9DEA540D19B4A5F00093D5D9 /* CCLevelStorage.cpp */,
				9DEA540E19B4A5F00093D5D9 /* CCLevelStorage.h */,
				9DEA540F19B4A5F00093D5D9 /* CCMissionStorage.cpp */,
				9DEA541019B4A5F00093D5D9 /* CCMissionStorage.h */,
				9DEA541119B4A5F00093D5D9 /* CCScoreStorage.cpp */,
				9DEA541219B4A5F00093D5D9 /* CCScoreStorage.h */,
				9DEA541319B4A5F00093D5D9 /* CCWorldStorage.cpp */,
				9DEA541419B4A5F00093D5D9 /* CCWorldStorage.h */,
			);
			path = data;
			sourceTree = "<group>";
		};
		9DEA541519B4A5F00093D5D9 /* gates */ = {
			isa = PBXGroup;
			children = (
				9DEA541819B4A5F00093D5D9 /* CCGate.cpp */,
				9DEA541919B4A5F00093D5D9 /* CCGate.h */,
				9DEA541A19B4A5F00093D5D9 /* CCGatesList.cpp */,
				9DEA541B19B4A5F00093D5D9 /* CCGatesList.h */,
				9DEA541C19B4A5F00093D5D9 /* CCGatesListAND.cpp */,
				9DEA541D19B4A5F00093D5D9 /* CCGatesListAND.h */,
				9DEA541E19B4A5F00093D5D9 /* CCGatesListOr.cpp */,
				9DEA541F19B4A5F00093D5D9 /* CCGatesListOr.h */,
				9DEA542219B4A5F00093D5D9 /* CCRecordGate.cpp */,
				9DEA542319B4A5F00093D5D9 /* CCRecordGate.h */,
				9DEA542419B4A5F00093D5D9 /* CCScheduleGate.cpp */,
				9DEA542519B4A5F00093D5D9 /* CCScheduleGate.h */,
				9DEA542619B4A5F00093D5D9 /* CCWorldCompletionGate.cpp */,
				9DEA542719B4A5F00093D5D9 /* CCWorldCompletionGate.h */,
				372B7FBCFF99F47BD973C0DC /* store */,
				372B7A18701A932A22BDF0D6 /* profile */,
			);
			path = gates;
			sourceTree = "<group>";
		};
		9DEA542819B4A5F00093D5D9 /* jsb */ = {
			isa = PBXGroup;
			children = (
			);
			path = jsb;
			sourceTree = "<group>";
		};
		9DEA542919B4A5F00093D5D9 /* scoring */ = {
			isa = PBXGroup;
			children = (
				9DEA542A19B4A5F00093D5D9 /* CCRangeScore.cpp */,
				9DEA542B19B4A5F00093D5D9 /* CCRangeScore.h */,
				9DEA542C19B4A5F00093D5D9 /* CCScore.cpp */,
				9DEA542D19B4A5F00093D5D9 /* CCScore.h */,
				9DEA542E19B4A5F00093D5D9 /* CCVirtualItemScore.cpp */,
				9DEA542F19B4A5F00093D5D9 /* CCVirtualItemScore.h */,
			);
			path = scoring;
			sourceTree = "<group>";
		};
		9DEA546E19B4A6010093D5D9 /* SoomlaCocos2dx */ = {
			isa = PBXGroup;
			children = (
				9DEA546F19B4A6010093D5D9 /* LevelUpBridge */,
			);
			name = SoomlaCocos2dx;
			path = "soomla-native/projects/cocos2dx-ios-levelup/SoomlaCocos2dx";
			sourceTree = "<group>";
		};
		9DEA546F19B4A6010093D5D9 /* LevelUpBridge */ = {
			isa = PBXGroup;
			children = (
				9DEA547019B4A6010093D5D9 /* LevelUpService.h */,
				9DEA547119B4A6010093D5D9 /* LevelUpService.mm */,
			);
			path = LevelUpBridge;
			sourceTree = "<group>";
		};
		9DEA547419B4A6350093D5D9 /* SoomlaiOSLevelUp */ = {
			isa = PBXGroup;
			children = (
				9DEA547519B4A6350093D5D9 /* data */,
				9DEA548219B4A6350093D5D9 /* LevelUp.h */,
				9DEA548319B4A6350093D5D9 /* LevelUpEventHandling.h */,
				9DEA548419B4A6350093D5D9 /* LevelUpEventHandling.m */,
				9DEA548519B4A6350093D5D9 /* SoomlaiOSLevelUp-Prefix.pch */,
			);
			name = SoomlaiOSLevelUp;
			path = "submodules/ios-levelup/SoomlaiOSLevelUp";
			sourceTree = "<group>";
		};
		9DEA547519B4A6350093D5D9 /* data */ = {
			isa = PBXGroup;
			children = (
				9DEA547619B4A6350093D5D9 /* GateStorage.h */,
				9DEA547719B4A6350093D5D9 /* GateStorage.m */,
				9DEA547819B4A6350093D5D9 /* LevelStorage.h */,
				9DEA547919B4A6350093D5D9 /* LevelStorage.m */,
				9DEA547A19B4A6350093D5D9 /* LUJSONConsts.h */,
				9DEA547B19B4A6350093D5D9 /* LUJSONConsts.m */,
				9DEA547C19B4A6350093D5D9 /* MissionStorage.h */,
				9DEA547D19B4A6350093D5D9 /* MissionStorage.m */,
				9DEA547E19B4A6350093D5D9 /* ScoreStorage.h */,
				9DEA547F19B4A6350093D5D9 /* ScoreStorage.m */,
				9DEA548019B4A6350093D5D9 /* WorldStorage.h */,
				9DEA548119B4A6350093D5D9 /* WorldStorage.m */,
			);
			path = data;
			sourceTree = "<group>";
		};
		C0B3C5E4168C6D0C00161FAA = {
			isa = PBXGroup;
			children = (
				9DEA53EC19B4A5F00093D5D9 /* Soomla */,
				9DEA546E19B4A6010093D5D9 /* SoomlaCocos2dx */,
				9DEA547419B4A6350093D5D9 /* SoomlaiOSLevelUp */,
				C0B3C5F1168C6D0C00161FAA /* Frameworks */,
				C0B3C5F0168C6D0C00161FAA /* Products */,
			);
			sourceTree = "<group>";
		};
		C0B3C5F0168C6D0C00161FAA /* Products */ = {
			isa = PBXGroup;
			children = (
				C0B3C5EF168C6D0C00161FAA /* libCocos2dxLevelUpFromSources.a */,
			);
			name = Products;
			sourceTree = "<group>";
		};
		C0B3C5F1168C6D0C00161FAA /* Frameworks */ = {
			isa = PBXGroup;
			children = (
				9D41016D1978D35200907FA8 /* libCocos2dXiOSCore.a */,
				9D41016E1978D35200907FA8 /* libSoomlaiOSCore.a */,
				C0B3C5F2168C6D0C00161FAA /* Foundation.framework */,
			);
			name = Frameworks;
			sourceTree = "<group>";
		};
/* End PBXGroup section */

/* Begin PBXHeadersBuildPhase section */
		9D64AAD0190653C40091D664 /* Headers */ = {
			isa = PBXHeadersBuildPhase;
			buildActionMask = 2147483647;
			files = (
				9DEA545319B4A5F00093D5D9 /* CCScoreStorage.h in Headers */,
				9DEA549519B4A6350093D5D9 /* SoomlaiOSLevelUp-Prefix.pch in Headers */,
				9DEA549319B4A6350093D5D9 /* LevelUpEventHandling.h in Headers */,
				9DEA543519B4A5F00093D5D9 /* CCLevelUpConsts.h in Headers */,
				9DEA543C19B4A5F00093D5D9 /* CCSimpleLevelUpEventHandler.h in Headers */,
				9DEA544F19B4A5F00093D5D9 /* CCLevelStorage.h in Headers */,
				9DEA544A19B4A5F00093D5D9 /* CCWorldCompletionMission.h in Headers */,
				9DEA546919B4A5F00093D5D9 /* CCRangeScore.h in Headers */,
				9DEA549019B4A6350093D5D9 /* WorldStorage.h in Headers */,
				9DEA546319B4A5F00093D5D9 /* CCRecordGate.h in Headers */,
				9DEA543719B4A5F00093D5D9 /* CCLevelUpEventDispatcher.h in Headers */,
				9DEA543819B4A5F00093D5D9 /* CCLevelUpEventHandler.h in Headers */,
				9DEA545919B4A5F00093D5D9 /* CCGate.h in Headers */,
				9DEA545119B4A5F00093D5D9 /* CCMissionStorage.h in Headers */,
				9DEA546B19B4A5F00093D5D9 /* CCScore.h in Headers */,
				9DEA548819B4A6350093D5D9 /* LevelStorage.h in Headers */,
				9DEA544419B4A5F00093D5D9 /* CCMission.h in Headers */,
				9DEA546519B4A5F00093D5D9 /* CCScheduleGate.h in Headers */,
				9DEA548E19B4A6350093D5D9 /* ScoreStorage.h in Headers */,
				9DEA549219B4A6350093D5D9 /* LevelUp.h in Headers */,
				9DEA546D19B4A5F00093D5D9 /* CCVirtualItemScore.h in Headers */,
				9DEA547219B4A6010093D5D9 /* LevelUpService.h in Headers */,
				9DEA544819B4A5F00093D5D9 /* CCRecordMission.h in Headers */,
				9DEA543319B4A5F00093D5D9 /* CCLevelUp.h in Headers */,
				9DEA544B19B4A5F00093D5D9 /* Cocos2dxLevelUp.h in Headers */,
				9DEA548619B4A6350093D5D9 /* GateStorage.h in Headers */,
				9DEA545B19B4A5F00093D5D9 /* CCGatesList.h in Headers */,
				9DEA544219B4A5F00093D5D9 /* CCChallenge.h in Headers */,
				9DEA545519B4A5F00093D5D9 /* CCWorldStorage.h in Headers */,
				9DEA548C19B4A6350093D5D9 /* MissionStorage.h in Headers */,
				9DEA543119B4A5F00093D5D9 /* CCLevel.h in Headers */,
				9DEA546719B4A5F00093D5D9 /* CCWorldCompletionGate.h in Headers */,
				9DEA543E19B4A5F00093D5D9 /* CCWorld.h in Headers */,
				9DEA545F19B4A5F00093D5D9 /* CCGatesListOr.h in Headers */,
				9DEA543A19B4A5F00093D5D9 /* CCLevelUpService.h in Headers */,
				9DEA548A19B4A6350093D5D9 /* LUJSONConsts.h in Headers */,
				9DEA544D19B4A5F00093D5D9 /* CCGateStorage.h in Headers */,
				9DEA545D19B4A5F00093D5D9 /* CCGatesListAnd.h in Headers */,
				372B782EBD5CE3D5D964CF62 /* CCPurchasingMission.h in Headers */,
				372B7BAD7CA78A9111FF627E /* CCBalanceMission.h in Headers */,
				372B7E6E164EBD909AB45D29 /* CCSocialLikeMission.h in Headers */,
				372B7282359B2973C58305F2 /* CCSocialStatusMission.h in Headers */,
				372B7F77C4042EC2997A7EF2 /* CCSocialStoryMission.h in Headers */,
				372B708B429A9C876C985737 /* CCSocialUploadMission.h in Headers */,
				372B7CF8AF8D38EDA9E3D388 /* CCBalanceGate.h in Headers */,
				372B75EEB950F5BFEF2C9A7F /* CCPurchasableGate.h in Headers */,
				372B7794EC1929BA9D119B67 /* CCSocialActionGate.h in Headers */,
				372B760372DB09EFAEEB5096 /* CCSocialLikeGate.h in Headers */,
				372B79BE643F4A24F177E325 /* CCSocialStatusGate.h in Headers */,
				372B7834621FA2C1BE848F99 /* CCSocialStoryGate.h in Headers */,
				372B77C3ADB395756E8E4353 /* CCSocialUploadGate.h in Headers */,
			);
			runOnlyForDeploymentPostprocessing = 0;
		};
/* End PBXHeadersBuildPhase section */

/* Begin PBXNativeTarget section */
		C0B3C5EE168C6D0C00161FAA /* Cocos2dxLevelUpFromSources */ = {
			isa = PBXNativeTarget;
			buildConfigurationList = C0B3C5FD168C6D0C00161FAA /* Build configuration list for PBXNativeTarget "Cocos2dxLevelUpFromSources" */;
			buildPhases = (
				C0B3C5EB168C6D0C00161FAA /* Sources */,
				C0B3C5EC168C6D0C00161FAA /* Frameworks */,
				9D64AAD0190653C40091D664 /* Headers */,
			);
			buildRules = (
			);
			dependencies = (
			);
			name = Cocos2dxLevelUpFromSources;
			productName = SoomlaIOSStore;
			productReference = C0B3C5EF168C6D0C00161FAA /* libCocos2dxLevelUpFromSources.a */;
			productType = "com.apple.product-type.library.static";
		};
/* End PBXNativeTarget section */

/* Begin PBXProject section */
		C0B3C5E6168C6D0C00161FAA /* Project object */ = {
			isa = PBXProject;
			attributes = {
				LastUpgradeCheck = 0450;
				ORGANIZATIONNAME = SOOMLA;
			};
			buildConfigurationList = C0B3C5E9168C6D0C00161FAA /* Build configuration list for PBXProject "Cocos2dxLevelUpFromSources" */;
			compatibilityVersion = "Xcode 3.2";
			developmentRegion = English;
			hasScannedForEncodings = 0;
			knownRegions = (
				en,
			);
			mainGroup = C0B3C5E4168C6D0C00161FAA;
			productRefGroup = C0B3C5F0168C6D0C00161FAA /* Products */;
			projectDirPath = "";
			projectRoot = "";
			targets = (
				C0B3C5EE168C6D0C00161FAA /* Cocos2dxLevelUpFromSources */,
			);
		};
/* End PBXProject section */

/* Begin PBXSourcesBuildPhase section */
		C0B3C5EB168C6D0C00161FAA /* Sources */ = {
			isa = PBXSourcesBuildPhase;
			buildActionMask = 2147483647;
			files = (
				9DEA543919B4A5F00093D5D9 /* CCLevelUpService.cpp in Sources */,
				9DEA549419B4A6350093D5D9 /* LevelUpEventHandling.m in Sources */,
				9DEA545019B4A5F00093D5D9 /* CCMissionStorage.cpp in Sources */,
				9DEA545819B4A5F00093D5D9 /* CCGate.cpp in Sources */,
				9DEA546219B4A5F00093D5D9 /* CCRecordGate.cpp in Sources */,
				9DEA543219B4A5F00093D5D9 /* CCLevelUp.cpp in Sources */,
				9DEA549119B4A6350093D5D9 /* WorldStorage.m in Sources */,
				9DEA546419B4A5F00093D5D9 /* CCScheduleGate.cpp in Sources */,
				9DEA543D19B4A5F00093D5D9 /* CCWorld.cpp in Sources */,
				9DEA544919B4A5F00093D5D9 /* CCWorldCompletionMission.cpp in Sources */,
				9DEA548F19B4A6350093D5D9 /* ScoreStorage.m in Sources */,
				9DEA545219B4A5F00093D5D9 /* CCScoreStorage.cpp in Sources */,
				9DEA548D19B4A6350093D5D9 /* MissionStorage.m in Sources */,
				9DEA546619B4A5F00093D5D9 /* CCWorldCompletionGate.cpp in Sources */,
				9DEA546A19B4A5F00093D5D9 /* CCScore.cpp in Sources */,
				9DEA544C19B4A5F00093D5D9 /* CCGateStorage.cpp in Sources */,
				9DEA543419B4A5F00093D5D9 /* CCLevelUpConsts.cpp in Sources */,
				9DEA544119B4A5F00093D5D9 /* CCChallenge.cpp in Sources */,
				9DEA543B19B4A5F00093D5D9 /* CCSimpleLevelUpEventHandler.cpp in Sources */,
				9DEA545419B4A5F00093D5D9 /* CCWorldStorage.cpp in Sources */,
				9DEA544719B4A5F00093D5D9 /* CCRecordMission.cpp in Sources */,
				9DEA544319B4A5F00093D5D9 /* CCMission.cpp in Sources */,
				9DEA546819B4A5F00093D5D9 /* CCRangeScore.cpp in Sources */,
				9DEA545E19B4A5F00093D5D9 /* CCGatesListOr.cpp in Sources */,
				9DEA545C19B4A5F00093D5D9 /* CCGatesListAnd.cpp in Sources */,
				9DEA543619B4A5F00093D5D9 /* CCLevelUpEventDispatcher.cpp in Sources */,
				9DEA544E19B4A5F00093D5D9 /* CCLevelStorage.cpp in Sources */,
				9DEA545A19B4A5F00093D5D9 /* CCGatesList.cpp in Sources */,
				9DEA548919B4A6350093D5D9 /* LevelStorage.m in Sources */,
				9DEA548B19B4A6350093D5D9 /* LUJSONConsts.m in Sources */,
				9DEA543019B4A5F00093D5D9 /* CCLevel.cpp in Sources */,
				9DEA547319B4A6010093D5D9 /* LevelUpService.mm in Sources */,
				9DEA548719B4A6350093D5D9 /* GateStorage.m in Sources */,
				9DEA546C19B4A5F00093D5D9 /* CCVirtualItemScore.cpp in Sources */,
				372B7EA72AD78519E217FE1D /* CCBalanceMission.cpp in Sources */,
				372B7367CE943BCDCB7624D2 /* CCPurchasingMission.cpp in Sources */,
				372B7710524099C25AF37854 /* CCSocialLikeMission.cpp in Sources */,
				372B7224D275BB1333F39035 /* CCSocialStatusMission.cpp in Sources */,
				372B754965BCFD96AFD35F84 /* CCSocialStoryMission.cpp in Sources */,
				372B7847572612AF904DE437 /* CCSocialUploadMission.cpp in Sources */,
				372B758D02AC07D2B8099E25 /* CCBalanceGate.cpp in Sources */,
				372B7798C254C9553F3DFE2F /* CCPurchasableGate.cpp in Sources */,
				372B773321C4BA21CB6BE9B7 /* CCSocialActionGate.cpp in Sources */,
				372B76811CEE5655EC58B9D2 /* CCSocialLikeGate.cpp in Sources */,
				372B7BC9FD9BF81C5276D44B /* CCSocialStatusGate.cpp in Sources */,
				372B7890B055B97012CDA491 /* CCSocialStoryGate.cpp in Sources */,
				372B7D3695651BB929947B7B /* CCSocialUploadGate.cpp in Sources */,
			);
			runOnlyForDeploymentPostprocessing = 0;
		};
/* End PBXSourcesBuildPhase section */

/* Begin XCBuildConfiguration section */
		C0B3C5FB168C6D0C00161FAA /* Debug */ = {
			isa = XCBuildConfiguration;
			buildSettings = {
				ALWAYS_SEARCH_USER_PATHS = NO;
				CLANG_CXX_LANGUAGE_STANDARD = "gnu++98";
				CLANG_CXX_LIBRARY = "compiler-default";
				CLANG_ENABLE_OBJC_ARC = NO;
				CLANG_WARN_EMPTY_BODY = YES;
				CLANG_WARN__DUPLICATE_METHOD_MATCH = YES;
				COPY_PHASE_STRIP = NO;
				GCC_C_LANGUAGE_STANDARD = gnu99;
				GCC_DYNAMIC_NO_PIC = NO;
				GCC_OPTIMIZATION_LEVEL = 0;
				GCC_PREFIX_HEADER = "";
				GCC_PREPROCESSOR_DEFINITIONS = (
					"DEBUG=1",
					"$(inherited)",
				);
				GCC_SYMBOLS_PRIVATE_EXTERN = NO;
				GCC_WARN_ABOUT_RETURN_TYPE = YES;
				GCC_WARN_UNINITIALIZED_AUTOS = YES;
				GCC_WARN_UNUSED_VARIABLE = YES;
				IPHONEOS_DEPLOYMENT_TARGET = 5.0;
				ONLY_ACTIVE_ARCH = YES;
				SDKROOT = iphoneos;
			};
			name = Debug;
		};
		C0B3C5FC168C6D0C00161FAA /* Release */ = {
			isa = XCBuildConfiguration;
			buildSettings = {
				ALWAYS_SEARCH_USER_PATHS = NO;
				CLANG_CXX_LANGUAGE_STANDARD = "gnu++98";
				CLANG_CXX_LIBRARY = "compiler-default";
				CLANG_ENABLE_OBJC_ARC = NO;
				CLANG_WARN_EMPTY_BODY = YES;
				CLANG_WARN__DUPLICATE_METHOD_MATCH = YES;
				COPY_PHASE_STRIP = YES;
				GCC_C_LANGUAGE_STANDARD = gnu99;
				GCC_PREFIX_HEADER = "";
				GCC_WARN_ABOUT_RETURN_TYPE = YES;
				GCC_WARN_UNINITIALIZED_AUTOS = YES;
				GCC_WARN_UNUSED_VARIABLE = YES;
				IPHONEOS_DEPLOYMENT_TARGET = 5.0;
				SDKROOT = iphoneos;
				VALIDATE_PRODUCT = YES;
			};
			name = Release;
		};
		C0B3C5FE168C6D0C00161FAA /* Debug */ = {
			isa = XCBuildConfiguration;
			buildSettings = {
				DSTROOT = /tmp/SoomlaIOSStore.dst;
				GCC_PRECOMPILE_PREFIX_HEADER = YES;
				GCC_PREFIX_HEADER = Prefix.pch;
				GCC_PREPROCESSOR_DEFINITIONS = (
					"$(inherited)",
					"COCOS2D_DEBUG=1",
					CC_TARGET_OS_IPHONE,
				);
				HEADER_SEARCH_PATHS = (
					"$(inherited)",
					/Applications/Xcode.app/Contents/Developer/Toolchains/XcodeDefault.xctoolchain/usr/include,
					"\"$(SRCROOT)/../../../cocos2dx\"",
					"\"$(SRCROOT)/../../../cocos2dx/include\"",
					"\"$(SRCROOT)/../../../cocos2dx/kazmath/include\"",
					"\"$(SRCROOT)/../../../cocos2dx/platform/third_party/ios\"",
					"\"$(SRCROOT)/../../../cocos2dx/platform/ios\"",
					"\"$(SRCROOT)/../../../cocos2dx/platform/ios/Simulation\"",
					"$(SRCROOT)/../../../external/jansson",
					"$(SRCROOT)/../../soomla-cocos2dx-core/Soomla/**",
					"$(SRCROOT)/../../soomla-cocos2dx-core/development/soomla-native/projects/cocos2dx-ios-core/CoreCocos2dx/**",
					"$(SRCROOT)/../../soomla-cocos2dx-core/development/submodules/soomla-ios-core/SoomlaiOSCore/**",
					"$(SRCROOT)/../../cocos2dx-store/Soomla/**",
					"$(SRCROOT)/../../cocos2dx-store/development/soomla-native/projects/cocos2dx-ios-store/StoreCocos2dx/**",
					"$(SRCROOT)/../../cocos2dx-store/development/submodules/ios-store/SoomlaiOSStore/**",
					"$(SRCROOT)/../../cocos2dx-profile/Soomla/**",
					"$(SRCROOT)/../../cocos2dx-profile/development/soomla-native/projects/cocos2dx-ios-profile/ProfileCocos2dx/**",
					"$(SRCROOT)/../../cocos2dx-profile/development/submodules/ios-profile/SoomlaiOSProfile/**",
				);
				LIBRARY_SEARCH_PATHS = "";
				LINK_WITH_STANDARD_LIBRARIES = NO;
				ONLY_ACTIVE_ARCH = YES;
				OTHER_LDFLAGS = "-ObjC";
				PRIVATE_HEADERS_FOLDER_PATH = headers/private;
				PRODUCT_NAME = Cocos2dxLevelUpFromSources;
				PUBLIC_HEADERS_FOLDER_PATH = headers/public;
				SKIP_INSTALL = YES;
				SYMROOT = out;
				WRAPPER_EXTENSION = framework;
			};
			name = Debug;
		};
		C0B3C5FF168C6D0C00161FAA /* Release */ = {
			isa = XCBuildConfiguration;
			buildSettings = {
				DSTROOT = /tmp/SoomlaIOSStore.dst;
				GCC_GENERATE_DEBUGGING_SYMBOLS = NO;
				GCC_PRECOMPILE_PREFIX_HEADER = YES;
				GCC_PREFIX_HEADER = Prefix.pch;
				GCC_PREPROCESSOR_DEFINITIONS = CC_TARGET_OS_IPHONE;
				HEADER_SEARCH_PATHS = (
					"$(inherited)",
					/Applications/Xcode.app/Contents/Developer/Toolchains/XcodeDefault.xctoolchain/usr/include,
					"\"$(SRCROOT)/../../../cocos2dx\"",
					"\"$(SRCROOT)/../../../cocos2dx/include\"",
					"\"$(SRCROOT)/../../../cocos2dx/kazmath/include\"",
					"\"$(SRCROOT)/../../../cocos2dx/platform/third_party/ios\"",
					"\"$(SRCROOT)/../../../cocos2dx/platform/ios\"",
					"\"$(SRCROOT)/../../../cocos2dx/platform/ios/Simulation\"",
					"$(SRCROOT)/../../../external/jansson",
					"$(SRCROOT)/../../soomla-cocos2dx-core/Soomla/**",
					"$(SRCROOT)/../../soomla-cocos2dx-core/development/soomla-native/projects/cocos2dx-ios-core/CoreCocos2dx/**",
					"$(SRCROOT)/../../soomla-cocos2dx-core/development/submodules/soomla-ios-core/SoomlaiOSCore/**",
					"$(SRCROOT)/../../cocos2dx-store/Soomla/**",
					"$(SRCROOT)/../../cocos2dx-store/development/soomla-native/projects/cocos2dx-ios-store/StoreCocos2dx/**",
					"$(SRCROOT)/../../cocos2dx-store/development/submodules/ios-store/SoomlaiOSStore/**",
					"$(SRCROOT)/../../cocos2dx-profile/Soomla/**",
					"$(SRCROOT)/../../cocos2dx-profile/development/soomla-native/projects/cocos2dx-ios-profile/ProfileCocos2dx/**",
					"$(SRCROOT)/../../cocos2dx-profile/development/submodules/ios-profile/SoomlaiOSProfile/**",
				);
				LIBRARY_SEARCH_PATHS = "";
				LINK_WITH_STANDARD_LIBRARIES = NO;
				ONLY_ACTIVE_ARCH = NO;
				OTHER_LDFLAGS = "-ObjC";
				PRIVATE_HEADERS_FOLDER_PATH = headers/private;
				PRODUCT_NAME = Cocos2dxLevelUpFromSources;
				PUBLIC_HEADERS_FOLDER_PATH = headers/public;
				SKIP_INSTALL = YES;
				SYMROOT = out;
				WRAPPER_EXTENSION = framework;
			};
			name = Release;
		};
/* End XCBuildConfiguration section */

/* Begin XCConfigurationList section */
		C0B3C5E9168C6D0C00161FAA /* Build configuration list for PBXProject "Cocos2dxLevelUpFromSources" */ = {
			isa = XCConfigurationList;
			buildConfigurations = (
				C0B3C5FB168C6D0C00161FAA /* Debug */,
				C0B3C5FC168C6D0C00161FAA /* Release */,
			);
			defaultConfigurationIsVisible = 0;
			defaultConfigurationName = Release;
		};
		C0B3C5FD168C6D0C00161FAA /* Build configuration list for PBXNativeTarget "Cocos2dxLevelUpFromSources" */ = {
			isa = XCConfigurationList;
			buildConfigurations = (
				C0B3C5FE168C6D0C00161FAA /* Debug */,
				C0B3C5FF168C6D0C00161FAA /* Release */,
			);
			defaultConfigurationIsVisible = 0;
			defaultConfigurationName = Release;
		};
/* End XCConfigurationList section */
	};
	rootObject = C0B3C5E6168C6D0C00161FAA /* Project object */;
}
